
Microsoft Visual Studio Solution File, Format Version 12.00
# Visual Studio Version 16
VisualStudioVersion = 16.0.30114.105
MinimumVisualStudioVersion = 15.0.26124.0
Project("{9A19103F-16F7-4668-BE54-9A1E7A4F7556}") = "Teronis.GitVersion.CommandLine.Library", "src\GitVersion\CommandLine\Library\src\Teronis.GitVersion.CommandLine.Library.csproj", "{53BD5696-FB21-4F93-B621-517772DF4D0B}"
EndProject
Project("{9A19103F-16F7-4668-BE54-9A1E7A4F7556}") = "Teronis.NetStandard.Json", "src\NetStandard\Json\Json\src\Teronis.NetStandard.Json.csproj", "{E2B942F5-F171-4D48-9A58-37E4952647AE}"
EndProject
Project("{9A19103F-16F7-4668-BE54-9A1E7A4F7556}") = "Teronis.NetStandard.Drawing", "src\NetStandard\Drawing\Drawing\src\Teronis.NetStandard.Drawing.csproj", "{18752436-125A-4307-8F5D-959E991866AC}"
EndProject
Project("{9A19103F-16F7-4668-BE54-9A1E7A4F7556}") = "Teronis.NetStandard.Core", "src\NetStandard\Core\Core\src\Teronis.NetStandard.Core.csproj", "{84EDDB96-DD93-4B39-B92F-ED6FA6B2E77D}"
EndProject
Project("{9A19103F-16F7-4668-BE54-9A1E7A4F7556}") = "Teronis.MSBuild.Packaging.ProjectBuildInPackage", "src\MSBuild\Packaging\ProjectBuildInPackage\src\Teronis.MSBuild.Packaging.ProjectBuildInPackage.csproj", "{5024D24A-526C-4D96-852D-C725169726A0}"
EndProject
Project("{9A19103F-16F7-4668-BE54-9A1E7A4F7556}") = "Teronis.MSBuild.Packaging.GitVersionCache", "src\MSBuild\Packaging\GitVersionCache\0\src\Teronis.MSBuild.Packaging.GitVersionCache.csproj", "{FCE7412B-50BB-426E-BFCC-70A33791A8EC}"
EndProject
Project("{9A19103F-16F7-4668-BE54-9A1E7A4F7556}") = "Teronis.MSBuild.Core", "src\MSBuild\Core\Core\src\Teronis.MSBuild.Core.csproj", "{D4D94EE1-3B7E-463D-BC1B-CFC6557D936F}"
EndProject
Project("{9A19103F-16F7-4668-BE54-9A1E7A4F7556}") = "Teronis.NetStandard.ObjectModel.TreeColumn", "src\NetStandard\ObjectModel\TreeColumn\src\Teronis.NetStandard.ObjectModel.TreeColumn.csproj", "{BD1B9AA3-E929-4520-AE25-E5014C8E5D06}"
EndProject
Project("{9A19103F-16F7-4668-BE54-9A1E7A4F7556}") = "Teronis.NetStandard.Collections.Synchronization", "src\NetStandard\Collections\Synchronization\src\Teronis.NetStandard.Collections.Synchronization.csproj", "{E5704D8B-1C44-4C2E-BB5C-EB042D0763B9}"
EndProject
Project("{9A19103F-16F7-4668-BE54-9A1E7A4F7556}") = "Teronis.NetStandard.Collections", "src\NetStandard\Collections\Collections\src\Teronis.NetStandard.Collections.csproj", "{8BED5E8B-B9C1-4B06-AC29-92E93953C320}"
EndProject
Project("{9A19103F-16F7-4668-BE54-9A1E7A4F7556}") = "Teronis.NetStandard.Collections.Algorithms", "src\NetStandard\Collections\Algorithms\src\Teronis.NetStandard.Collections.Algorithms.csproj", "{8A5DF294-C612-48AB-936B-618B1A6419ED}"
EndProject
Project("{9A19103F-16F7-4668-BE54-9A1E7A4F7556}") = "Teronis.NetStandard.Linq.Expressions", "src\NetStandard\Linq\Expressions\Expressions\src\Teronis.NetStandard.Linq.Expressions.csproj", "{975FE130-F657-40A4-AC4F-713E512A75AC}"
EndProject
Project("{9A19103F-16F7-4668-BE54-9A1E7A4F7556}") = "Teronis.NetStandard.EntityFrameworkCore.Query", "src\NetStandard\EntityFrameworkCore\Query\src\Teronis.NetStandard.EntityFrameworkCore.Query.csproj", "{D459D788-4D79-40B3-9A26-CBE85C5A87D5}"
EndProject
Project("{9A19103F-16F7-4668-BE54-9A1E7A4F7556}") = "Teronis.ModuleInitializer.AssemblyLoader.MSBuild", "src\ModuleInitializer\AssemblyLoader\0.MSBuild\src\Teronis.ModuleInitializer.AssemblyLoader.MSBuild.csproj", "{03D82C50-BD40-4BEB-A027-7C2795B5E109}"
EndProject
Project("{9A19103F-16F7-4668-BE54-9A1E7A4F7556}") = "Teronis.ModuleInitializer.AssemblyLoader", "src\ModuleInitializer\AssemblyLoader\0\src\Teronis.ModuleInitializer.AssemblyLoader.csproj", "{BC6A99A6-514D-49AC-8280-EC9477A48BBB}"
EndProject
Project("{9A19103F-16F7-4668-BE54-9A1E7A4F7556}") = "Teronis.MSBuild.Packaging.Pack", "src\MSBuild\Packaging\Pack\0\src\Teronis.MSBuild.Packaging.Pack.csproj", "{01736D9B-3BBB-49BC-958C-D3E0D845A7B7}"
EndProject
Project("{9A19103F-16F7-4668-BE54-9A1E7A4F7556}") = "Teronis.AspNetCore.Mvc", "src\AspNetCore\Mvc\Mvc\src\Teronis.AspNetCore.Mvc.csproj", "{CBE77243-149B-4554-B5C7-BB3A7DF6C156}"
EndProject
Project("{9A19103F-16F7-4668-BE54-9A1E7A4F7556}") = "Teronis.AspNetCore.Identity", "src\AspNetCore\Identity\Identity\src\Teronis.AspNetCore.Identity.csproj", "{2C568190-39A9-459A-8F4C-AFC865435F02}"
EndProject
Project("{9A19103F-16F7-4668-BE54-9A1E7A4F7556}") = "Teronis.AspNetCore.Identity.Abstractions", "src\AspNetCore\Identity\Identity.Abstractions\src\Teronis.AspNetCore.Identity.Abstractions.csproj", "{817C055F-58EE-4E9F-82FE-A831342071AA}"
EndProject
Project("{9A19103F-16F7-4668-BE54-9A1E7A4F7556}") = "Teronis.AspNetCore.Identity.Bearer", "src\AspNetCore\Identity\Bearer\src\Teronis.AspNetCore.Identity.Bearer.csproj", "{2579F066-D395-4288-B1F3-4DED0C0A98F4}"
EndProject
Project("{9A19103F-16F7-4668-BE54-9A1E7A4F7556}") = "Teronis.Microsoft.AspNetCore.Authorization", "src\AspNetCore\Authorization\Microsoft\src\Teronis.Microsoft.AspNetCore.Authorization.csproj", "{F3EB7ED1-D881-4D24-A246-3C08A67C08DE}"
EndProject
Project("{9A19103F-16F7-4668-BE54-9A1E7A4F7556}") = "Teronis.AspNetCore.Identity.Bearer.Abstractions", "src\AspNetCore\Identity\Bearer.Abstractions\src\Teronis.AspNetCore.Identity.Bearer.Abstractions.csproj", "{258279A1-6C92-486C-B819-57F953DCD27A}"
EndProject
Project("{9A19103F-16F7-4668-BE54-9A1E7A4F7556}") = "Teronis.Windows.Core", "src\Windows\Core\src\Teronis.Windows.Core.csproj", "{8ABE92A3-4A86-4D71-993E-AF0986B5E152}"
EndProject
Project("{9A19103F-16F7-4668-BE54-9A1E7A4F7556}") = "Teronis.Windows.Forms", "src\Windows\Forms\0\src\Teronis.Windows.Forms.csproj", "{0588C034-3D3A-4010-94F3-22B7ABFEE982}"
EndProject
Project("{9A19103F-16F7-4668-BE54-9A1E7A4F7556}") = "Teronis.Windows.PresentationFoundation", "src\Windows\PresentationFoundation\0\src\Teronis.Windows.PresentationFoundation.csproj", "{DB8040EA-71AE-4B4F-BBC1-A8B73FA139FE}"
EndProject
Project("{2150E333-8FDC-42A3-9474-1A3956D46DE8}") = "Solution Items", "Solution Items", "{46D55981-C725-48D2-BCC1-7B93D8BB6902}"
	ProjectSection(SolutionItems) = preProject
		.editorconfig = .editorconfig
	EndProjectSection
EndProject
Project("{9A19103F-16F7-4668-BE54-9A1E7A4F7556}") = "Teronis.ModuleInitializer.AssemblyLoader.Executable~ExecutablePackage", "src\ModuleInitializer\AssemblyLoader\0.Executable\ref\ExecutablePackage\Teronis.ModuleInitializer.AssemblyLoader.Executable~ExecutablePackage.csproj", "{0284866F-5228-4F82-8FA7-7218B0D9DDF2}"
EndProject
Project("{9A19103F-16F7-4668-BE54-9A1E7A4F7556}") = "Teronis.Microsoft.JSInterop.Locality.WebAssets", "src\Microsoft\JSInterop\Locality\0.WebAssets\src\Teronis.Microsoft.JSInterop.Locality.WebAssets.csproj", "{20347970-CEB6-45BD-997D-8F9A68B901A1}"
EndProject
Project("{9A19103F-16F7-4668-BE54-9A1E7A4F7556}") = "Teronis.Microsoft.JSInterop.Dynamic.Core", "src\Microsoft\JSInterop\Dynamic\0.Core\src\Teronis.Microsoft.JSInterop.Dynamic.Core.csproj", "{4FAECE41-F8D7-4B2D-A829-C01B8E3C7684}"
EndProject
Project("{9A19103F-16F7-4668-BE54-9A1E7A4F7556}") = "Teronis.Microsoft.JSInterop.Dynamic", "src\Microsoft\JSInterop\Dynamic\0\src\Teronis.Microsoft.JSInterop.Dynamic.csproj", "{72F2B749-F684-469E-9832-BECC63441664}"
EndProject
Project("{9A19103F-16F7-4668-BE54-9A1E7A4F7556}") = "Teronis.Microsoft.JSInterop.Core", "src\Microsoft\JSInterop\0.Core\src\Teronis.Microsoft.JSInterop.Core.csproj", "{2F4FA2CB-EBE4-45C5-B8C6-A691CB101A85}"
EndProject
Project("{9A19103F-16F7-4668-BE54-9A1E7A4F7556}") = "Teronis.Microsoft.JSInterop.Abstractions", "src\Microsoft\JSInterop\0.Abstractions\src\Teronis.Microsoft.JSInterop.Abstractions.csproj", "{98D494B9-C815-49B6-BE80-B2762B5733E1}"
EndProject
Project("{9A19103F-16F7-4668-BE54-9A1E7A4F7556}") = "Teronis.Microsoft.JSInterop", "src\Microsoft\JSInterop\0\src\Teronis.Microsoft.JSInterop.csproj", "{07C70331-4540-4F97-9DAB-CB23E111D730}"
EndProject
Project("{9A19103F-16F7-4668-BE54-9A1E7A4F7556}") = "Teronis.AspNetCore.Components.NUnit", "src\AspNetCore\Components\NUnit\0\src\Teronis.AspNetCore.Components.NUnit.csproj", "{614BB98B-1A52-40EA-9D1E-7F49B780B913}"
EndProject
Project("{9A19103F-16F7-4668-BE54-9A1E7A4F7556}") = "Teronis.NUnit.Core", "src\NUnit\Core\src\Teronis.NUnit.Core.csproj", "{1D03237F-E536-46B1-B933-BF17DD5962E3}"
EndProject
Global
	GlobalSection(SolutionConfigurationPlatforms) = preSolution
		Debug|Any CPU = Debug|Any CPU
		Debug|x64 = Debug|x64
		Debug|x86 = Debug|x86
		Release|Any CPU = Release|Any CPU
		Release|x64 = Release|x64
		Release|x86 = Release|x86
	EndGlobalSection
	GlobalSection(ProjectConfigurationPlatforms) = postSolution
		{53BD5696-FB21-4F93-B621-517772DF4D0B}.Debug|Any CPU.ActiveCfg = Debug|Any CPU
		{53BD5696-FB21-4F93-B621-517772DF4D0B}.Debug|Any CPU.Build.0 = Debug|Any CPU
		{53BD5696-FB21-4F93-B621-517772DF4D0B}.Debug|x64.ActiveCfg = Debug|x64
		{53BD5696-FB21-4F93-B621-517772DF4D0B}.Debug|x64.Build.0 = Debug|x64
		{53BD5696-FB21-4F93-B621-517772DF4D0B}.Debug|x86.ActiveCfg = Debug|x86
		{53BD5696-FB21-4F93-B621-517772DF4D0B}.Debug|x86.Build.0 = Debug|x86
		{53BD5696-FB21-4F93-B621-517772DF4D0B}.Release|Any CPU.ActiveCfg = Release|Any CPU
		{53BD5696-FB21-4F93-B621-517772DF4D0B}.Release|Any CPU.Build.0 = Release|Any CPU
		{53BD5696-FB21-4F93-B621-517772DF4D0B}.Release|x64.ActiveCfg = Release|x64
		{53BD5696-FB21-4F93-B621-517772DF4D0B}.Release|x64.Build.0 = Release|x64
		{53BD5696-FB21-4F93-B621-517772DF4D0B}.Release|x86.ActiveCfg = Release|x86
		{53BD5696-FB21-4F93-B621-517772DF4D0B}.Release|x86.Build.0 = Release|x86
		{E2B942F5-F171-4D48-9A58-37E4952647AE}.Debug|Any CPU.ActiveCfg = Debug|Any CPU
		{E2B942F5-F171-4D48-9A58-37E4952647AE}.Debug|Any CPU.Build.0 = Debug|Any CPU
		{E2B942F5-F171-4D48-9A58-37E4952647AE}.Debug|x64.ActiveCfg = Debug|x64
		{E2B942F5-F171-4D48-9A58-37E4952647AE}.Debug|x64.Build.0 = Debug|x64
		{E2B942F5-F171-4D48-9A58-37E4952647AE}.Debug|x86.ActiveCfg = Debug|x86
		{E2B942F5-F171-4D48-9A58-37E4952647AE}.Debug|x86.Build.0 = Debug|x86
		{E2B942F5-F171-4D48-9A58-37E4952647AE}.Release|Any CPU.ActiveCfg = Release|Any CPU
		{E2B942F5-F171-4D48-9A58-37E4952647AE}.Release|Any CPU.Build.0 = Release|Any CPU
		{E2B942F5-F171-4D48-9A58-37E4952647AE}.Release|x64.ActiveCfg = Release|x64
		{E2B942F5-F171-4D48-9A58-37E4952647AE}.Release|x64.Build.0 = Release|x64
		{E2B942F5-F171-4D48-9A58-37E4952647AE}.Release|x86.ActiveCfg = Release|x86
		{E2B942F5-F171-4D48-9A58-37E4952647AE}.Release|x86.Build.0 = Release|x86
		{18752436-125A-4307-8F5D-959E991866AC}.Debug|Any CPU.ActiveCfg = Debug|Any CPU
		{18752436-125A-4307-8F5D-959E991866AC}.Debug|Any CPU.Build.0 = Debug|Any CPU
		{18752436-125A-4307-8F5D-959E991866AC}.Debug|x64.ActiveCfg = Debug|x64
		{18752436-125A-4307-8F5D-959E991866AC}.Debug|x64.Build.0 = Debug|x64
		{18752436-125A-4307-8F5D-959E991866AC}.Debug|x86.ActiveCfg = Debug|x86
		{18752436-125A-4307-8F5D-959E991866AC}.Debug|x86.Build.0 = Debug|x86
		{18752436-125A-4307-8F5D-959E991866AC}.Release|Any CPU.ActiveCfg = Release|Any CPU
		{18752436-125A-4307-8F5D-959E991866AC}.Release|Any CPU.Build.0 = Release|Any CPU
		{18752436-125A-4307-8F5D-959E991866AC}.Release|x64.ActiveCfg = Release|x64
		{18752436-125A-4307-8F5D-959E991866AC}.Release|x64.Build.0 = Release|x64
		{18752436-125A-4307-8F5D-959E991866AC}.Release|x86.ActiveCfg = Release|x86
		{18752436-125A-4307-8F5D-959E991866AC}.Release|x86.Build.0 = Release|x86
		{84EDDB96-DD93-4B39-B92F-ED6FA6B2E77D}.Debug|Any CPU.ActiveCfg = Debug|Any CPU
		{84EDDB96-DD93-4B39-B92F-ED6FA6B2E77D}.Debug|Any CPU.Build.0 = Debug|Any CPU
		{84EDDB96-DD93-4B39-B92F-ED6FA6B2E77D}.Debug|x64.ActiveCfg = Debug|x64
		{84EDDB96-DD93-4B39-B92F-ED6FA6B2E77D}.Debug|x64.Build.0 = Debug|x64
		{84EDDB96-DD93-4B39-B92F-ED6FA6B2E77D}.Debug|x86.ActiveCfg = Debug|x86
		{84EDDB96-DD93-4B39-B92F-ED6FA6B2E77D}.Debug|x86.Build.0 = Debug|x86
		{84EDDB96-DD93-4B39-B92F-ED6FA6B2E77D}.Release|Any CPU.ActiveCfg = Release|Any CPU
		{84EDDB96-DD93-4B39-B92F-ED6FA6B2E77D}.Release|Any CPU.Build.0 = Release|Any CPU
		{84EDDB96-DD93-4B39-B92F-ED6FA6B2E77D}.Release|x64.ActiveCfg = Release|x64
		{84EDDB96-DD93-4B39-B92F-ED6FA6B2E77D}.Release|x64.Build.0 = Release|x64
		{84EDDB96-DD93-4B39-B92F-ED6FA6B2E77D}.Release|x86.ActiveCfg = Release|x86
		{84EDDB96-DD93-4B39-B92F-ED6FA6B2E77D}.Release|x86.Build.0 = Release|x86
		{5024D24A-526C-4D96-852D-C725169726A0}.Debug|Any CPU.ActiveCfg = Debug|Any CPU
		{5024D24A-526C-4D96-852D-C725169726A0}.Debug|Any CPU.Build.0 = Debug|Any CPU
		{5024D24A-526C-4D96-852D-C725169726A0}.Debug|x64.ActiveCfg = Debug|x64
		{5024D24A-526C-4D96-852D-C725169726A0}.Debug|x64.Build.0 = Debug|x64
		{5024D24A-526C-4D96-852D-C725169726A0}.Debug|x86.ActiveCfg = Debug|x86
		{5024D24A-526C-4D96-852D-C725169726A0}.Debug|x86.Build.0 = Debug|x86
		{5024D24A-526C-4D96-852D-C725169726A0}.Release|Any CPU.ActiveCfg = Release|Any CPU
		{5024D24A-526C-4D96-852D-C725169726A0}.Release|Any CPU.Build.0 = Release|Any CPU
		{5024D24A-526C-4D96-852D-C725169726A0}.Release|x64.ActiveCfg = Release|x64
		{5024D24A-526C-4D96-852D-C725169726A0}.Release|x64.Build.0 = Release|x64
		{5024D24A-526C-4D96-852D-C725169726A0}.Release|x86.ActiveCfg = Release|x86
		{5024D24A-526C-4D96-852D-C725169726A0}.Release|x86.Build.0 = Release|x86
		{FCE7412B-50BB-426E-BFCC-70A33791A8EC}.Debug|Any CPU.ActiveCfg = Debug|Any CPU
		{FCE7412B-50BB-426E-BFCC-70A33791A8EC}.Debug|Any CPU.Build.0 = Debug|Any CPU
		{FCE7412B-50BB-426E-BFCC-70A33791A8EC}.Debug|x64.ActiveCfg = Debug|x64
		{FCE7412B-50BB-426E-BFCC-70A33791A8EC}.Debug|x64.Build.0 = Debug|x64
		{FCE7412B-50BB-426E-BFCC-70A33791A8EC}.Debug|x86.ActiveCfg = Debug|x86
		{FCE7412B-50BB-426E-BFCC-70A33791A8EC}.Debug|x86.Build.0 = Debug|x86
		{FCE7412B-50BB-426E-BFCC-70A33791A8EC}.Release|Any CPU.ActiveCfg = Release|Any CPU
		{FCE7412B-50BB-426E-BFCC-70A33791A8EC}.Release|Any CPU.Build.0 = Release|Any CPU
		{FCE7412B-50BB-426E-BFCC-70A33791A8EC}.Release|x64.ActiveCfg = Release|x64
		{FCE7412B-50BB-426E-BFCC-70A33791A8EC}.Release|x64.Build.0 = Release|x64
		{FCE7412B-50BB-426E-BFCC-70A33791A8EC}.Release|x86.ActiveCfg = Release|x86
		{FCE7412B-50BB-426E-BFCC-70A33791A8EC}.Release|x86.Build.0 = Release|x86
		{D4D94EE1-3B7E-463D-BC1B-CFC6557D936F}.Debug|Any CPU.ActiveCfg = Debug|Any CPU
		{D4D94EE1-3B7E-463D-BC1B-CFC6557D936F}.Debug|Any CPU.Build.0 = Debug|Any CPU
		{D4D94EE1-3B7E-463D-BC1B-CFC6557D936F}.Debug|x64.ActiveCfg = Debug|x64
		{D4D94EE1-3B7E-463D-BC1B-CFC6557D936F}.Debug|x64.Build.0 = Debug|x64
		{D4D94EE1-3B7E-463D-BC1B-CFC6557D936F}.Debug|x86.ActiveCfg = Debug|x86
		{D4D94EE1-3B7E-463D-BC1B-CFC6557D936F}.Debug|x86.Build.0 = Debug|x86
		{D4D94EE1-3B7E-463D-BC1B-CFC6557D936F}.Release|Any CPU.ActiveCfg = Release|Any CPU
		{D4D94EE1-3B7E-463D-BC1B-CFC6557D936F}.Release|Any CPU.Build.0 = Release|Any CPU
		{D4D94EE1-3B7E-463D-BC1B-CFC6557D936F}.Release|x64.ActiveCfg = Release|x64
		{D4D94EE1-3B7E-463D-BC1B-CFC6557D936F}.Release|x64.Build.0 = Release|x64
		{D4D94EE1-3B7E-463D-BC1B-CFC6557D936F}.Release|x86.ActiveCfg = Release|x86
		{D4D94EE1-3B7E-463D-BC1B-CFC6557D936F}.Release|x86.Build.0 = Release|x86
		{BD1B9AA3-E929-4520-AE25-E5014C8E5D06}.Debug|Any CPU.ActiveCfg = Debug|Any CPU
		{BD1B9AA3-E929-4520-AE25-E5014C8E5D06}.Debug|Any CPU.Build.0 = Debug|Any CPU
		{BD1B9AA3-E929-4520-AE25-E5014C8E5D06}.Debug|x64.ActiveCfg = Debug|x64
		{BD1B9AA3-E929-4520-AE25-E5014C8E5D06}.Debug|x64.Build.0 = Debug|x64
		{BD1B9AA3-E929-4520-AE25-E5014C8E5D06}.Debug|x86.ActiveCfg = Debug|x86
		{BD1B9AA3-E929-4520-AE25-E5014C8E5D06}.Debug|x86.Build.0 = Debug|x86
		{BD1B9AA3-E929-4520-AE25-E5014C8E5D06}.Release|Any CPU.ActiveCfg = Release|Any CPU
		{BD1B9AA3-E929-4520-AE25-E5014C8E5D06}.Release|Any CPU.Build.0 = Release|Any CPU
		{BD1B9AA3-E929-4520-AE25-E5014C8E5D06}.Release|x64.ActiveCfg = Release|x64
		{BD1B9AA3-E929-4520-AE25-E5014C8E5D06}.Release|x64.Build.0 = Release|x64
		{BD1B9AA3-E929-4520-AE25-E5014C8E5D06}.Release|x86.ActiveCfg = Release|x86
		{BD1B9AA3-E929-4520-AE25-E5014C8E5D06}.Release|x86.Build.0 = Release|x86
		{E5704D8B-1C44-4C2E-BB5C-EB042D0763B9}.Debug|Any CPU.ActiveCfg = Debug|Any CPU
		{E5704D8B-1C44-4C2E-BB5C-EB042D0763B9}.Debug|Any CPU.Build.0 = Debug|Any CPU
		{E5704D8B-1C44-4C2E-BB5C-EB042D0763B9}.Debug|x64.ActiveCfg = Debug|x64
		{E5704D8B-1C44-4C2E-BB5C-EB042D0763B9}.Debug|x64.Build.0 = Debug|x64
		{E5704D8B-1C44-4C2E-BB5C-EB042D0763B9}.Debug|x86.ActiveCfg = Debug|x86
		{E5704D8B-1C44-4C2E-BB5C-EB042D0763B9}.Debug|x86.Build.0 = Debug|x86
		{E5704D8B-1C44-4C2E-BB5C-EB042D0763B9}.Release|Any CPU.ActiveCfg = Release|Any CPU
		{E5704D8B-1C44-4C2E-BB5C-EB042D0763B9}.Release|Any CPU.Build.0 = Release|Any CPU
		{E5704D8B-1C44-4C2E-BB5C-EB042D0763B9}.Release|x64.ActiveCfg = Release|x64
		{E5704D8B-1C44-4C2E-BB5C-EB042D0763B9}.Release|x64.Build.0 = Release|x64
		{E5704D8B-1C44-4C2E-BB5C-EB042D0763B9}.Release|x86.ActiveCfg = Release|x86
		{E5704D8B-1C44-4C2E-BB5C-EB042D0763B9}.Release|x86.Build.0 = Release|x86
		{8BED5E8B-B9C1-4B06-AC29-92E93953C320}.Debug|Any CPU.ActiveCfg = Debug|Any CPU
		{8BED5E8B-B9C1-4B06-AC29-92E93953C320}.Debug|Any CPU.Build.0 = Debug|Any CPU
		{8BED5E8B-B9C1-4B06-AC29-92E93953C320}.Debug|x64.ActiveCfg = Debug|x64
		{8BED5E8B-B9C1-4B06-AC29-92E93953C320}.Debug|x64.Build.0 = Debug|x64
		{8BED5E8B-B9C1-4B06-AC29-92E93953C320}.Debug|x86.ActiveCfg = Debug|x86
		{8BED5E8B-B9C1-4B06-AC29-92E93953C320}.Debug|x86.Build.0 = Debug|x86
		{8BED5E8B-B9C1-4B06-AC29-92E93953C320}.Release|Any CPU.ActiveCfg = Release|Any CPU
		{8BED5E8B-B9C1-4B06-AC29-92E93953C320}.Release|Any CPU.Build.0 = Release|Any CPU
		{8BED5E8B-B9C1-4B06-AC29-92E93953C320}.Release|x64.ActiveCfg = Release|x64
		{8BED5E8B-B9C1-4B06-AC29-92E93953C320}.Release|x64.Build.0 = Release|x64
		{8BED5E8B-B9C1-4B06-AC29-92E93953C320}.Release|x86.ActiveCfg = Release|x86
		{8BED5E8B-B9C1-4B06-AC29-92E93953C320}.Release|x86.Build.0 = Release|x86
		{8A5DF294-C612-48AB-936B-618B1A6419ED}.Debug|Any CPU.ActiveCfg = Debug|Any CPU
		{8A5DF294-C612-48AB-936B-618B1A6419ED}.Debug|Any CPU.Build.0 = Debug|Any CPU
		{8A5DF294-C612-48AB-936B-618B1A6419ED}.Debug|x64.ActiveCfg = Debug|x64
		{8A5DF294-C612-48AB-936B-618B1A6419ED}.Debug|x64.Build.0 = Debug|x64
		{8A5DF294-C612-48AB-936B-618B1A6419ED}.Debug|x86.ActiveCfg = Debug|x86
		{8A5DF294-C612-48AB-936B-618B1A6419ED}.Debug|x86.Build.0 = Debug|x86
		{8A5DF294-C612-48AB-936B-618B1A6419ED}.Release|Any CPU.ActiveCfg = Release|Any CPU
		{8A5DF294-C612-48AB-936B-618B1A6419ED}.Release|Any CPU.Build.0 = Release|Any CPU
		{8A5DF294-C612-48AB-936B-618B1A6419ED}.Release|x64.ActiveCfg = Release|x64
		{8A5DF294-C612-48AB-936B-618B1A6419ED}.Release|x64.Build.0 = Release|x64
		{8A5DF294-C612-48AB-936B-618B1A6419ED}.Release|x86.ActiveCfg = Release|x86
		{8A5DF294-C612-48AB-936B-618B1A6419ED}.Release|x86.Build.0 = Release|x86
		{975FE130-F657-40A4-AC4F-713E512A75AC}.Debug|Any CPU.ActiveCfg = Debug|Any CPU
		{975FE130-F657-40A4-AC4F-713E512A75AC}.Debug|Any CPU.Build.0 = Debug|Any CPU
		{975FE130-F657-40A4-AC4F-713E512A75AC}.Debug|x64.ActiveCfg = Debug|x64
		{975FE130-F657-40A4-AC4F-713E512A75AC}.Debug|x64.Build.0 = Debug|x64
		{975FE130-F657-40A4-AC4F-713E512A75AC}.Debug|x86.ActiveCfg = Debug|x86
		{975FE130-F657-40A4-AC4F-713E512A75AC}.Debug|x86.Build.0 = Debug|x86
		{975FE130-F657-40A4-AC4F-713E512A75AC}.Release|Any CPU.ActiveCfg = Release|Any CPU
		{975FE130-F657-40A4-AC4F-713E512A75AC}.Release|Any CPU.Build.0 = Release|Any CPU
		{975FE130-F657-40A4-AC4F-713E512A75AC}.Release|x64.ActiveCfg = Release|x64
		{975FE130-F657-40A4-AC4F-713E512A75AC}.Release|x64.Build.0 = Release|x64
		{975FE130-F657-40A4-AC4F-713E512A75AC}.Release|x86.ActiveCfg = Release|x86
		{975FE130-F657-40A4-AC4F-713E512A75AC}.Release|x86.Build.0 = Release|x86
		{D459D788-4D79-40B3-9A26-CBE85C5A87D5}.Debug|Any CPU.ActiveCfg = Debug|Any CPU
		{D459D788-4D79-40B3-9A26-CBE85C5A87D5}.Debug|Any CPU.Build.0 = Debug|Any CPU
		{D459D788-4D79-40B3-9A26-CBE85C5A87D5}.Debug|x64.ActiveCfg = Debug|x64
		{D459D788-4D79-40B3-9A26-CBE85C5A87D5}.Debug|x64.Build.0 = Debug|x64
		{D459D788-4D79-40B3-9A26-CBE85C5A87D5}.Debug|x86.ActiveCfg = Debug|x86
		{D459D788-4D79-40B3-9A26-CBE85C5A87D5}.Debug|x86.Build.0 = Debug|x86
		{D459D788-4D79-40B3-9A26-CBE85C5A87D5}.Release|Any CPU.ActiveCfg = Release|Any CPU
		{D459D788-4D79-40B3-9A26-CBE85C5A87D5}.Release|Any CPU.Build.0 = Release|Any CPU
		{D459D788-4D79-40B3-9A26-CBE85C5A87D5}.Release|x64.ActiveCfg = Release|x64
		{D459D788-4D79-40B3-9A26-CBE85C5A87D5}.Release|x64.Build.0 = Release|x64
		{D459D788-4D79-40B3-9A26-CBE85C5A87D5}.Release|x86.ActiveCfg = Release|x86
		{D459D788-4D79-40B3-9A26-CBE85C5A87D5}.Release|x86.Build.0 = Release|x86
		{03D82C50-BD40-4BEB-A027-7C2795B5E109}.Debug|Any CPU.ActiveCfg = Debug|Any CPU
		{03D82C50-BD40-4BEB-A027-7C2795B5E109}.Debug|Any CPU.Build.0 = Debug|Any CPU
		{03D82C50-BD40-4BEB-A027-7C2795B5E109}.Debug|x64.ActiveCfg = Debug|x64
		{03D82C50-BD40-4BEB-A027-7C2795B5E109}.Debug|x64.Build.0 = Debug|x64
		{03D82C50-BD40-4BEB-A027-7C2795B5E109}.Debug|x86.ActiveCfg = Debug|x86
		{03D82C50-BD40-4BEB-A027-7C2795B5E109}.Debug|x86.Build.0 = Debug|x86
		{03D82C50-BD40-4BEB-A027-7C2795B5E109}.Release|Any CPU.ActiveCfg = Release|Any CPU
		{03D82C50-BD40-4BEB-A027-7C2795B5E109}.Release|Any CPU.Build.0 = Release|Any CPU
		{03D82C50-BD40-4BEB-A027-7C2795B5E109}.Release|x64.ActiveCfg = Release|x64
		{03D82C50-BD40-4BEB-A027-7C2795B5E109}.Release|x64.Build.0 = Release|x64
		{03D82C50-BD40-4BEB-A027-7C2795B5E109}.Release|x86.ActiveCfg = Release|x86
		{03D82C50-BD40-4BEB-A027-7C2795B5E109}.Release|x86.Build.0 = Release|x86
		{BC6A99A6-514D-49AC-8280-EC9477A48BBB}.Debug|Any CPU.ActiveCfg = Debug|Any CPU
		{BC6A99A6-514D-49AC-8280-EC9477A48BBB}.Debug|Any CPU.Build.0 = Debug|Any CPU
		{BC6A99A6-514D-49AC-8280-EC9477A48BBB}.Debug|x64.ActiveCfg = Debug|x64
		{BC6A99A6-514D-49AC-8280-EC9477A48BBB}.Debug|x64.Build.0 = Debug|x64
		{BC6A99A6-514D-49AC-8280-EC9477A48BBB}.Debug|x86.ActiveCfg = Debug|x86
		{BC6A99A6-514D-49AC-8280-EC9477A48BBB}.Debug|x86.Build.0 = Debug|x86
		{BC6A99A6-514D-49AC-8280-EC9477A48BBB}.Release|Any CPU.ActiveCfg = Release|Any CPU
		{BC6A99A6-514D-49AC-8280-EC9477A48BBB}.Release|Any CPU.Build.0 = Release|Any CPU
		{BC6A99A6-514D-49AC-8280-EC9477A48BBB}.Release|x64.ActiveCfg = Release|x64
		{BC6A99A6-514D-49AC-8280-EC9477A48BBB}.Release|x64.Build.0 = Release|x64
		{BC6A99A6-514D-49AC-8280-EC9477A48BBB}.Release|x86.ActiveCfg = Release|x86
		{BC6A99A6-514D-49AC-8280-EC9477A48BBB}.Release|x86.Build.0 = Release|x86
		{01736D9B-3BBB-49BC-958C-D3E0D845A7B7}.Debug|Any CPU.ActiveCfg = Debug|Any CPU
		{01736D9B-3BBB-49BC-958C-D3E0D845A7B7}.Debug|Any CPU.Build.0 = Debug|Any CPU
		{01736D9B-3BBB-49BC-958C-D3E0D845A7B7}.Debug|x64.ActiveCfg = Debug|x64
		{01736D9B-3BBB-49BC-958C-D3E0D845A7B7}.Debug|x64.Build.0 = Debug|x64
		{01736D9B-3BBB-49BC-958C-D3E0D845A7B7}.Debug|x86.ActiveCfg = Debug|x86
		{01736D9B-3BBB-49BC-958C-D3E0D845A7B7}.Debug|x86.Build.0 = Debug|x86
		{01736D9B-3BBB-49BC-958C-D3E0D845A7B7}.Release|Any CPU.ActiveCfg = Release|Any CPU
		{01736D9B-3BBB-49BC-958C-D3E0D845A7B7}.Release|Any CPU.Build.0 = Release|Any CPU
		{01736D9B-3BBB-49BC-958C-D3E0D845A7B7}.Release|x64.ActiveCfg = Release|x64
		{01736D9B-3BBB-49BC-958C-D3E0D845A7B7}.Release|x64.Build.0 = Release|x64
		{01736D9B-3BBB-49BC-958C-D3E0D845A7B7}.Release|x86.ActiveCfg = Release|x86
		{01736D9B-3BBB-49BC-958C-D3E0D845A7B7}.Release|x86.Build.0 = Release|x86
		{CBE77243-149B-4554-B5C7-BB3A7DF6C156}.Debug|Any CPU.ActiveCfg = Debug|Any CPU
		{CBE77243-149B-4554-B5C7-BB3A7DF6C156}.Debug|Any CPU.Build.0 = Debug|Any CPU
		{CBE77243-149B-4554-B5C7-BB3A7DF6C156}.Debug|x64.ActiveCfg = Debug|x64
		{CBE77243-149B-4554-B5C7-BB3A7DF6C156}.Debug|x64.Build.0 = Debug|x64
		{CBE77243-149B-4554-B5C7-BB3A7DF6C156}.Debug|x86.ActiveCfg = Debug|x86
		{CBE77243-149B-4554-B5C7-BB3A7DF6C156}.Debug|x86.Build.0 = Debug|x86
		{CBE77243-149B-4554-B5C7-BB3A7DF6C156}.Release|Any CPU.ActiveCfg = Release|Any CPU
		{CBE77243-149B-4554-B5C7-BB3A7DF6C156}.Release|Any CPU.Build.0 = Release|Any CPU
		{CBE77243-149B-4554-B5C7-BB3A7DF6C156}.Release|x64.ActiveCfg = Release|x64
		{CBE77243-149B-4554-B5C7-BB3A7DF6C156}.Release|x64.Build.0 = Release|x64
		{CBE77243-149B-4554-B5C7-BB3A7DF6C156}.Release|x86.ActiveCfg = Release|x86
		{CBE77243-149B-4554-B5C7-BB3A7DF6C156}.Release|x86.Build.0 = Release|x86
		{2C568190-39A9-459A-8F4C-AFC865435F02}.Debug|Any CPU.ActiveCfg = Debug|Any CPU
		{2C568190-39A9-459A-8F4C-AFC865435F02}.Debug|Any CPU.Build.0 = Debug|Any CPU
		{2C568190-39A9-459A-8F4C-AFC865435F02}.Debug|x64.ActiveCfg = Debug|x64
		{2C568190-39A9-459A-8F4C-AFC865435F02}.Debug|x64.Build.0 = Debug|x64
		{2C568190-39A9-459A-8F4C-AFC865435F02}.Debug|x86.ActiveCfg = Debug|x86
		{2C568190-39A9-459A-8F4C-AFC865435F02}.Debug|x86.Build.0 = Debug|x86
		{2C568190-39A9-459A-8F4C-AFC865435F02}.Release|Any CPU.ActiveCfg = Release|Any CPU
		{2C568190-39A9-459A-8F4C-AFC865435F02}.Release|Any CPU.Build.0 = Release|Any CPU
		{2C568190-39A9-459A-8F4C-AFC865435F02}.Release|x64.ActiveCfg = Release|x64
		{2C568190-39A9-459A-8F4C-AFC865435F02}.Release|x64.Build.0 = Release|x64
		{2C568190-39A9-459A-8F4C-AFC865435F02}.Release|x86.ActiveCfg = Release|x86
		{2C568190-39A9-459A-8F4C-AFC865435F02}.Release|x86.Build.0 = Release|x86
		{817C055F-58EE-4E9F-82FE-A831342071AA}.Debug|Any CPU.ActiveCfg = Debug|Any CPU
		{817C055F-58EE-4E9F-82FE-A831342071AA}.Debug|Any CPU.Build.0 = Debug|Any CPU
		{817C055F-58EE-4E9F-82FE-A831342071AA}.Debug|x64.ActiveCfg = Debug|x64
		{817C055F-58EE-4E9F-82FE-A831342071AA}.Debug|x64.Build.0 = Debug|x64
		{817C055F-58EE-4E9F-82FE-A831342071AA}.Debug|x86.ActiveCfg = Debug|x86
		{817C055F-58EE-4E9F-82FE-A831342071AA}.Debug|x86.Build.0 = Debug|x86
		{817C055F-58EE-4E9F-82FE-A831342071AA}.Release|Any CPU.ActiveCfg = Release|Any CPU
		{817C055F-58EE-4E9F-82FE-A831342071AA}.Release|Any CPU.Build.0 = Release|Any CPU
		{817C055F-58EE-4E9F-82FE-A831342071AA}.Release|x64.ActiveCfg = Release|x64
		{817C055F-58EE-4E9F-82FE-A831342071AA}.Release|x64.Build.0 = Release|x64
		{817C055F-58EE-4E9F-82FE-A831342071AA}.Release|x86.ActiveCfg = Release|x86
		{817C055F-58EE-4E9F-82FE-A831342071AA}.Release|x86.Build.0 = Release|x86
		{2579F066-D395-4288-B1F3-4DED0C0A98F4}.Debug|Any CPU.ActiveCfg = Debug|Any CPU
		{2579F066-D395-4288-B1F3-4DED0C0A98F4}.Debug|Any CPU.Build.0 = Debug|Any CPU
		{2579F066-D395-4288-B1F3-4DED0C0A98F4}.Debug|x64.ActiveCfg = Debug|x64
		{2579F066-D395-4288-B1F3-4DED0C0A98F4}.Debug|x64.Build.0 = Debug|x64
		{2579F066-D395-4288-B1F3-4DED0C0A98F4}.Debug|x86.ActiveCfg = Debug|x86
		{2579F066-D395-4288-B1F3-4DED0C0A98F4}.Debug|x86.Build.0 = Debug|x86
		{2579F066-D395-4288-B1F3-4DED0C0A98F4}.Release|Any CPU.ActiveCfg = Release|Any CPU
		{2579F066-D395-4288-B1F3-4DED0C0A98F4}.Release|Any CPU.Build.0 = Release|Any CPU
		{2579F066-D395-4288-B1F3-4DED0C0A98F4}.Release|x64.ActiveCfg = Release|x64
		{2579F066-D395-4288-B1F3-4DED0C0A98F4}.Release|x64.Build.0 = Release|x64
		{2579F066-D395-4288-B1F3-4DED0C0A98F4}.Release|x86.ActiveCfg = Release|x86
		{2579F066-D395-4288-B1F3-4DED0C0A98F4}.Release|x86.Build.0 = Release|x86
		{F3EB7ED1-D881-4D24-A246-3C08A67C08DE}.Debug|Any CPU.ActiveCfg = Debug|Any CPU
		{F3EB7ED1-D881-4D24-A246-3C08A67C08DE}.Debug|Any CPU.Build.0 = Debug|Any CPU
		{F3EB7ED1-D881-4D24-A246-3C08A67C08DE}.Debug|x64.ActiveCfg = Debug|x64
		{F3EB7ED1-D881-4D24-A246-3C08A67C08DE}.Debug|x64.Build.0 = Debug|x64
		{F3EB7ED1-D881-4D24-A246-3C08A67C08DE}.Debug|x86.ActiveCfg = Debug|x86
		{F3EB7ED1-D881-4D24-A246-3C08A67C08DE}.Debug|x86.Build.0 = Debug|x86
		{F3EB7ED1-D881-4D24-A246-3C08A67C08DE}.Release|Any CPU.ActiveCfg = Release|Any CPU
		{F3EB7ED1-D881-4D24-A246-3C08A67C08DE}.Release|Any CPU.Build.0 = Release|Any CPU
		{F3EB7ED1-D881-4D24-A246-3C08A67C08DE}.Release|x64.ActiveCfg = Release|x64
		{F3EB7ED1-D881-4D24-A246-3C08A67C08DE}.Release|x64.Build.0 = Release|x64
		{F3EB7ED1-D881-4D24-A246-3C08A67C08DE}.Release|x86.ActiveCfg = Release|x86
		{F3EB7ED1-D881-4D24-A246-3C08A67C08DE}.Release|x86.Build.0 = Release|x86
		{258279A1-6C92-486C-B819-57F953DCD27A}.Debug|Any CPU.ActiveCfg = Debug|Any CPU
		{258279A1-6C92-486C-B819-57F953DCD27A}.Debug|Any CPU.Build.0 = Debug|Any CPU
		{258279A1-6C92-486C-B819-57F953DCD27A}.Debug|x64.ActiveCfg = Debug|x64
		{258279A1-6C92-486C-B819-57F953DCD27A}.Debug|x64.Build.0 = Debug|x64
		{258279A1-6C92-486C-B819-57F953DCD27A}.Debug|x86.ActiveCfg = Debug|x86
		{258279A1-6C92-486C-B819-57F953DCD27A}.Debug|x86.Build.0 = Debug|x86
		{258279A1-6C92-486C-B819-57F953DCD27A}.Release|Any CPU.ActiveCfg = Release|Any CPU
		{258279A1-6C92-486C-B819-57F953DCD27A}.Release|Any CPU.Build.0 = Release|Any CPU
		{258279A1-6C92-486C-B819-57F953DCD27A}.Release|x64.ActiveCfg = Release|x64
		{258279A1-6C92-486C-B819-57F953DCD27A}.Release|x64.Build.0 = Release|x64
		{258279A1-6C92-486C-B819-57F953DCD27A}.Release|x86.ActiveCfg = Release|x86
		{258279A1-6C92-486C-B819-57F953DCD27A}.Release|x86.Build.0 = Release|x86
		{8ABE92A3-4A86-4D71-993E-AF0986B5E152}.Debug|Any CPU.ActiveCfg = Debug|Any CPU
		{8ABE92A3-4A86-4D71-993E-AF0986B5E152}.Debug|Any CPU.Build.0 = Debug|Any CPU
		{8ABE92A3-4A86-4D71-993E-AF0986B5E152}.Debug|x64.ActiveCfg = Debug|x64
		{8ABE92A3-4A86-4D71-993E-AF0986B5E152}.Debug|x64.Build.0 = Debug|x64
		{8ABE92A3-4A86-4D71-993E-AF0986B5E152}.Debug|x86.ActiveCfg = Debug|x86
		{8ABE92A3-4A86-4D71-993E-AF0986B5E152}.Debug|x86.Build.0 = Debug|x86
		{8ABE92A3-4A86-4D71-993E-AF0986B5E152}.Release|Any CPU.ActiveCfg = Release|Any CPU
		{8ABE92A3-4A86-4D71-993E-AF0986B5E152}.Release|Any CPU.Build.0 = Release|Any CPU
		{8ABE92A3-4A86-4D71-993E-AF0986B5E152}.Release|x64.ActiveCfg = Release|x64
		{8ABE92A3-4A86-4D71-993E-AF0986B5E152}.Release|x64.Build.0 = Release|x64
		{8ABE92A3-4A86-4D71-993E-AF0986B5E152}.Release|x86.ActiveCfg = Release|x86
		{8ABE92A3-4A86-4D71-993E-AF0986B5E152}.Release|x86.Build.0 = Release|x86
		{0588C034-3D3A-4010-94F3-22B7ABFEE982}.Debug|Any CPU.ActiveCfg = Debug|Any CPU
		{0588C034-3D3A-4010-94F3-22B7ABFEE982}.Debug|Any CPU.Build.0 = Debug|Any CPU
		{0588C034-3D3A-4010-94F3-22B7ABFEE982}.Debug|x64.ActiveCfg = Debug|x64
		{0588C034-3D3A-4010-94F3-22B7ABFEE982}.Debug|x64.Build.0 = Debug|x64
		{0588C034-3D3A-4010-94F3-22B7ABFEE982}.Debug|x86.ActiveCfg = Debug|x86
		{0588C034-3D3A-4010-94F3-22B7ABFEE982}.Debug|x86.Build.0 = Debug|x86
		{0588C034-3D3A-4010-94F3-22B7ABFEE982}.Release|Any CPU.ActiveCfg = Release|Any CPU
		{0588C034-3D3A-4010-94F3-22B7ABFEE982}.Release|Any CPU.Build.0 = Release|Any CPU
		{0588C034-3D3A-4010-94F3-22B7ABFEE982}.Release|x64.ActiveCfg = Release|x64
		{0588C034-3D3A-4010-94F3-22B7ABFEE982}.Release|x64.Build.0 = Release|x64
		{0588C034-3D3A-4010-94F3-22B7ABFEE982}.Release|x86.ActiveCfg = Release|x86
		{0588C034-3D3A-4010-94F3-22B7ABFEE982}.Release|x86.Build.0 = Release|x86
		{DB8040EA-71AE-4B4F-BBC1-A8B73FA139FE}.Debug|Any CPU.ActiveCfg = Debug|Any CPU
		{DB8040EA-71AE-4B4F-BBC1-A8B73FA139FE}.Debug|Any CPU.Build.0 = Debug|Any CPU
		{DB8040EA-71AE-4B4F-BBC1-A8B73FA139FE}.Debug|x64.ActiveCfg = Debug|x64
		{DB8040EA-71AE-4B4F-BBC1-A8B73FA139FE}.Debug|x64.Build.0 = Debug|x64
		{DB8040EA-71AE-4B4F-BBC1-A8B73FA139FE}.Debug|x86.ActiveCfg = Debug|x86
		{DB8040EA-71AE-4B4F-BBC1-A8B73FA139FE}.Debug|x86.Build.0 = Debug|x86
		{DB8040EA-71AE-4B4F-BBC1-A8B73FA139FE}.Release|Any CPU.ActiveCfg = Release|Any CPU
		{DB8040EA-71AE-4B4F-BBC1-A8B73FA139FE}.Release|Any CPU.Build.0 = Release|Any CPU
		{DB8040EA-71AE-4B4F-BBC1-A8B73FA139FE}.Release|x64.ActiveCfg = Release|x64
		{DB8040EA-71AE-4B4F-BBC1-A8B73FA139FE}.Release|x64.Build.0 = Release|x64
		{DB8040EA-71AE-4B4F-BBC1-A8B73FA139FE}.Release|x86.ActiveCfg = Release|x86
		{DB8040EA-71AE-4B4F-BBC1-A8B73FA139FE}.Release|x86.Build.0 = Release|x86
		{0284866F-5228-4F82-8FA7-7218B0D9DDF2}.Debug|Any CPU.ActiveCfg = Debug|Any CPU
		{0284866F-5228-4F82-8FA7-7218B0D9DDF2}.Debug|Any CPU.Build.0 = Debug|Any CPU
		{0284866F-5228-4F82-8FA7-7218B0D9DDF2}.Debug|x64.ActiveCfg = Debug|x64
		{0284866F-5228-4F82-8FA7-7218B0D9DDF2}.Debug|x64.Build.0 = Debug|x64
		{0284866F-5228-4F82-8FA7-7218B0D9DDF2}.Debug|x86.ActiveCfg = Debug|x86
		{0284866F-5228-4F82-8FA7-7218B0D9DDF2}.Debug|x86.Build.0 = Debug|x86
		{0284866F-5228-4F82-8FA7-7218B0D9DDF2}.Release|Any CPU.ActiveCfg = Release|Any CPU
		{0284866F-5228-4F82-8FA7-7218B0D9DDF2}.Release|Any CPU.Build.0 = Release|Any CPU
		{0284866F-5228-4F82-8FA7-7218B0D9DDF2}.Release|x64.ActiveCfg = Release|x64
		{0284866F-5228-4F82-8FA7-7218B0D9DDF2}.Release|x64.Build.0 = Release|x64
		{0284866F-5228-4F82-8FA7-7218B0D9DDF2}.Release|x86.ActiveCfg = Release|x86
		{0284866F-5228-4F82-8FA7-7218B0D9DDF2}.Release|x86.Build.0 = Release|x86
		{20347970-CEB6-45BD-997D-8F9A68B901A1}.Debug|Any CPU.ActiveCfg = Debug|Any CPU
		{20347970-CEB6-45BD-997D-8F9A68B901A1}.Debug|Any CPU.Build.0 = Debug|Any CPU
		{20347970-CEB6-45BD-997D-8F9A68B901A1}.Debug|x64.ActiveCfg = Debug|x64
		{20347970-CEB6-45BD-997D-8F9A68B901A1}.Debug|x64.Build.0 = Debug|x64
		{20347970-CEB6-45BD-997D-8F9A68B901A1}.Debug|x86.ActiveCfg = Debug|x86
		{20347970-CEB6-45BD-997D-8F9A68B901A1}.Debug|x86.Build.0 = Debug|x86
		{20347970-CEB6-45BD-997D-8F9A68B901A1}.Release|Any CPU.ActiveCfg = Release|Any CPU
		{20347970-CEB6-45BD-997D-8F9A68B901A1}.Release|Any CPU.Build.0 = Release|Any CPU
		{20347970-CEB6-45BD-997D-8F9A68B901A1}.Release|x64.ActiveCfg = Release|x64
		{20347970-CEB6-45BD-997D-8F9A68B901A1}.Release|x64.Build.0 = Release|x64
		{20347970-CEB6-45BD-997D-8F9A68B901A1}.Release|x86.ActiveCfg = Release|x86
		{20347970-CEB6-45BD-997D-8F9A68B901A1}.Release|x86.Build.0 = Release|x86
		{4FAECE41-F8D7-4B2D-A829-C01B8E3C7684}.Debug|Any CPU.ActiveCfg = Debug|Any CPU
		{4FAECE41-F8D7-4B2D-A829-C01B8E3C7684}.Debug|Any CPU.Build.0 = Debug|Any CPU
		{4FAECE41-F8D7-4B2D-A829-C01B8E3C7684}.Debug|x64.ActiveCfg = Debug|x64
		{4FAECE41-F8D7-4B2D-A829-C01B8E3C7684}.Debug|x64.Build.0 = Debug|x64
		{4FAECE41-F8D7-4B2D-A829-C01B8E3C7684}.Debug|x86.ActiveCfg = Debug|x86
		{4FAECE41-F8D7-4B2D-A829-C01B8E3C7684}.Debug|x86.Build.0 = Debug|x86
		{4FAECE41-F8D7-4B2D-A829-C01B8E3C7684}.Release|Any CPU.ActiveCfg = Release|Any CPU
		{4FAECE41-F8D7-4B2D-A829-C01B8E3C7684}.Release|Any CPU.Build.0 = Release|Any CPU
		{4FAECE41-F8D7-4B2D-A829-C01B8E3C7684}.Release|x64.ActiveCfg = Release|x64
		{4FAECE41-F8D7-4B2D-A829-C01B8E3C7684}.Release|x64.Build.0 = Release|x64
		{4FAECE41-F8D7-4B2D-A829-C01B8E3C7684}.Release|x86.ActiveCfg = Release|x86
		{4FAECE41-F8D7-4B2D-A829-C01B8E3C7684}.Release|x86.Build.0 = Release|x86
		{72F2B749-F684-469E-9832-BECC63441664}.Debug|Any CPU.ActiveCfg = Debug|Any CPU
		{72F2B749-F684-469E-9832-BECC63441664}.Debug|Any CPU.Build.0 = Debug|Any CPU
		{72F2B749-F684-469E-9832-BECC63441664}.Debug|x64.ActiveCfg = Debug|x64
		{72F2B749-F684-469E-9832-BECC63441664}.Debug|x64.Build.0 = Debug|x64
		{72F2B749-F684-469E-9832-BECC63441664}.Debug|x86.ActiveCfg = Debug|x86
		{72F2B749-F684-469E-9832-BECC63441664}.Debug|x86.Build.0 = Debug|x86
		{72F2B749-F684-469E-9832-BECC63441664}.Release|Any CPU.ActiveCfg = Release|Any CPU
		{72F2B749-F684-469E-9832-BECC63441664}.Release|Any CPU.Build.0 = Release|Any CPU
		{72F2B749-F684-469E-9832-BECC63441664}.Release|x64.ActiveCfg = Release|x64
		{72F2B749-F684-469E-9832-BECC63441664}.Release|x64.Build.0 = Release|x64
		{72F2B749-F684-469E-9832-BECC63441664}.Release|x86.ActiveCfg = Release|x86
		{72F2B749-F684-469E-9832-BECC63441664}.Release|x86.Build.0 = Release|x86
		{2F4FA2CB-EBE4-45C5-B8C6-A691CB101A85}.Debug|Any CPU.ActiveCfg = Debug|Any CPU
		{2F4FA2CB-EBE4-45C5-B8C6-A691CB101A85}.Debug|Any CPU.Build.0 = Debug|Any CPU
		{2F4FA2CB-EBE4-45C5-B8C6-A691CB101A85}.Debug|x64.ActiveCfg = Debug|x64
		{2F4FA2CB-EBE4-45C5-B8C6-A691CB101A85}.Debug|x64.Build.0 = Debug|x64
		{2F4FA2CB-EBE4-45C5-B8C6-A691CB101A85}.Debug|x86.ActiveCfg = Debug|x86
		{2F4FA2CB-EBE4-45C5-B8C6-A691CB101A85}.Debug|x86.Build.0 = Debug|x86
		{2F4FA2CB-EBE4-45C5-B8C6-A691CB101A85}.Release|Any CPU.ActiveCfg = Release|Any CPU
		{2F4FA2CB-EBE4-45C5-B8C6-A691CB101A85}.Release|Any CPU.Build.0 = Release|Any CPU
		{2F4FA2CB-EBE4-45C5-B8C6-A691CB101A85}.Release|x64.ActiveCfg = Release|x64
		{2F4FA2CB-EBE4-45C5-B8C6-A691CB101A85}.Release|x64.Build.0 = Release|x64
		{2F4FA2CB-EBE4-45C5-B8C6-A691CB101A85}.Release|x86.ActiveCfg = Release|x86
		{2F4FA2CB-EBE4-45C5-B8C6-A691CB101A85}.Release|x86.Build.0 = Release|x86
		{98D494B9-C815-49B6-BE80-B2762B5733E1}.Debug|Any CPU.ActiveCfg = Debug|Any CPU
		{98D494B9-C815-49B6-BE80-B2762B5733E1}.Debug|Any CPU.Build.0 = Debug|Any CPU
		{98D494B9-C815-49B6-BE80-B2762B5733E1}.Debug|x64.ActiveCfg = Debug|x64
		{98D494B9-C815-49B6-BE80-B2762B5733E1}.Debug|x64.Build.0 = Debug|x64
		{98D494B9-C815-49B6-BE80-B2762B5733E1}.Debug|x86.ActiveCfg = Debug|x86
		{98D494B9-C815-49B6-BE80-B2762B5733E1}.Debug|x86.Build.0 = Debug|x86
		{98D494B9-C815-49B6-BE80-B2762B5733E1}.Release|Any CPU.ActiveCfg = Release|Any CPU
		{98D494B9-C815-49B6-BE80-B2762B5733E1}.Release|Any CPU.Build.0 = Release|Any CPU
		{98D494B9-C815-49B6-BE80-B2762B5733E1}.Release|x64.ActiveCfg = Release|x64
		{98D494B9-C815-49B6-BE80-B2762B5733E1}.Release|x64.Build.0 = Release|x64
		{98D494B9-C815-49B6-BE80-B2762B5733E1}.Release|x86.ActiveCfg = Release|x86
		{98D494B9-C815-49B6-BE80-B2762B5733E1}.Release|x86.Build.0 = Release|x86
		{07C70331-4540-4F97-9DAB-CB23E111D730}.Debug|Any CPU.ActiveCfg = Debug|Any CPU
		{07C70331-4540-4F97-9DAB-CB23E111D730}.Debug|Any CPU.Build.0 = Debug|Any CPU
		{07C70331-4540-4F97-9DAB-CB23E111D730}.Debug|x64.ActiveCfg = Debug|x64
		{07C70331-4540-4F97-9DAB-CB23E111D730}.Debug|x64.Build.0 = Debug|x64
		{07C70331-4540-4F97-9DAB-CB23E111D730}.Debug|x86.ActiveCfg = Debug|x86
		{07C70331-4540-4F97-9DAB-CB23E111D730}.Debug|x86.Build.0 = Debug|x86
		{07C70331-4540-4F97-9DAB-CB23E111D730}.Release|Any CPU.ActiveCfg = Release|Any CPU
		{07C70331-4540-4F97-9DAB-CB23E111D730}.Release|Any CPU.Build.0 = Release|Any CPU
		{07C70331-4540-4F97-9DAB-CB23E111D730}.Release|x64.ActiveCfg = Release|x64
		{07C70331-4540-4F97-9DAB-CB23E111D730}.Release|x64.Build.0 = Release|x64
		{07C70331-4540-4F97-9DAB-CB23E111D730}.Release|x86.ActiveCfg = Release|x86
		{07C70331-4540-4F97-9DAB-CB23E111D730}.Release|x86.Build.0 = Release|x86
		{614BB98B-1A52-40EA-9D1E-7F49B780B913}.Debug|Any CPU.ActiveCfg = Debug|Any CPU
		{614BB98B-1A52-40EA-9D1E-7F49B780B913}.Debug|Any CPU.Build.0 = Debug|Any CPU
		{614BB98B-1A52-40EA-9D1E-7F49B780B913}.Debug|x64.ActiveCfg = Debug|x64
		{614BB98B-1A52-40EA-9D1E-7F49B780B913}.Debug|x64.Build.0 = Debug|x64
		{614BB98B-1A52-40EA-9D1E-7F49B780B913}.Debug|x86.ActiveCfg = Debug|x86
		{614BB98B-1A52-40EA-9D1E-7F49B780B913}.Debug|x86.Build.0 = Debug|x86
		{614BB98B-1A52-40EA-9D1E-7F49B780B913}.Release|Any CPU.ActiveCfg = Release|Any CPU
		{614BB98B-1A52-40EA-9D1E-7F49B780B913}.Release|Any CPU.Build.0 = Release|Any CPU
		{614BB98B-1A52-40EA-9D1E-7F49B780B913}.Release|x64.ActiveCfg = Release|x64
		{614BB98B-1A52-40EA-9D1E-7F49B780B913}.Release|x64.Build.0 = Release|x64
		{614BB98B-1A52-40EA-9D1E-7F49B780B913}.Release|x86.ActiveCfg = Release|x86
		{614BB98B-1A52-40EA-9D1E-7F49B780B913}.Release|x86.Build.0 = Release|x86
		{1D03237F-E536-46B1-B933-BF17DD5962E3}.Debug|Any CPU.ActiveCfg = Debug|Any CPU
		{1D03237F-E536-46B1-B933-BF17DD5962E3}.Debug|Any CPU.Build.0 = Debug|Any CPU
		{1D03237F-E536-46B1-B933-BF17DD5962E3}.Debug|x64.ActiveCfg = Debug|x64
		{1D03237F-E536-46B1-B933-BF17DD5962E3}.Debug|x64.Build.0 = Debug|x64
		{1D03237F-E536-46B1-B933-BF17DD5962E3}.Debug|x86.ActiveCfg = Debug|x86
		{1D03237F-E536-46B1-B933-BF17DD5962E3}.Debug|x86.Build.0 = Debug|x86
		{1D03237F-E536-46B1-B933-BF17DD5962E3}.Release|Any CPU.ActiveCfg = Release|Any CPU
		{1D03237F-E536-46B1-B933-BF17DD5962E3}.Release|Any CPU.Build.0 = Release|Any CPU
		{1D03237F-E536-46B1-B933-BF17DD5962E3}.Release|x64.ActiveCfg = Release|x64
		{1D03237F-E536-46B1-B933-BF17DD5962E3}.Release|x64.Build.0 = Release|x64
		{1D03237F-E536-46B1-B933-BF17DD5962E3}.Release|x86.ActiveCfg = Release|x86
		{1D03237F-E536-46B1-B933-BF17DD5962E3}.Release|x86.Build.0 = Release|x86
	EndGlobalSection
	GlobalSection(SolutionProperties) = preSolution
		HideSolutionNode = FALSE
	EndGlobalSection
	GlobalSection(ExtensibilityGlobals) = postSolution
		SolutionGuid = {36A367F3-E122-453A-9AE6-B6912E86F6CB}
	EndGlobalSection
EndGlobal
