
Microsoft Visual Studio Solution File, Format Version 12.00
# Visual Studio Version 16
VisualStudioVersion = 16.0.30114.105
MinimumVisualStudioVersion = 15.0.26124.0
Project("{9A19103F-16F7-4668-BE54-9A1E7A4F7556}") = "Teronis.NetStandard.Tools.GitVersion", "src\NetStandard\Tools\GitVersion\GitVersion\src\Teronis.NetStandard.Tools.GitVersion.csproj", "{53BD5696-FB21-4F93-B621-517772DF4D0B}"
EndProject
Project("{9A19103F-16F7-4668-BE54-9A1E7A4F7556}") = "Teronis.NetStandard.Json", "src\NetStandard\Json\Json\src\Teronis.NetStandard.Json.csproj", "{E2B942F5-F171-4D48-9A58-37E4952647AE}"
EndProject
Project("{9A19103F-16F7-4668-BE54-9A1E7A4F7556}") = "Teronis.NetStandard.EntityFrameworkCore", "src\NetStandard\EntityFrameworkCore\EntityFrameworkCore\src\Teronis.NetStandard.EntityFrameworkCore.csproj", "{FD5E8CD4-4A62-4397-B842-DA927BAB3FB0}"
EndProject
Project("{9A19103F-16F7-4668-BE54-9A1E7A4F7556}") = "Teronis.NetStandard.Drawing", "src\NetStandard\Drawing\Drawing\src\Teronis.NetStandard.Drawing.csproj", "{18752436-125A-4307-8F5D-959E991866AC}"
EndProject
Project("{9A19103F-16F7-4668-BE54-9A1E7A4F7556}") = "Teronis.NetStandard.Core.Localization", "src\NetStandard\Core\Core.Localization\src\Teronis.NetStandard.Core.Localization.csproj", "{2593AA34-1F2B-4B1B-893A-EBD099DE77B1}"
EndProject
Project("{9A19103F-16F7-4668-BE54-9A1E7A4F7556}") = "Teronis.NetStandard.Core", "src\NetStandard\Core\Core\src\Teronis.NetStandard.Core.csproj", "{84EDDB96-DD93-4B39-B92F-ED6FA6B2E77D}"
EndProject
Project("{9A19103F-16F7-4668-BE54-9A1E7A4F7556}") = "Teronis.NetStandard.Autofac", "src\NetStandard\Autofac\Autofac\src\Teronis.NetStandard.Autofac.csproj", "{9D20C0B1-582F-443F-A059-401B7345E0E9}"
EndProject
Project("{9A19103F-16F7-4668-BE54-9A1E7A4F7556}") = "Teronis.NetStandard.Abstractions", "src\NetStandard\Abstractions\Abstractions\src\Teronis.NetStandard.Abstractions.csproj", "{BCD0799B-FC8F-4A59-AD7B-4B674B7D6C6E}"
EndProject
Project("{9A19103F-16F7-4668-BE54-9A1E7A4F7556}") = "Teronis.NetCoreApp.Wpf.Localization", "src\NetCoreApp\Wpf\Wpf.Localization\src\Teronis.NetCoreApp.Wpf.Localization.csproj", "{0ABA4D70-0D42-46B4-A030-B5232610C37D}"
EndProject
Project("{9A19103F-16F7-4668-BE54-9A1E7A4F7556}") = "Teronis.NetCoreApp.Wpf", "src\NetCoreApp\Wpf\Wpf\src\Teronis.NetCoreApp.Wpf.csproj", "{BCE62947-4EC4-48ED-82AD-821744E1F014}"
EndProject
Project("{9A19103F-16F7-4668-BE54-9A1E7A4F7556}") = "Teronis.NetCoreApp.WinForms.Localization", "src\NetCoreApp\WinForms\WinForms.Localization\src\Teronis.NetCoreApp.WinForms.Localization.csproj", "{CBD1EAF4-840F-4118-9CB4-A509E2A2A1B4}"
EndProject
Project("{9A19103F-16F7-4668-BE54-9A1E7A4F7556}") = "Teronis.NetCoreApp.WinForms", "src\NetCoreApp\WinForms\WinForms\src\Teronis.NetCoreApp.WinForms.csproj", "{DFDAD3DD-CA3A-49B2-928F-68CC49C1898A}"
EndProject
Project("{9A19103F-16F7-4668-BE54-9A1E7A4F7556}") = "Teronis.NetCoreApp.Identity", "src\NetCoreApp\Identity\Identity\src\Teronis.NetCoreApp.Identity.csproj", "{F198FCE6-51E9-4C8E-9C90-D0CDD0B46B16}"
EndProject
Project("{9A19103F-16F7-4668-BE54-9A1E7A4F7556}") = "Teronis.NetCoreApp.Core", "src\NetCoreApp\Core\Core\src\Teronis.NetCoreApp.Core.csproj", "{B02D88D2-A824-4FCA-B545-B15530FA46CB}"
EndProject
Project("{9A19103F-16F7-4668-BE54-9A1E7A4F7556}") = "Teronis.MSBuild.Packaging.ProjectBuildInPackage", "src\MSBuild\Packaging\ProjectBuildInPackage\src\Teronis.MSBuild.Packaging.ProjectBuildInPackage.csproj", "{5024D24A-526C-4D96-852D-C725169726A0}"
EndProject
Project("{9A19103F-16F7-4668-BE54-9A1E7A4F7556}") = "Teronis.MSBuild.Packaging.GitVersionCache", "src\MSBuild\Packaging\GitVersionCache\0\src\Teronis.MSBuild.Packaging.GitVersionCache.csproj", "{FCE7412B-50BB-426E-BFCC-70A33791A8EC}"
EndProject
Project("{9A19103F-16F7-4668-BE54-9A1E7A4F7556}") = "Teronis.MSBuild.Core", "src\MSBuild\Core\Core\src\Teronis.MSBuild.Core.csproj", "{D4D94EE1-3B7E-463D-BC1B-CFC6557D936F}"
EndProject
Project("{9A19103F-16F7-4668-BE54-9A1E7A4F7556}") = "Teronis.DotNet.Build", "src\DotNet\Build\Build\src\Teronis.DotNet.Build.csproj", "{28E27463-FA5D-4527-8D78-2128F65D3DFB}"
EndProject
Project("{9A19103F-16F7-4668-BE54-9A1E7A4F7556}") = "GitVersionCache.NetStandard.Json", "src\NetStandard\Json\Json\ref\GitVersionCache\GitVersionCache.NetStandard.Json.csproj", "{9173110E-8363-44F7-BA91-22736B4A20E4}"
EndProject
Project("{9A19103F-16F7-4668-BE54-9A1E7A4F7556}") = "GitVersionCache.NetStandard.Core.Localization", "src\NetStandard\Core\Core.Localization\ref\GitVersionCache\GitVersionCache.NetStandard.Core.Localization.csproj", "{A8910393-CB91-4AF4-949A-43008D3B245D}"
EndProject
Project("{9A19103F-16F7-4668-BE54-9A1E7A4F7556}") = "GitVersionCache.NetStandard.Core", "src\NetStandard\Core\Core\ref\GitVersionCache\GitVersionCache.NetStandard.Core.csproj", "{7BA77AF3-C165-4B7A-879E-23B5B3E87CC6}"
EndProject
Project("{9A19103F-16F7-4668-BE54-9A1E7A4F7556}") = "PackagePublish.MSBuild.Packaging.GitVersionCache", "src\MSBuild\Packaging\GitVersionCache\0\ref\PackagePublish\PackagePublish.MSBuild.Packaging.GitVersionCache.csproj", "{89041081-6F2B-40B5-836B-4958BA4A3C21}"
EndProject
Project("{9A19103F-16F7-4668-BE54-9A1E7A4F7556}") = "PackagePublish.MSBuild.Core", "src\MSBuild\Core\Core\ref\PackagePublish\PackagePublish.MSBuild.Core.csproj", "{4151885B-F5D2-4417-826D-A55BCBD1FBD2}"
EndProject
Project("{9A19103F-16F7-4668-BE54-9A1E7A4F7556}") = "GitVersionCache.NetStandard.Tools.GitVersion", "src\NetStandard\Tools\GitVersion\GitVersion\ref\GitVersionCache\GitVersionCache.NetStandard.Tools.GitVersion.csproj", "{CFB645C2-62E6-4072-8797-97D74F2258B9}"
EndProject
Project("{9A19103F-16F7-4668-BE54-9A1E7A4F7556}") = "GitVersionCache.MSBuild.Packaging.GitVersionCache", "src\MSBuild\Packaging\GitVersionCache\0\ref\GitVersionCache\GitVersionCache.MSBuild.Packaging.GitVersionCache.csproj", "{FE6F23C9-1982-47E3-9C62-E93906C31E1B}"
EndProject
Project("{9A19103F-16F7-4668-BE54-9A1E7A4F7556}") = "GitVersionCache.MSBuild.Core", "src\MSBuild\Core\Core\ref\GitVersionCache\GitVersionCache.MSBuild.Core.csproj", "{AB88356C-E3E5-476B-AA39-93935A4AC260}"
EndProject
Project("{9A19103F-16F7-4668-BE54-9A1E7A4F7556}") = "Test.MSBuild.Packaging.ProjectBuildInPackage.Localization", "src\MSBuild\Packaging\ProjectBuildInPackage\test\Pbip.Localization\Test.MSBuild.Packaging.ProjectBuildInPackage.Localization.csproj", "{09796FBB-1475-40A0-ABD0-92CD3849C156}"
EndProject
Project("{9A19103F-16F7-4668-BE54-9A1E7A4F7556}") = "Test.MSBuild.Packaging.ProjectBuildInPackage", "src\MSBuild\Packaging\ProjectBuildInPackage\test\Pbib\Test.MSBuild.Packaging.ProjectBuildInPackage.csproj", "{95D75683-6C08-4ED2-852B-36A97239E8DE}"
EndProject
Project("{9A19103F-16F7-4668-BE54-9A1E7A4F7556}") = "Test.NetStandard.Core", "src\NetStandard\Core\Core\test\Core\Test.NetStandard.Core.csproj", "{23D2F491-8FAA-4E15-9E3B-355CDAEE9693}"
EndProject
Project("{9A19103F-16F7-4668-BE54-9A1E7A4F7556}") = "Teronis.NetCoreApp.Mvc", "src\NetCoreApp\Mvc\Mvc\src\Teronis.NetCoreApp.Mvc.csproj", "{246E5D7C-CADA-455C-89F3-05AA7ACDE319}"
EndProject
Project("{9A19103F-16F7-4668-BE54-9A1E7A4F7556}") = "Teronis.NetCoreApp.Identity.EntityFrameworkCore", "src\NetCoreApp\Identity\EntityFrameworkCore\src\Teronis.NetCoreApp.Identity.EntityFrameworkCore.csproj", "{95F0B1BE-7F7E-4A37-925A-220F8F2EF6C4}"
EndProject
Project("{9A19103F-16F7-4668-BE54-9A1E7A4F7556}") = "Teronis.NetCoreApp.Identity.Bearer", "src\NetCoreApp\Identity\Bearer\src\Teronis.NetCoreApp.Identity.Bearer.csproj", "{D6CD9B44-A8A8-4E07-BF0F-834E5E56CFE7}"
EndProject
Project("{9A19103F-16F7-4668-BE54-9A1E7A4F7556}") = "Teronis.NetCoreApp.Identity.Bearer.Example", "src\NetCoreApp\Identity\Bearer\example\Teronis.NetCoreApp.Identity.Bearer.Example.csproj", "{FF864F9D-1E4F-4CFC-8F82-D638BD3C9254}"
EndProject
Project("{9A19103F-16F7-4668-BE54-9A1E7A4F7556}") = "Teronis.NetStandard.DataModel.TreeColumn", "src\NetStandard\DataModel\TreeColumn\src\Teronis.NetStandard.DataModel.TreeColumn.csproj", "{BD1B9AA3-E929-4520-AE25-E5014C8E5D06}"
EndProject
Project("{9A19103F-16F7-4668-BE54-9A1E7A4F7556}") = "Teronis.NetStandard.Collections.Synchronization", "src\NetStandard\Collections\Synchronization\src\Teronis.NetStandard.Collections.Synchronization.csproj", "{E5704D8B-1C44-4C2E-BB5C-EB042D0763B9}"
EndProject
Project("{9A19103F-16F7-4668-BE54-9A1E7A4F7556}") = "Teronis.NetStandard.Collections", "src\NetStandard\Collections\Collections\src\Teronis.NetStandard.Collections.csproj", "{8BED5E8B-B9C1-4B06-AC29-92E93953C320}"
EndProject
Project("{9A19103F-16F7-4668-BE54-9A1E7A4F7556}") = "Teronis.NetStandard.Collections.CollectionChanging", "src\NetStandard\Collections\CollectionChanging\src\Teronis.NetStandard.Collections.CollectionChanging.csproj", "{8A5DF294-C612-48AB-936B-618B1A6419ED}"
EndProject
Project("{9A19103F-16F7-4668-BE54-9A1E7A4F7556}") = "Teronis.NetStandard.Collections.Synchronization.Example", "src\NetStandard\Collections\Synchronization\example\Teronis.NetStandard.Collections.Synchronization.Example.csproj", "{DBFEAB25-EA40-449B-9B02-934CB29EB25E}"
EndProject
Project("{9A19103F-16F7-4668-BE54-9A1E7A4F7556}") = "Test.NetStandard.Linq.Expressions", "src\NetStandard\Linq\Expressions\Expressions\test\Expressions\Test.NetStandard.Linq.Expressions.csproj", "{32053618-5722-48D8-901F-01B2B8375A10}"
EndProject
Project("{9A19103F-16F7-4668-BE54-9A1E7A4F7556}") = "Teronis.NetStandard.Linq.Expressions", "src\NetStandard\Linq\Expressions\Expressions\src\Teronis.NetStandard.Linq.Expressions.csproj", "{975FE130-F657-40A4-AC4F-713E512A75AC}"
EndProject
Project("{9A19103F-16F7-4668-BE54-9A1E7A4F7556}") = "Test.NetStandard.EntityFrameworkCore.Query", "src\NetStandard\EntityFrameworkCore\Query\test\Query\Test.NetStandard.EntityFrameworkCore.Query.csproj", "{8CA6AF2C-A6FA-42ED-BA79-11E620179B63}"
EndProject
Project("{9A19103F-16F7-4668-BE54-9A1E7A4F7556}") = "Teronis.NetStandard.EntityFrameworkCore.Query", "src\NetStandard\EntityFrameworkCore\Query\src\Teronis.NetStandard.EntityFrameworkCore.Query.csproj", "{D459D788-4D79-40B3-9A26-CBE85C5A87D5}"
EndProject
Project("{9A19103F-16F7-4668-BE54-9A1E7A4F7556}") = "Test.NetStandard.Collections", "src\NetStandard\Collections\Collections\test\Collections\Test.NetStandard.Collections.csproj", "{14AA09E4-71E4-4AF7-A14D-5B2443CD04F5}"
EndProject
Project("{9A19103F-16F7-4668-BE54-9A1E7A4F7556}") = "Teronis.NetStandard.AspNetCore.Authorization.Extensions", "src\NetStandard\AspNetCore\Authorization\Extensions\src\Teronis.NetStandard.AspNetCore.Authorization.Extensions.csproj", "{104998CE-A553-4446-9F51-15A0B6360B5B}"
EndProject
Project("{9A19103F-16F7-4668-BE54-9A1E7A4F7556}") = "Teronis.MSBuild.Packaging.PackExecutable", "src\MSBuild\Packaging\PackExecutable\src\Teronis.MSBuild.Packaging.PackExecutable.csproj", "{E55AD464-7195-4D3A-91A4-9E8FACA8168E}"
EndProject
Global
	GlobalSection(SolutionConfigurationPlatforms) = preSolution
		Debug|Any CPU = Debug|Any CPU
		Debug|x64 = Debug|x64
		Debug|x86 = Debug|x86
		Release|Any CPU = Release|Any CPU
		Release|x64 = Release|x64
		Release|x86 = Release|x86
	EndGlobalSection
	GlobalSection(ProjectConfigurationPlatforms) = postSolution
		{53BD5696-FB21-4F93-B621-517772DF4D0B}.Debug|Any CPU.ActiveCfg = Debug|Any CPU
		{53BD5696-FB21-4F93-B621-517772DF4D0B}.Debug|Any CPU.Build.0 = Debug|Any CPU
		{53BD5696-FB21-4F93-B621-517772DF4D0B}.Debug|x64.ActiveCfg = Debug|x64
		{53BD5696-FB21-4F93-B621-517772DF4D0B}.Debug|x64.Build.0 = Debug|x64
		{53BD5696-FB21-4F93-B621-517772DF4D0B}.Debug|x86.ActiveCfg = Debug|x86
		{53BD5696-FB21-4F93-B621-517772DF4D0B}.Debug|x86.Build.0 = Debug|x86
		{53BD5696-FB21-4F93-B621-517772DF4D0B}.Release|Any CPU.ActiveCfg = Release|Any CPU
		{53BD5696-FB21-4F93-B621-517772DF4D0B}.Release|Any CPU.Build.0 = Release|Any CPU
		{53BD5696-FB21-4F93-B621-517772DF4D0B}.Release|x64.ActiveCfg = Release|x64
		{53BD5696-FB21-4F93-B621-517772DF4D0B}.Release|x64.Build.0 = Release|x64
		{53BD5696-FB21-4F93-B621-517772DF4D0B}.Release|x86.ActiveCfg = Release|x86
		{53BD5696-FB21-4F93-B621-517772DF4D0B}.Release|x86.Build.0 = Release|x86
		{E2B942F5-F171-4D48-9A58-37E4952647AE}.Debug|Any CPU.ActiveCfg = Debug|Any CPU
		{E2B942F5-F171-4D48-9A58-37E4952647AE}.Debug|Any CPU.Build.0 = Debug|Any CPU
		{E2B942F5-F171-4D48-9A58-37E4952647AE}.Debug|x64.ActiveCfg = Debug|x64
		{E2B942F5-F171-4D48-9A58-37E4952647AE}.Debug|x64.Build.0 = Debug|x64
		{E2B942F5-F171-4D48-9A58-37E4952647AE}.Debug|x86.ActiveCfg = Debug|x86
		{E2B942F5-F171-4D48-9A58-37E4952647AE}.Debug|x86.Build.0 = Debug|x86
		{E2B942F5-F171-4D48-9A58-37E4952647AE}.Release|Any CPU.ActiveCfg = Release|Any CPU
		{E2B942F5-F171-4D48-9A58-37E4952647AE}.Release|Any CPU.Build.0 = Release|Any CPU
		{E2B942F5-F171-4D48-9A58-37E4952647AE}.Release|x64.ActiveCfg = Release|x64
		{E2B942F5-F171-4D48-9A58-37E4952647AE}.Release|x64.Build.0 = Release|x64
		{E2B942F5-F171-4D48-9A58-37E4952647AE}.Release|x86.ActiveCfg = Release|x86
		{E2B942F5-F171-4D48-9A58-37E4952647AE}.Release|x86.Build.0 = Release|x86
		{FD5E8CD4-4A62-4397-B842-DA927BAB3FB0}.Debug|Any CPU.ActiveCfg = Debug|Any CPU
		{FD5E8CD4-4A62-4397-B842-DA927BAB3FB0}.Debug|Any CPU.Build.0 = Debug|Any CPU
		{FD5E8CD4-4A62-4397-B842-DA927BAB3FB0}.Debug|x64.ActiveCfg = Debug|x64
		{FD5E8CD4-4A62-4397-B842-DA927BAB3FB0}.Debug|x64.Build.0 = Debug|x64
		{FD5E8CD4-4A62-4397-B842-DA927BAB3FB0}.Debug|x86.ActiveCfg = Debug|x86
		{FD5E8CD4-4A62-4397-B842-DA927BAB3FB0}.Debug|x86.Build.0 = Debug|x86
		{FD5E8CD4-4A62-4397-B842-DA927BAB3FB0}.Release|Any CPU.ActiveCfg = Release|Any CPU
		{FD5E8CD4-4A62-4397-B842-DA927BAB3FB0}.Release|Any CPU.Build.0 = Release|Any CPU
		{FD5E8CD4-4A62-4397-B842-DA927BAB3FB0}.Release|x64.ActiveCfg = Release|x64
		{FD5E8CD4-4A62-4397-B842-DA927BAB3FB0}.Release|x64.Build.0 = Release|x64
		{FD5E8CD4-4A62-4397-B842-DA927BAB3FB0}.Release|x86.ActiveCfg = Release|x86
		{FD5E8CD4-4A62-4397-B842-DA927BAB3FB0}.Release|x86.Build.0 = Release|x86
		{18752436-125A-4307-8F5D-959E991866AC}.Debug|Any CPU.ActiveCfg = Debug|Any CPU
		{18752436-125A-4307-8F5D-959E991866AC}.Debug|Any CPU.Build.0 = Debug|Any CPU
		{18752436-125A-4307-8F5D-959E991866AC}.Debug|x64.ActiveCfg = Debug|x64
		{18752436-125A-4307-8F5D-959E991866AC}.Debug|x64.Build.0 = Debug|x64
		{18752436-125A-4307-8F5D-959E991866AC}.Debug|x86.ActiveCfg = Debug|x86
		{18752436-125A-4307-8F5D-959E991866AC}.Debug|x86.Build.0 = Debug|x86
		{18752436-125A-4307-8F5D-959E991866AC}.Release|Any CPU.ActiveCfg = Release|Any CPU
		{18752436-125A-4307-8F5D-959E991866AC}.Release|Any CPU.Build.0 = Release|Any CPU
		{18752436-125A-4307-8F5D-959E991866AC}.Release|x64.ActiveCfg = Release|x64
		{18752436-125A-4307-8F5D-959E991866AC}.Release|x64.Build.0 = Release|x64
		{18752436-125A-4307-8F5D-959E991866AC}.Release|x86.ActiveCfg = Release|x86
		{18752436-125A-4307-8F5D-959E991866AC}.Release|x86.Build.0 = Release|x86
		{2593AA34-1F2B-4B1B-893A-EBD099DE77B1}.Debug|Any CPU.ActiveCfg = Debug|Any CPU
		{2593AA34-1F2B-4B1B-893A-EBD099DE77B1}.Debug|Any CPU.Build.0 = Debug|Any CPU
		{2593AA34-1F2B-4B1B-893A-EBD099DE77B1}.Debug|x64.ActiveCfg = Debug|x64
		{2593AA34-1F2B-4B1B-893A-EBD099DE77B1}.Debug|x64.Build.0 = Debug|x64
		{2593AA34-1F2B-4B1B-893A-EBD099DE77B1}.Debug|x86.ActiveCfg = Debug|x86
		{2593AA34-1F2B-4B1B-893A-EBD099DE77B1}.Debug|x86.Build.0 = Debug|x86
		{2593AA34-1F2B-4B1B-893A-EBD099DE77B1}.Release|Any CPU.ActiveCfg = Release|Any CPU
		{2593AA34-1F2B-4B1B-893A-EBD099DE77B1}.Release|Any CPU.Build.0 = Release|Any CPU
		{2593AA34-1F2B-4B1B-893A-EBD099DE77B1}.Release|x64.ActiveCfg = Release|x64
		{2593AA34-1F2B-4B1B-893A-EBD099DE77B1}.Release|x64.Build.0 = Release|x64
		{2593AA34-1F2B-4B1B-893A-EBD099DE77B1}.Release|x86.ActiveCfg = Release|x86
		{2593AA34-1F2B-4B1B-893A-EBD099DE77B1}.Release|x86.Build.0 = Release|x86
		{84EDDB96-DD93-4B39-B92F-ED6FA6B2E77D}.Debug|Any CPU.ActiveCfg = Debug|Any CPU
		{84EDDB96-DD93-4B39-B92F-ED6FA6B2E77D}.Debug|Any CPU.Build.0 = Debug|Any CPU
		{84EDDB96-DD93-4B39-B92F-ED6FA6B2E77D}.Debug|x64.ActiveCfg = Debug|x64
		{84EDDB96-DD93-4B39-B92F-ED6FA6B2E77D}.Debug|x64.Build.0 = Debug|x64
		{84EDDB96-DD93-4B39-B92F-ED6FA6B2E77D}.Debug|x86.ActiveCfg = Debug|x86
		{84EDDB96-DD93-4B39-B92F-ED6FA6B2E77D}.Debug|x86.Build.0 = Debug|x86
		{84EDDB96-DD93-4B39-B92F-ED6FA6B2E77D}.Release|Any CPU.ActiveCfg = Release|Any CPU
		{84EDDB96-DD93-4B39-B92F-ED6FA6B2E77D}.Release|Any CPU.Build.0 = Release|Any CPU
		{84EDDB96-DD93-4B39-B92F-ED6FA6B2E77D}.Release|x64.ActiveCfg = Release|x64
		{84EDDB96-DD93-4B39-B92F-ED6FA6B2E77D}.Release|x64.Build.0 = Release|x64
		{84EDDB96-DD93-4B39-B92F-ED6FA6B2E77D}.Release|x86.ActiveCfg = Release|x86
		{84EDDB96-DD93-4B39-B92F-ED6FA6B2E77D}.Release|x86.Build.0 = Release|x86
		{9D20C0B1-582F-443F-A059-401B7345E0E9}.Debug|Any CPU.ActiveCfg = Debug|Any CPU
		{9D20C0B1-582F-443F-A059-401B7345E0E9}.Debug|Any CPU.Build.0 = Debug|Any CPU
		{9D20C0B1-582F-443F-A059-401B7345E0E9}.Debug|x64.ActiveCfg = Debug|x64
		{9D20C0B1-582F-443F-A059-401B7345E0E9}.Debug|x64.Build.0 = Debug|x64
		{9D20C0B1-582F-443F-A059-401B7345E0E9}.Debug|x86.ActiveCfg = Debug|x86
		{9D20C0B1-582F-443F-A059-401B7345E0E9}.Debug|x86.Build.0 = Debug|x86
		{9D20C0B1-582F-443F-A059-401B7345E0E9}.Release|Any CPU.ActiveCfg = Release|Any CPU
		{9D20C0B1-582F-443F-A059-401B7345E0E9}.Release|Any CPU.Build.0 = Release|Any CPU
		{9D20C0B1-582F-443F-A059-401B7345E0E9}.Release|x64.ActiveCfg = Release|x64
		{9D20C0B1-582F-443F-A059-401B7345E0E9}.Release|x64.Build.0 = Release|x64
		{9D20C0B1-582F-443F-A059-401B7345E0E9}.Release|x86.ActiveCfg = Release|x86
		{9D20C0B1-582F-443F-A059-401B7345E0E9}.Release|x86.Build.0 = Release|x86
		{BCD0799B-FC8F-4A59-AD7B-4B674B7D6C6E}.Debug|Any CPU.ActiveCfg = Debug|Any CPU
		{BCD0799B-FC8F-4A59-AD7B-4B674B7D6C6E}.Debug|Any CPU.Build.0 = Debug|Any CPU
		{BCD0799B-FC8F-4A59-AD7B-4B674B7D6C6E}.Debug|x64.ActiveCfg = Debug|x64
		{BCD0799B-FC8F-4A59-AD7B-4B674B7D6C6E}.Debug|x64.Build.0 = Debug|x64
		{BCD0799B-FC8F-4A59-AD7B-4B674B7D6C6E}.Debug|x86.ActiveCfg = Debug|x86
		{BCD0799B-FC8F-4A59-AD7B-4B674B7D6C6E}.Debug|x86.Build.0 = Debug|x86
		{BCD0799B-FC8F-4A59-AD7B-4B674B7D6C6E}.Release|Any CPU.ActiveCfg = Release|Any CPU
		{BCD0799B-FC8F-4A59-AD7B-4B674B7D6C6E}.Release|Any CPU.Build.0 = Release|Any CPU
		{BCD0799B-FC8F-4A59-AD7B-4B674B7D6C6E}.Release|x64.ActiveCfg = Release|x64
		{BCD0799B-FC8F-4A59-AD7B-4B674B7D6C6E}.Release|x64.Build.0 = Release|x64
		{BCD0799B-FC8F-4A59-AD7B-4B674B7D6C6E}.Release|x86.ActiveCfg = Release|x86
		{BCD0799B-FC8F-4A59-AD7B-4B674B7D6C6E}.Release|x86.Build.0 = Release|x86
		{0ABA4D70-0D42-46B4-A030-B5232610C37D}.Debug|Any CPU.ActiveCfg = Debug|Any CPU
		{0ABA4D70-0D42-46B4-A030-B5232610C37D}.Debug|Any CPU.Build.0 = Debug|Any CPU
		{0ABA4D70-0D42-46B4-A030-B5232610C37D}.Debug|x64.ActiveCfg = Debug|x64
		{0ABA4D70-0D42-46B4-A030-B5232610C37D}.Debug|x64.Build.0 = Debug|x64
		{0ABA4D70-0D42-46B4-A030-B5232610C37D}.Debug|x86.ActiveCfg = Debug|x86
		{0ABA4D70-0D42-46B4-A030-B5232610C37D}.Debug|x86.Build.0 = Debug|x86
		{0ABA4D70-0D42-46B4-A030-B5232610C37D}.Release|Any CPU.ActiveCfg = Release|Any CPU
		{0ABA4D70-0D42-46B4-A030-B5232610C37D}.Release|Any CPU.Build.0 = Release|Any CPU
		{0ABA4D70-0D42-46B4-A030-B5232610C37D}.Release|x64.ActiveCfg = Release|x64
		{0ABA4D70-0D42-46B4-A030-B5232610C37D}.Release|x64.Build.0 = Release|x64
		{0ABA4D70-0D42-46B4-A030-B5232610C37D}.Release|x86.ActiveCfg = Release|x86
		{0ABA4D70-0D42-46B4-A030-B5232610C37D}.Release|x86.Build.0 = Release|x86
		{BCE62947-4EC4-48ED-82AD-821744E1F014}.Debug|Any CPU.ActiveCfg = Debug|Any CPU
		{BCE62947-4EC4-48ED-82AD-821744E1F014}.Debug|Any CPU.Build.0 = Debug|Any CPU
		{BCE62947-4EC4-48ED-82AD-821744E1F014}.Debug|x64.ActiveCfg = Debug|x64
		{BCE62947-4EC4-48ED-82AD-821744E1F014}.Debug|x64.Build.0 = Debug|x64
		{BCE62947-4EC4-48ED-82AD-821744E1F014}.Debug|x86.ActiveCfg = Debug|x86
		{BCE62947-4EC4-48ED-82AD-821744E1F014}.Debug|x86.Build.0 = Debug|x86
		{BCE62947-4EC4-48ED-82AD-821744E1F014}.Release|Any CPU.ActiveCfg = Release|Any CPU
		{BCE62947-4EC4-48ED-82AD-821744E1F014}.Release|Any CPU.Build.0 = Release|Any CPU
		{BCE62947-4EC4-48ED-82AD-821744E1F014}.Release|x64.ActiveCfg = Release|x64
		{BCE62947-4EC4-48ED-82AD-821744E1F014}.Release|x64.Build.0 = Release|x64
		{BCE62947-4EC4-48ED-82AD-821744E1F014}.Release|x86.ActiveCfg = Release|x86
		{BCE62947-4EC4-48ED-82AD-821744E1F014}.Release|x86.Build.0 = Release|x86
		{CBD1EAF4-840F-4118-9CB4-A509E2A2A1B4}.Debug|Any CPU.ActiveCfg = Debug|Any CPU
		{CBD1EAF4-840F-4118-9CB4-A509E2A2A1B4}.Debug|Any CPU.Build.0 = Debug|Any CPU
		{CBD1EAF4-840F-4118-9CB4-A509E2A2A1B4}.Debug|x64.ActiveCfg = Debug|x64
		{CBD1EAF4-840F-4118-9CB4-A509E2A2A1B4}.Debug|x64.Build.0 = Debug|x64
		{CBD1EAF4-840F-4118-9CB4-A509E2A2A1B4}.Debug|x86.ActiveCfg = Debug|x86
		{CBD1EAF4-840F-4118-9CB4-A509E2A2A1B4}.Debug|x86.Build.0 = Debug|x86
		{CBD1EAF4-840F-4118-9CB4-A509E2A2A1B4}.Release|Any CPU.ActiveCfg = Release|Any CPU
		{CBD1EAF4-840F-4118-9CB4-A509E2A2A1B4}.Release|Any CPU.Build.0 = Release|Any CPU
		{CBD1EAF4-840F-4118-9CB4-A509E2A2A1B4}.Release|x64.ActiveCfg = Release|x64
		{CBD1EAF4-840F-4118-9CB4-A509E2A2A1B4}.Release|x64.Build.0 = Release|x64
		{CBD1EAF4-840F-4118-9CB4-A509E2A2A1B4}.Release|x86.ActiveCfg = Release|x86
		{CBD1EAF4-840F-4118-9CB4-A509E2A2A1B4}.Release|x86.Build.0 = Release|x86
		{DFDAD3DD-CA3A-49B2-928F-68CC49C1898A}.Debug|Any CPU.ActiveCfg = Debug|Any CPU
		{DFDAD3DD-CA3A-49B2-928F-68CC49C1898A}.Debug|Any CPU.Build.0 = Debug|Any CPU
		{DFDAD3DD-CA3A-49B2-928F-68CC49C1898A}.Debug|x64.ActiveCfg = Debug|x64
		{DFDAD3DD-CA3A-49B2-928F-68CC49C1898A}.Debug|x64.Build.0 = Debug|x64
		{DFDAD3DD-CA3A-49B2-928F-68CC49C1898A}.Debug|x86.ActiveCfg = Debug|x86
		{DFDAD3DD-CA3A-49B2-928F-68CC49C1898A}.Debug|x86.Build.0 = Debug|x86
		{DFDAD3DD-CA3A-49B2-928F-68CC49C1898A}.Release|Any CPU.ActiveCfg = Release|Any CPU
		{DFDAD3DD-CA3A-49B2-928F-68CC49C1898A}.Release|Any CPU.Build.0 = Release|Any CPU
		{DFDAD3DD-CA3A-49B2-928F-68CC49C1898A}.Release|x64.ActiveCfg = Release|x64
		{DFDAD3DD-CA3A-49B2-928F-68CC49C1898A}.Release|x64.Build.0 = Release|x64
		{DFDAD3DD-CA3A-49B2-928F-68CC49C1898A}.Release|x86.ActiveCfg = Release|x86
		{DFDAD3DD-CA3A-49B2-928F-68CC49C1898A}.Release|x86.Build.0 = Release|x86
		{F198FCE6-51E9-4C8E-9C90-D0CDD0B46B16}.Debug|Any CPU.ActiveCfg = Debug|Any CPU
		{F198FCE6-51E9-4C8E-9C90-D0CDD0B46B16}.Debug|Any CPU.Build.0 = Debug|Any CPU
		{F198FCE6-51E9-4C8E-9C90-D0CDD0B46B16}.Debug|x64.ActiveCfg = Debug|x64
		{F198FCE6-51E9-4C8E-9C90-D0CDD0B46B16}.Debug|x64.Build.0 = Debug|x64
		{F198FCE6-51E9-4C8E-9C90-D0CDD0B46B16}.Debug|x86.ActiveCfg = Debug|x86
		{F198FCE6-51E9-4C8E-9C90-D0CDD0B46B16}.Debug|x86.Build.0 = Debug|x86
		{F198FCE6-51E9-4C8E-9C90-D0CDD0B46B16}.Release|Any CPU.ActiveCfg = Release|Any CPU
		{F198FCE6-51E9-4C8E-9C90-D0CDD0B46B16}.Release|Any CPU.Build.0 = Release|Any CPU
		{F198FCE6-51E9-4C8E-9C90-D0CDD0B46B16}.Release|x64.ActiveCfg = Release|x64
		{F198FCE6-51E9-4C8E-9C90-D0CDD0B46B16}.Release|x64.Build.0 = Release|x64
		{F198FCE6-51E9-4C8E-9C90-D0CDD0B46B16}.Release|x86.ActiveCfg = Release|x86
		{F198FCE6-51E9-4C8E-9C90-D0CDD0B46B16}.Release|x86.Build.0 = Release|x86
		{B02D88D2-A824-4FCA-B545-B15530FA46CB}.Debug|Any CPU.ActiveCfg = Debug|Any CPU
		{B02D88D2-A824-4FCA-B545-B15530FA46CB}.Debug|Any CPU.Build.0 = Debug|Any CPU
		{B02D88D2-A824-4FCA-B545-B15530FA46CB}.Debug|x64.ActiveCfg = Debug|x64
		{B02D88D2-A824-4FCA-B545-B15530FA46CB}.Debug|x64.Build.0 = Debug|x64
		{B02D88D2-A824-4FCA-B545-B15530FA46CB}.Debug|x86.ActiveCfg = Debug|x86
		{B02D88D2-A824-4FCA-B545-B15530FA46CB}.Debug|x86.Build.0 = Debug|x86
		{B02D88D2-A824-4FCA-B545-B15530FA46CB}.Release|Any CPU.ActiveCfg = Release|Any CPU
		{B02D88D2-A824-4FCA-B545-B15530FA46CB}.Release|Any CPU.Build.0 = Release|Any CPU
		{B02D88D2-A824-4FCA-B545-B15530FA46CB}.Release|x64.ActiveCfg = Release|x64
		{B02D88D2-A824-4FCA-B545-B15530FA46CB}.Release|x64.Build.0 = Release|x64
		{B02D88D2-A824-4FCA-B545-B15530FA46CB}.Release|x86.ActiveCfg = Release|x86
		{B02D88D2-A824-4FCA-B545-B15530FA46CB}.Release|x86.Build.0 = Release|x86
		{5024D24A-526C-4D96-852D-C725169726A0}.Debug|Any CPU.ActiveCfg = Debug|Any CPU
		{5024D24A-526C-4D96-852D-C725169726A0}.Debug|Any CPU.Build.0 = Debug|Any CPU
		{5024D24A-526C-4D96-852D-C725169726A0}.Debug|x64.ActiveCfg = Debug|x64
		{5024D24A-526C-4D96-852D-C725169726A0}.Debug|x64.Build.0 = Debug|x64
		{5024D24A-526C-4D96-852D-C725169726A0}.Debug|x86.ActiveCfg = Debug|x86
		{5024D24A-526C-4D96-852D-C725169726A0}.Debug|x86.Build.0 = Debug|x86
		{5024D24A-526C-4D96-852D-C725169726A0}.Release|Any CPU.ActiveCfg = Release|Any CPU
		{5024D24A-526C-4D96-852D-C725169726A0}.Release|Any CPU.Build.0 = Release|Any CPU
		{5024D24A-526C-4D96-852D-C725169726A0}.Release|x64.ActiveCfg = Release|x64
		{5024D24A-526C-4D96-852D-C725169726A0}.Release|x64.Build.0 = Release|x64
		{5024D24A-526C-4D96-852D-C725169726A0}.Release|x86.ActiveCfg = Release|x86
		{5024D24A-526C-4D96-852D-C725169726A0}.Release|x86.Build.0 = Release|x86
		{FCE7412B-50BB-426E-BFCC-70A33791A8EC}.Debug|Any CPU.ActiveCfg = Debug|Any CPU
		{FCE7412B-50BB-426E-BFCC-70A33791A8EC}.Debug|Any CPU.Build.0 = Debug|Any CPU
		{FCE7412B-50BB-426E-BFCC-70A33791A8EC}.Debug|x64.ActiveCfg = Debug|x64
		{FCE7412B-50BB-426E-BFCC-70A33791A8EC}.Debug|x64.Build.0 = Debug|x64
		{FCE7412B-50BB-426E-BFCC-70A33791A8EC}.Debug|x86.ActiveCfg = Debug|x86
		{FCE7412B-50BB-426E-BFCC-70A33791A8EC}.Debug|x86.Build.0 = Debug|x86
		{FCE7412B-50BB-426E-BFCC-70A33791A8EC}.Release|Any CPU.ActiveCfg = Release|Any CPU
		{FCE7412B-50BB-426E-BFCC-70A33791A8EC}.Release|Any CPU.Build.0 = Release|Any CPU
		{FCE7412B-50BB-426E-BFCC-70A33791A8EC}.Release|x64.ActiveCfg = Release|x64
		{FCE7412B-50BB-426E-BFCC-70A33791A8EC}.Release|x64.Build.0 = Release|x64
		{FCE7412B-50BB-426E-BFCC-70A33791A8EC}.Release|x86.ActiveCfg = Release|x86
		{FCE7412B-50BB-426E-BFCC-70A33791A8EC}.Release|x86.Build.0 = Release|x86
		{D4D94EE1-3B7E-463D-BC1B-CFC6557D936F}.Debug|Any CPU.ActiveCfg = Debug|Any CPU
		{D4D94EE1-3B7E-463D-BC1B-CFC6557D936F}.Debug|Any CPU.Build.0 = Debug|Any CPU
		{D4D94EE1-3B7E-463D-BC1B-CFC6557D936F}.Debug|x64.ActiveCfg = Debug|x64
		{D4D94EE1-3B7E-463D-BC1B-CFC6557D936F}.Debug|x64.Build.0 = Debug|x64
		{D4D94EE1-3B7E-463D-BC1B-CFC6557D936F}.Debug|x86.ActiveCfg = Debug|x86
		{D4D94EE1-3B7E-463D-BC1B-CFC6557D936F}.Debug|x86.Build.0 = Debug|x86
		{D4D94EE1-3B7E-463D-BC1B-CFC6557D936F}.Release|Any CPU.ActiveCfg = Release|Any CPU
		{D4D94EE1-3B7E-463D-BC1B-CFC6557D936F}.Release|Any CPU.Build.0 = Release|Any CPU
		{D4D94EE1-3B7E-463D-BC1B-CFC6557D936F}.Release|x64.ActiveCfg = Release|x64
		{D4D94EE1-3B7E-463D-BC1B-CFC6557D936F}.Release|x64.Build.0 = Release|x64
		{D4D94EE1-3B7E-463D-BC1B-CFC6557D936F}.Release|x86.ActiveCfg = Release|x86
		{D4D94EE1-3B7E-463D-BC1B-CFC6557D936F}.Release|x86.Build.0 = Release|x86
		{28E27463-FA5D-4527-8D78-2128F65D3DFB}.Debug|Any CPU.ActiveCfg = Debug|Any CPU
		{28E27463-FA5D-4527-8D78-2128F65D3DFB}.Debug|Any CPU.Build.0 = Debug|Any CPU
		{28E27463-FA5D-4527-8D78-2128F65D3DFB}.Debug|x64.ActiveCfg = Debug|x64
		{28E27463-FA5D-4527-8D78-2128F65D3DFB}.Debug|x64.Build.0 = Debug|x64
		{28E27463-FA5D-4527-8D78-2128F65D3DFB}.Debug|x86.ActiveCfg = Debug|x86
		{28E27463-FA5D-4527-8D78-2128F65D3DFB}.Debug|x86.Build.0 = Debug|x86
		{28E27463-FA5D-4527-8D78-2128F65D3DFB}.Release|Any CPU.ActiveCfg = Release|Any CPU
		{28E27463-FA5D-4527-8D78-2128F65D3DFB}.Release|Any CPU.Build.0 = Release|Any CPU
		{28E27463-FA5D-4527-8D78-2128F65D3DFB}.Release|x64.ActiveCfg = Release|x64
		{28E27463-FA5D-4527-8D78-2128F65D3DFB}.Release|x64.Build.0 = Release|x64
		{28E27463-FA5D-4527-8D78-2128F65D3DFB}.Release|x86.ActiveCfg = Release|x86
		{28E27463-FA5D-4527-8D78-2128F65D3DFB}.Release|x86.Build.0 = Release|x86
		{9173110E-8363-44F7-BA91-22736B4A20E4}.Debug|Any CPU.ActiveCfg = Debug|Any CPU
		{9173110E-8363-44F7-BA91-22736B4A20E4}.Debug|Any CPU.Build.0 = Debug|Any CPU
		{9173110E-8363-44F7-BA91-22736B4A20E4}.Debug|x64.ActiveCfg = Debug|x64
		{9173110E-8363-44F7-BA91-22736B4A20E4}.Debug|x64.Build.0 = Debug|x64
		{9173110E-8363-44F7-BA91-22736B4A20E4}.Debug|x86.ActiveCfg = Debug|x86
		{9173110E-8363-44F7-BA91-22736B4A20E4}.Debug|x86.Build.0 = Debug|x86
		{9173110E-8363-44F7-BA91-22736B4A20E4}.Release|Any CPU.ActiveCfg = Release|Any CPU
		{9173110E-8363-44F7-BA91-22736B4A20E4}.Release|Any CPU.Build.0 = Release|Any CPU
		{9173110E-8363-44F7-BA91-22736B4A20E4}.Release|x64.ActiveCfg = Release|x64
		{9173110E-8363-44F7-BA91-22736B4A20E4}.Release|x64.Build.0 = Release|x64
		{9173110E-8363-44F7-BA91-22736B4A20E4}.Release|x86.ActiveCfg = Release|x86
		{9173110E-8363-44F7-BA91-22736B4A20E4}.Release|x86.Build.0 = Release|x86
		{A8910393-CB91-4AF4-949A-43008D3B245D}.Debug|Any CPU.ActiveCfg = Debug|Any CPU
		{A8910393-CB91-4AF4-949A-43008D3B245D}.Debug|Any CPU.Build.0 = Debug|Any CPU
		{A8910393-CB91-4AF4-949A-43008D3B245D}.Debug|x64.ActiveCfg = Debug|x64
		{A8910393-CB91-4AF4-949A-43008D3B245D}.Debug|x64.Build.0 = Debug|x64
		{A8910393-CB91-4AF4-949A-43008D3B245D}.Debug|x86.ActiveCfg = Debug|x86
		{A8910393-CB91-4AF4-949A-43008D3B245D}.Debug|x86.Build.0 = Debug|x86
		{A8910393-CB91-4AF4-949A-43008D3B245D}.Release|Any CPU.ActiveCfg = Release|Any CPU
		{A8910393-CB91-4AF4-949A-43008D3B245D}.Release|Any CPU.Build.0 = Release|Any CPU
		{A8910393-CB91-4AF4-949A-43008D3B245D}.Release|x64.ActiveCfg = Release|x64
		{A8910393-CB91-4AF4-949A-43008D3B245D}.Release|x64.Build.0 = Release|x64
		{A8910393-CB91-4AF4-949A-43008D3B245D}.Release|x86.ActiveCfg = Release|x86
		{A8910393-CB91-4AF4-949A-43008D3B245D}.Release|x86.Build.0 = Release|x86
		{7BA77AF3-C165-4B7A-879E-23B5B3E87CC6}.Debug|Any CPU.ActiveCfg = Debug|Any CPU
		{7BA77AF3-C165-4B7A-879E-23B5B3E87CC6}.Debug|Any CPU.Build.0 = Debug|Any CPU
		{7BA77AF3-C165-4B7A-879E-23B5B3E87CC6}.Debug|x64.ActiveCfg = Debug|x64
		{7BA77AF3-C165-4B7A-879E-23B5B3E87CC6}.Debug|x64.Build.0 = Debug|x64
		{7BA77AF3-C165-4B7A-879E-23B5B3E87CC6}.Debug|x86.ActiveCfg = Debug|x86
		{7BA77AF3-C165-4B7A-879E-23B5B3E87CC6}.Debug|x86.Build.0 = Debug|x86
		{7BA77AF3-C165-4B7A-879E-23B5B3E87CC6}.Release|Any CPU.ActiveCfg = Release|Any CPU
		{7BA77AF3-C165-4B7A-879E-23B5B3E87CC6}.Release|Any CPU.Build.0 = Release|Any CPU
		{7BA77AF3-C165-4B7A-879E-23B5B3E87CC6}.Release|x64.ActiveCfg = Release|x64
		{7BA77AF3-C165-4B7A-879E-23B5B3E87CC6}.Release|x64.Build.0 = Release|x64
		{7BA77AF3-C165-4B7A-879E-23B5B3E87CC6}.Release|x86.ActiveCfg = Release|x86
		{7BA77AF3-C165-4B7A-879E-23B5B3E87CC6}.Release|x86.Build.0 = Release|x86
		{89041081-6F2B-40B5-836B-4958BA4A3C21}.Debug|Any CPU.ActiveCfg = Debug|Any CPU
		{89041081-6F2B-40B5-836B-4958BA4A3C21}.Debug|Any CPU.Build.0 = Debug|Any CPU
		{89041081-6F2B-40B5-836B-4958BA4A3C21}.Debug|x64.ActiveCfg = Debug|x64
		{89041081-6F2B-40B5-836B-4958BA4A3C21}.Debug|x64.Build.0 = Debug|x64
		{89041081-6F2B-40B5-836B-4958BA4A3C21}.Debug|x86.ActiveCfg = Debug|x86
		{89041081-6F2B-40B5-836B-4958BA4A3C21}.Debug|x86.Build.0 = Debug|x86
		{89041081-6F2B-40B5-836B-4958BA4A3C21}.Release|Any CPU.ActiveCfg = Release|Any CPU
		{89041081-6F2B-40B5-836B-4958BA4A3C21}.Release|Any CPU.Build.0 = Release|Any CPU
		{89041081-6F2B-40B5-836B-4958BA4A3C21}.Release|x64.ActiveCfg = Release|x64
		{89041081-6F2B-40B5-836B-4958BA4A3C21}.Release|x64.Build.0 = Release|x64
		{89041081-6F2B-40B5-836B-4958BA4A3C21}.Release|x86.ActiveCfg = Release|x86
		{89041081-6F2B-40B5-836B-4958BA4A3C21}.Release|x86.Build.0 = Release|x86
		{4151885B-F5D2-4417-826D-A55BCBD1FBD2}.Debug|Any CPU.ActiveCfg = Debug|Any CPU
		{4151885B-F5D2-4417-826D-A55BCBD1FBD2}.Debug|Any CPU.Build.0 = Debug|Any CPU
		{4151885B-F5D2-4417-826D-A55BCBD1FBD2}.Debug|x64.ActiveCfg = Debug|x64
		{4151885B-F5D2-4417-826D-A55BCBD1FBD2}.Debug|x64.Build.0 = Debug|x64
		{4151885B-F5D2-4417-826D-A55BCBD1FBD2}.Debug|x86.ActiveCfg = Debug|x86
		{4151885B-F5D2-4417-826D-A55BCBD1FBD2}.Debug|x86.Build.0 = Debug|x86
		{4151885B-F5D2-4417-826D-A55BCBD1FBD2}.Release|Any CPU.ActiveCfg = Release|Any CPU
		{4151885B-F5D2-4417-826D-A55BCBD1FBD2}.Release|Any CPU.Build.0 = Release|Any CPU
		{4151885B-F5D2-4417-826D-A55BCBD1FBD2}.Release|x64.ActiveCfg = Release|x64
		{4151885B-F5D2-4417-826D-A55BCBD1FBD2}.Release|x64.Build.0 = Release|x64
		{4151885B-F5D2-4417-826D-A55BCBD1FBD2}.Release|x86.ActiveCfg = Release|x86
		{4151885B-F5D2-4417-826D-A55BCBD1FBD2}.Release|x86.Build.0 = Release|x86
		{CFB645C2-62E6-4072-8797-97D74F2258B9}.Debug|Any CPU.ActiveCfg = Debug|Any CPU
		{CFB645C2-62E6-4072-8797-97D74F2258B9}.Debug|Any CPU.Build.0 = Debug|Any CPU
		{CFB645C2-62E6-4072-8797-97D74F2258B9}.Debug|x64.ActiveCfg = Debug|x64
		{CFB645C2-62E6-4072-8797-97D74F2258B9}.Debug|x64.Build.0 = Debug|x64
		{CFB645C2-62E6-4072-8797-97D74F2258B9}.Debug|x86.ActiveCfg = Debug|x86
		{CFB645C2-62E6-4072-8797-97D74F2258B9}.Debug|x86.Build.0 = Debug|x86
		{CFB645C2-62E6-4072-8797-97D74F2258B9}.Release|Any CPU.ActiveCfg = Release|Any CPU
		{CFB645C2-62E6-4072-8797-97D74F2258B9}.Release|Any CPU.Build.0 = Release|Any CPU
		{CFB645C2-62E6-4072-8797-97D74F2258B9}.Release|x64.ActiveCfg = Release|x64
		{CFB645C2-62E6-4072-8797-97D74F2258B9}.Release|x64.Build.0 = Release|x64
		{CFB645C2-62E6-4072-8797-97D74F2258B9}.Release|x86.ActiveCfg = Release|x86
		{CFB645C2-62E6-4072-8797-97D74F2258B9}.Release|x86.Build.0 = Release|x86
		{FE6F23C9-1982-47E3-9C62-E93906C31E1B}.Debug|Any CPU.ActiveCfg = Debug|Any CPU
		{FE6F23C9-1982-47E3-9C62-E93906C31E1B}.Debug|Any CPU.Build.0 = Debug|Any CPU
		{FE6F23C9-1982-47E3-9C62-E93906C31E1B}.Debug|x64.ActiveCfg = Debug|x64
		{FE6F23C9-1982-47E3-9C62-E93906C31E1B}.Debug|x64.Build.0 = Debug|x64
		{FE6F23C9-1982-47E3-9C62-E93906C31E1B}.Debug|x86.ActiveCfg = Debug|x86
		{FE6F23C9-1982-47E3-9C62-E93906C31E1B}.Debug|x86.Build.0 = Debug|x86
		{FE6F23C9-1982-47E3-9C62-E93906C31E1B}.Release|Any CPU.ActiveCfg = Release|Any CPU
		{FE6F23C9-1982-47E3-9C62-E93906C31E1B}.Release|Any CPU.Build.0 = Release|Any CPU
		{FE6F23C9-1982-47E3-9C62-E93906C31E1B}.Release|x64.ActiveCfg = Release|x64
		{FE6F23C9-1982-47E3-9C62-E93906C31E1B}.Release|x64.Build.0 = Release|x64
		{FE6F23C9-1982-47E3-9C62-E93906C31E1B}.Release|x86.ActiveCfg = Release|x86
		{FE6F23C9-1982-47E3-9C62-E93906C31E1B}.Release|x86.Build.0 = Release|x86
		{AB88356C-E3E5-476B-AA39-93935A4AC260}.Debug|Any CPU.ActiveCfg = Debug|Any CPU
		{AB88356C-E3E5-476B-AA39-93935A4AC260}.Debug|Any CPU.Build.0 = Debug|Any CPU
		{AB88356C-E3E5-476B-AA39-93935A4AC260}.Debug|x64.ActiveCfg = Debug|x64
		{AB88356C-E3E5-476B-AA39-93935A4AC260}.Debug|x64.Build.0 = Debug|x64
		{AB88356C-E3E5-476B-AA39-93935A4AC260}.Debug|x86.ActiveCfg = Debug|x86
		{AB88356C-E3E5-476B-AA39-93935A4AC260}.Debug|x86.Build.0 = Debug|x86
		{AB88356C-E3E5-476B-AA39-93935A4AC260}.Release|Any CPU.ActiveCfg = Release|Any CPU
		{AB88356C-E3E5-476B-AA39-93935A4AC260}.Release|Any CPU.Build.0 = Release|Any CPU
		{AB88356C-E3E5-476B-AA39-93935A4AC260}.Release|x64.ActiveCfg = Release|x64
		{AB88356C-E3E5-476B-AA39-93935A4AC260}.Release|x64.Build.0 = Release|x64
		{AB88356C-E3E5-476B-AA39-93935A4AC260}.Release|x86.ActiveCfg = Release|x86
		{AB88356C-E3E5-476B-AA39-93935A4AC260}.Release|x86.Build.0 = Release|x86
		{09796FBB-1475-40A0-ABD0-92CD3849C156}.Debug|Any CPU.ActiveCfg = Debug|Any CPU
		{09796FBB-1475-40A0-ABD0-92CD3849C156}.Debug|Any CPU.Build.0 = Debug|Any CPU
		{09796FBB-1475-40A0-ABD0-92CD3849C156}.Debug|x64.ActiveCfg = Debug|Any CPU
		{09796FBB-1475-40A0-ABD0-92CD3849C156}.Debug|x64.Build.0 = Debug|Any CPU
		{09796FBB-1475-40A0-ABD0-92CD3849C156}.Debug|x86.ActiveCfg = Debug|Any CPU
		{09796FBB-1475-40A0-ABD0-92CD3849C156}.Debug|x86.Build.0 = Debug|Any CPU
		{09796FBB-1475-40A0-ABD0-92CD3849C156}.Release|Any CPU.ActiveCfg = Release|Any CPU
		{09796FBB-1475-40A0-ABD0-92CD3849C156}.Release|Any CPU.Build.0 = Release|Any CPU
		{09796FBB-1475-40A0-ABD0-92CD3849C156}.Release|x64.ActiveCfg = Release|Any CPU
		{09796FBB-1475-40A0-ABD0-92CD3849C156}.Release|x64.Build.0 = Release|Any CPU
		{09796FBB-1475-40A0-ABD0-92CD3849C156}.Release|x86.ActiveCfg = Release|Any CPU
		{09796FBB-1475-40A0-ABD0-92CD3849C156}.Release|x86.Build.0 = Release|Any CPU
		{95D75683-6C08-4ED2-852B-36A97239E8DE}.Debug|Any CPU.ActiveCfg = Debug|Any CPU
		{95D75683-6C08-4ED2-852B-36A97239E8DE}.Debug|Any CPU.Build.0 = Debug|Any CPU
		{95D75683-6C08-4ED2-852B-36A97239E8DE}.Debug|x64.ActiveCfg = Debug|Any CPU
		{95D75683-6C08-4ED2-852B-36A97239E8DE}.Debug|x64.Build.0 = Debug|Any CPU
		{95D75683-6C08-4ED2-852B-36A97239E8DE}.Debug|x86.ActiveCfg = Debug|Any CPU
		{95D75683-6C08-4ED2-852B-36A97239E8DE}.Debug|x86.Build.0 = Debug|Any CPU
		{95D75683-6C08-4ED2-852B-36A97239E8DE}.Release|Any CPU.ActiveCfg = Release|Any CPU
		{95D75683-6C08-4ED2-852B-36A97239E8DE}.Release|Any CPU.Build.0 = Release|Any CPU
		{95D75683-6C08-4ED2-852B-36A97239E8DE}.Release|x64.ActiveCfg = Release|Any CPU
		{95D75683-6C08-4ED2-852B-36A97239E8DE}.Release|x64.Build.0 = Release|Any CPU
		{95D75683-6C08-4ED2-852B-36A97239E8DE}.Release|x86.ActiveCfg = Release|Any CPU
		{95D75683-6C08-4ED2-852B-36A97239E8DE}.Release|x86.Build.0 = Release|Any CPU
		{23D2F491-8FAA-4E15-9E3B-355CDAEE9693}.Debug|Any CPU.ActiveCfg = Debug|Any CPU
		{23D2F491-8FAA-4E15-9E3B-355CDAEE9693}.Debug|Any CPU.Build.0 = Debug|Any CPU
		{23D2F491-8FAA-4E15-9E3B-355CDAEE9693}.Debug|x64.ActiveCfg = Debug|x64
		{23D2F491-8FAA-4E15-9E3B-355CDAEE9693}.Debug|x64.Build.0 = Debug|x64
		{23D2F491-8FAA-4E15-9E3B-355CDAEE9693}.Debug|x86.ActiveCfg = Debug|x86
		{23D2F491-8FAA-4E15-9E3B-355CDAEE9693}.Debug|x86.Build.0 = Debug|x86
		{23D2F491-8FAA-4E15-9E3B-355CDAEE9693}.Release|Any CPU.ActiveCfg = Release|Any CPU
		{23D2F491-8FAA-4E15-9E3B-355CDAEE9693}.Release|Any CPU.Build.0 = Release|Any CPU
		{23D2F491-8FAA-4E15-9E3B-355CDAEE9693}.Release|x64.ActiveCfg = Release|x64
		{23D2F491-8FAA-4E15-9E3B-355CDAEE9693}.Release|x64.Build.0 = Release|x64
		{23D2F491-8FAA-4E15-9E3B-355CDAEE9693}.Release|x86.ActiveCfg = Release|x86
		{23D2F491-8FAA-4E15-9E3B-355CDAEE9693}.Release|x86.Build.0 = Release|x86
		{246E5D7C-CADA-455C-89F3-05AA7ACDE319}.Debug|Any CPU.ActiveCfg = Debug|Any CPU
		{246E5D7C-CADA-455C-89F3-05AA7ACDE319}.Debug|Any CPU.Build.0 = Debug|Any CPU
		{246E5D7C-CADA-455C-89F3-05AA7ACDE319}.Debug|x64.ActiveCfg = Debug|x64
		{246E5D7C-CADA-455C-89F3-05AA7ACDE319}.Debug|x64.Build.0 = Debug|x64
		{246E5D7C-CADA-455C-89F3-05AA7ACDE319}.Debug|x86.ActiveCfg = Debug|x86
		{246E5D7C-CADA-455C-89F3-05AA7ACDE319}.Debug|x86.Build.0 = Debug|x86
		{246E5D7C-CADA-455C-89F3-05AA7ACDE319}.Release|Any CPU.ActiveCfg = Release|Any CPU
		{246E5D7C-CADA-455C-89F3-05AA7ACDE319}.Release|Any CPU.Build.0 = Release|Any CPU
		{246E5D7C-CADA-455C-89F3-05AA7ACDE319}.Release|x64.ActiveCfg = Release|x64
		{246E5D7C-CADA-455C-89F3-05AA7ACDE319}.Release|x64.Build.0 = Release|x64
		{246E5D7C-CADA-455C-89F3-05AA7ACDE319}.Release|x86.ActiveCfg = Release|x86
		{246E5D7C-CADA-455C-89F3-05AA7ACDE319}.Release|x86.Build.0 = Release|x86
		{95F0B1BE-7F7E-4A37-925A-220F8F2EF6C4}.Debug|Any CPU.ActiveCfg = Debug|Any CPU
		{95F0B1BE-7F7E-4A37-925A-220F8F2EF6C4}.Debug|Any CPU.Build.0 = Debug|Any CPU
		{95F0B1BE-7F7E-4A37-925A-220F8F2EF6C4}.Debug|x64.ActiveCfg = Debug|x64
		{95F0B1BE-7F7E-4A37-925A-220F8F2EF6C4}.Debug|x64.Build.0 = Debug|x64
		{95F0B1BE-7F7E-4A37-925A-220F8F2EF6C4}.Debug|x86.ActiveCfg = Debug|x86
		{95F0B1BE-7F7E-4A37-925A-220F8F2EF6C4}.Debug|x86.Build.0 = Debug|x86
		{95F0B1BE-7F7E-4A37-925A-220F8F2EF6C4}.Release|Any CPU.ActiveCfg = Release|Any CPU
		{95F0B1BE-7F7E-4A37-925A-220F8F2EF6C4}.Release|Any CPU.Build.0 = Release|Any CPU
		{95F0B1BE-7F7E-4A37-925A-220F8F2EF6C4}.Release|x64.ActiveCfg = Release|x64
		{95F0B1BE-7F7E-4A37-925A-220F8F2EF6C4}.Release|x64.Build.0 = Release|x64
		{95F0B1BE-7F7E-4A37-925A-220F8F2EF6C4}.Release|x86.ActiveCfg = Release|x86
		{95F0B1BE-7F7E-4A37-925A-220F8F2EF6C4}.Release|x86.Build.0 = Release|x86
		{D6CD9B44-A8A8-4E07-BF0F-834E5E56CFE7}.Debug|Any CPU.ActiveCfg = Debug|Any CPU
		{D6CD9B44-A8A8-4E07-BF0F-834E5E56CFE7}.Debug|Any CPU.Build.0 = Debug|Any CPU
		{D6CD9B44-A8A8-4E07-BF0F-834E5E56CFE7}.Debug|x64.ActiveCfg = Debug|x64
		{D6CD9B44-A8A8-4E07-BF0F-834E5E56CFE7}.Debug|x64.Build.0 = Debug|x64
		{D6CD9B44-A8A8-4E07-BF0F-834E5E56CFE7}.Debug|x86.ActiveCfg = Debug|x86
		{D6CD9B44-A8A8-4E07-BF0F-834E5E56CFE7}.Debug|x86.Build.0 = Debug|x86
		{D6CD9B44-A8A8-4E07-BF0F-834E5E56CFE7}.Release|Any CPU.ActiveCfg = Release|Any CPU
		{D6CD9B44-A8A8-4E07-BF0F-834E5E56CFE7}.Release|Any CPU.Build.0 = Release|Any CPU
		{D6CD9B44-A8A8-4E07-BF0F-834E5E56CFE7}.Release|x64.ActiveCfg = Release|x64
		{D6CD9B44-A8A8-4E07-BF0F-834E5E56CFE7}.Release|x64.Build.0 = Release|x64
		{D6CD9B44-A8A8-4E07-BF0F-834E5E56CFE7}.Release|x86.ActiveCfg = Release|x86
		{D6CD9B44-A8A8-4E07-BF0F-834E5E56CFE7}.Release|x86.Build.0 = Release|x86
		{FF864F9D-1E4F-4CFC-8F82-D638BD3C9254}.Debug|Any CPU.ActiveCfg = Debug|Any CPU
		{FF864F9D-1E4F-4CFC-8F82-D638BD3C9254}.Debug|Any CPU.Build.0 = Debug|Any CPU
		{FF864F9D-1E4F-4CFC-8F82-D638BD3C9254}.Debug|x64.ActiveCfg = Debug|x64
		{FF864F9D-1E4F-4CFC-8F82-D638BD3C9254}.Debug|x64.Build.0 = Debug|x64
		{FF864F9D-1E4F-4CFC-8F82-D638BD3C9254}.Debug|x86.ActiveCfg = Debug|x86
		{FF864F9D-1E4F-4CFC-8F82-D638BD3C9254}.Debug|x86.Build.0 = Debug|x86
		{FF864F9D-1E4F-4CFC-8F82-D638BD3C9254}.Release|Any CPU.ActiveCfg = Release|Any CPU
		{FF864F9D-1E4F-4CFC-8F82-D638BD3C9254}.Release|Any CPU.Build.0 = Release|Any CPU
		{FF864F9D-1E4F-4CFC-8F82-D638BD3C9254}.Release|x64.ActiveCfg = Release|x64
		{FF864F9D-1E4F-4CFC-8F82-D638BD3C9254}.Release|x64.Build.0 = Release|x64
		{FF864F9D-1E4F-4CFC-8F82-D638BD3C9254}.Release|x86.ActiveCfg = Release|x86
		{FF864F9D-1E4F-4CFC-8F82-D638BD3C9254}.Release|x86.Build.0 = Release|x86
		{BD1B9AA3-E929-4520-AE25-E5014C8E5D06}.Debug|Any CPU.ActiveCfg = Debug|Any CPU
		{BD1B9AA3-E929-4520-AE25-E5014C8E5D06}.Debug|Any CPU.Build.0 = Debug|Any CPU
		{BD1B9AA3-E929-4520-AE25-E5014C8E5D06}.Debug|x64.ActiveCfg = Debug|x64
		{BD1B9AA3-E929-4520-AE25-E5014C8E5D06}.Debug|x64.Build.0 = Debug|x64
		{BD1B9AA3-E929-4520-AE25-E5014C8E5D06}.Debug|x86.ActiveCfg = Debug|x86
		{BD1B9AA3-E929-4520-AE25-E5014C8E5D06}.Debug|x86.Build.0 = Debug|x86
		{BD1B9AA3-E929-4520-AE25-E5014C8E5D06}.Release|Any CPU.ActiveCfg = Release|Any CPU
		{BD1B9AA3-E929-4520-AE25-E5014C8E5D06}.Release|Any CPU.Build.0 = Release|Any CPU
		{BD1B9AA3-E929-4520-AE25-E5014C8E5D06}.Release|x64.ActiveCfg = Release|x64
		{BD1B9AA3-E929-4520-AE25-E5014C8E5D06}.Release|x64.Build.0 = Release|x64
		{BD1B9AA3-E929-4520-AE25-E5014C8E5D06}.Release|x86.ActiveCfg = Release|x86
		{BD1B9AA3-E929-4520-AE25-E5014C8E5D06}.Release|x86.Build.0 = Release|x86
		{E5704D8B-1C44-4C2E-BB5C-EB042D0763B9}.Debug|Any CPU.ActiveCfg = Debug|Any CPU
		{E5704D8B-1C44-4C2E-BB5C-EB042D0763B9}.Debug|Any CPU.Build.0 = Debug|Any CPU
		{E5704D8B-1C44-4C2E-BB5C-EB042D0763B9}.Debug|x64.ActiveCfg = Debug|x64
		{E5704D8B-1C44-4C2E-BB5C-EB042D0763B9}.Debug|x64.Build.0 = Debug|x64
		{E5704D8B-1C44-4C2E-BB5C-EB042D0763B9}.Debug|x86.ActiveCfg = Debug|x86
		{E5704D8B-1C44-4C2E-BB5C-EB042D0763B9}.Debug|x86.Build.0 = Debug|x86
		{E5704D8B-1C44-4C2E-BB5C-EB042D0763B9}.Release|Any CPU.ActiveCfg = Release|Any CPU
		{E5704D8B-1C44-4C2E-BB5C-EB042D0763B9}.Release|Any CPU.Build.0 = Release|Any CPU
		{E5704D8B-1C44-4C2E-BB5C-EB042D0763B9}.Release|x64.ActiveCfg = Release|x64
		{E5704D8B-1C44-4C2E-BB5C-EB042D0763B9}.Release|x64.Build.0 = Release|x64
		{E5704D8B-1C44-4C2E-BB5C-EB042D0763B9}.Release|x86.ActiveCfg = Release|x86
		{E5704D8B-1C44-4C2E-BB5C-EB042D0763B9}.Release|x86.Build.0 = Release|x86
		{8BED5E8B-B9C1-4B06-AC29-92E93953C320}.Debug|Any CPU.ActiveCfg = Debug|Any CPU
		{8BED5E8B-B9C1-4B06-AC29-92E93953C320}.Debug|Any CPU.Build.0 = Debug|Any CPU
		{8BED5E8B-B9C1-4B06-AC29-92E93953C320}.Debug|x64.ActiveCfg = Debug|x64
		{8BED5E8B-B9C1-4B06-AC29-92E93953C320}.Debug|x64.Build.0 = Debug|x64
		{8BED5E8B-B9C1-4B06-AC29-92E93953C320}.Debug|x86.ActiveCfg = Debug|x86
		{8BED5E8B-B9C1-4B06-AC29-92E93953C320}.Debug|x86.Build.0 = Debug|x86
		{8BED5E8B-B9C1-4B06-AC29-92E93953C320}.Release|Any CPU.ActiveCfg = Release|Any CPU
		{8BED5E8B-B9C1-4B06-AC29-92E93953C320}.Release|Any CPU.Build.0 = Release|Any CPU
		{8BED5E8B-B9C1-4B06-AC29-92E93953C320}.Release|x64.ActiveCfg = Release|x64
		{8BED5E8B-B9C1-4B06-AC29-92E93953C320}.Release|x64.Build.0 = Release|x64
		{8BED5E8B-B9C1-4B06-AC29-92E93953C320}.Release|x86.ActiveCfg = Release|x86
		{8BED5E8B-B9C1-4B06-AC29-92E93953C320}.Release|x86.Build.0 = Release|x86
		{8A5DF294-C612-48AB-936B-618B1A6419ED}.Debug|Any CPU.ActiveCfg = Debug|Any CPU
		{8A5DF294-C612-48AB-936B-618B1A6419ED}.Debug|Any CPU.Build.0 = Debug|Any CPU
		{8A5DF294-C612-48AB-936B-618B1A6419ED}.Debug|x64.ActiveCfg = Debug|x64
		{8A5DF294-C612-48AB-936B-618B1A6419ED}.Debug|x64.Build.0 = Debug|x64
		{8A5DF294-C612-48AB-936B-618B1A6419ED}.Debug|x86.ActiveCfg = Debug|x86
		{8A5DF294-C612-48AB-936B-618B1A6419ED}.Debug|x86.Build.0 = Debug|x86
		{8A5DF294-C612-48AB-936B-618B1A6419ED}.Release|Any CPU.ActiveCfg = Release|Any CPU
		{8A5DF294-C612-48AB-936B-618B1A6419ED}.Release|Any CPU.Build.0 = Release|Any CPU
		{8A5DF294-C612-48AB-936B-618B1A6419ED}.Release|x64.ActiveCfg = Release|x64
		{8A5DF294-C612-48AB-936B-618B1A6419ED}.Release|x64.Build.0 = Release|x64
		{8A5DF294-C612-48AB-936B-618B1A6419ED}.Release|x86.ActiveCfg = Release|x86
		{8A5DF294-C612-48AB-936B-618B1A6419ED}.Release|x86.Build.0 = Release|x86
		{DBFEAB25-EA40-449B-9B02-934CB29EB25E}.Debug|Any CPU.ActiveCfg = Debug|Any CPU
		{DBFEAB25-EA40-449B-9B02-934CB29EB25E}.Debug|Any CPU.Build.0 = Debug|Any CPU
		{DBFEAB25-EA40-449B-9B02-934CB29EB25E}.Debug|x64.ActiveCfg = Debug|x64
		{DBFEAB25-EA40-449B-9B02-934CB29EB25E}.Debug|x64.Build.0 = Debug|x64
		{DBFEAB25-EA40-449B-9B02-934CB29EB25E}.Debug|x86.ActiveCfg = Debug|x86
		{DBFEAB25-EA40-449B-9B02-934CB29EB25E}.Debug|x86.Build.0 = Debug|x86
		{DBFEAB25-EA40-449B-9B02-934CB29EB25E}.Release|Any CPU.ActiveCfg = Release|Any CPU
		{DBFEAB25-EA40-449B-9B02-934CB29EB25E}.Release|Any CPU.Build.0 = Release|Any CPU
		{DBFEAB25-EA40-449B-9B02-934CB29EB25E}.Release|x64.ActiveCfg = Release|x64
		{DBFEAB25-EA40-449B-9B02-934CB29EB25E}.Release|x64.Build.0 = Release|x64
		{DBFEAB25-EA40-449B-9B02-934CB29EB25E}.Release|x86.ActiveCfg = Release|x86
		{DBFEAB25-EA40-449B-9B02-934CB29EB25E}.Release|x86.Build.0 = Release|x86
		{32053618-5722-48D8-901F-01B2B8375A10}.Debug|Any CPU.ActiveCfg = Debug|Any CPU
		{32053618-5722-48D8-901F-01B2B8375A10}.Debug|Any CPU.Build.0 = Debug|Any CPU
		{32053618-5722-48D8-901F-01B2B8375A10}.Debug|x64.ActiveCfg = Debug|x64
		{32053618-5722-48D8-901F-01B2B8375A10}.Debug|x64.Build.0 = Debug|x64
		{32053618-5722-48D8-901F-01B2B8375A10}.Debug|x86.ActiveCfg = Debug|x86
		{32053618-5722-48D8-901F-01B2B8375A10}.Debug|x86.Build.0 = Debug|x86
		{32053618-5722-48D8-901F-01B2B8375A10}.Release|Any CPU.ActiveCfg = Release|Any CPU
		{32053618-5722-48D8-901F-01B2B8375A10}.Release|Any CPU.Build.0 = Release|Any CPU
		{32053618-5722-48D8-901F-01B2B8375A10}.Release|x64.ActiveCfg = Release|x64
		{32053618-5722-48D8-901F-01B2B8375A10}.Release|x64.Build.0 = Release|x64
		{32053618-5722-48D8-901F-01B2B8375A10}.Release|x86.ActiveCfg = Release|x86
		{32053618-5722-48D8-901F-01B2B8375A10}.Release|x86.Build.0 = Release|x86
		{975FE130-F657-40A4-AC4F-713E512A75AC}.Debug|Any CPU.ActiveCfg = Debug|Any CPU
		{975FE130-F657-40A4-AC4F-713E512A75AC}.Debug|Any CPU.Build.0 = Debug|Any CPU
		{975FE130-F657-40A4-AC4F-713E512A75AC}.Debug|x64.ActiveCfg = Debug|x64
		{975FE130-F657-40A4-AC4F-713E512A75AC}.Debug|x64.Build.0 = Debug|x64
		{975FE130-F657-40A4-AC4F-713E512A75AC}.Debug|x86.ActiveCfg = Debug|x86
		{975FE130-F657-40A4-AC4F-713E512A75AC}.Debug|x86.Build.0 = Debug|x86
		{975FE130-F657-40A4-AC4F-713E512A75AC}.Release|Any CPU.ActiveCfg = Release|Any CPU
		{975FE130-F657-40A4-AC4F-713E512A75AC}.Release|Any CPU.Build.0 = Release|Any CPU
		{975FE130-F657-40A4-AC4F-713E512A75AC}.Release|x64.ActiveCfg = Release|x64
		{975FE130-F657-40A4-AC4F-713E512A75AC}.Release|x64.Build.0 = Release|x64
		{975FE130-F657-40A4-AC4F-713E512A75AC}.Release|x86.ActiveCfg = Release|x86
		{975FE130-F657-40A4-AC4F-713E512A75AC}.Release|x86.Build.0 = Release|x86
		{8CA6AF2C-A6FA-42ED-BA79-11E620179B63}.Debug|Any CPU.ActiveCfg = Debug|Any CPU
		{8CA6AF2C-A6FA-42ED-BA79-11E620179B63}.Debug|Any CPU.Build.0 = Debug|Any CPU
		{8CA6AF2C-A6FA-42ED-BA79-11E620179B63}.Debug|x64.ActiveCfg = Debug|x64
		{8CA6AF2C-A6FA-42ED-BA79-11E620179B63}.Debug|x64.Build.0 = Debug|x64
		{8CA6AF2C-A6FA-42ED-BA79-11E620179B63}.Debug|x86.ActiveCfg = Debug|x86
		{8CA6AF2C-A6FA-42ED-BA79-11E620179B63}.Debug|x86.Build.0 = Debug|x86
		{8CA6AF2C-A6FA-42ED-BA79-11E620179B63}.Release|Any CPU.ActiveCfg = Release|Any CPU
		{8CA6AF2C-A6FA-42ED-BA79-11E620179B63}.Release|Any CPU.Build.0 = Release|Any CPU
		{8CA6AF2C-A6FA-42ED-BA79-11E620179B63}.Release|x64.ActiveCfg = Release|x64
		{8CA6AF2C-A6FA-42ED-BA79-11E620179B63}.Release|x64.Build.0 = Release|x64
		{8CA6AF2C-A6FA-42ED-BA79-11E620179B63}.Release|x86.ActiveCfg = Release|x86
		{8CA6AF2C-A6FA-42ED-BA79-11E620179B63}.Release|x86.Build.0 = Release|x86
		{D459D788-4D79-40B3-9A26-CBE85C5A87D5}.Debug|Any CPU.ActiveCfg = Debug|Any CPU
		{D459D788-4D79-40B3-9A26-CBE85C5A87D5}.Debug|Any CPU.Build.0 = Debug|Any CPU
		{D459D788-4D79-40B3-9A26-CBE85C5A87D5}.Debug|x64.ActiveCfg = Debug|x64
		{D459D788-4D79-40B3-9A26-CBE85C5A87D5}.Debug|x64.Build.0 = Debug|x64
		{D459D788-4D79-40B3-9A26-CBE85C5A87D5}.Debug|x86.ActiveCfg = Debug|x86
		{D459D788-4D79-40B3-9A26-CBE85C5A87D5}.Debug|x86.Build.0 = Debug|x86
		{D459D788-4D79-40B3-9A26-CBE85C5A87D5}.Release|Any CPU.ActiveCfg = Release|Any CPU
		{D459D788-4D79-40B3-9A26-CBE85C5A87D5}.Release|Any CPU.Build.0 = Release|Any CPU
		{D459D788-4D79-40B3-9A26-CBE85C5A87D5}.Release|x64.ActiveCfg = Release|x64
		{D459D788-4D79-40B3-9A26-CBE85C5A87D5}.Release|x64.Build.0 = Release|x64
		{D459D788-4D79-40B3-9A26-CBE85C5A87D5}.Release|x86.ActiveCfg = Release|x86
		{D459D788-4D79-40B3-9A26-CBE85C5A87D5}.Release|x86.Build.0 = Release|x86
		{14AA09E4-71E4-4AF7-A14D-5B2443CD04F5}.Debug|Any CPU.ActiveCfg = Debug|Any CPU
		{14AA09E4-71E4-4AF7-A14D-5B2443CD04F5}.Debug|Any CPU.Build.0 = Debug|Any CPU
		{14AA09E4-71E4-4AF7-A14D-5B2443CD04F5}.Debug|x64.ActiveCfg = Debug|x64
		{14AA09E4-71E4-4AF7-A14D-5B2443CD04F5}.Debug|x64.Build.0 = Debug|x64
		{14AA09E4-71E4-4AF7-A14D-5B2443CD04F5}.Debug|x86.ActiveCfg = Debug|x86
		{14AA09E4-71E4-4AF7-A14D-5B2443CD04F5}.Debug|x86.Build.0 = Debug|x86
		{14AA09E4-71E4-4AF7-A14D-5B2443CD04F5}.Release|Any CPU.ActiveCfg = Release|Any CPU
		{14AA09E4-71E4-4AF7-A14D-5B2443CD04F5}.Release|Any CPU.Build.0 = Release|Any CPU
		{14AA09E4-71E4-4AF7-A14D-5B2443CD04F5}.Release|x64.ActiveCfg = Release|x64
		{14AA09E4-71E4-4AF7-A14D-5B2443CD04F5}.Release|x64.Build.0 = Release|x64
		{14AA09E4-71E4-4AF7-A14D-5B2443CD04F5}.Release|x86.ActiveCfg = Release|x86
		{14AA09E4-71E4-4AF7-A14D-5B2443CD04F5}.Release|x86.Build.0 = Release|x86
		{104998CE-A553-4446-9F51-15A0B6360B5B}.Debug|Any CPU.ActiveCfg = Debug|Any CPU
		{104998CE-A553-4446-9F51-15A0B6360B5B}.Debug|Any CPU.Build.0 = Debug|Any CPU
		{104998CE-A553-4446-9F51-15A0B6360B5B}.Debug|x64.ActiveCfg = Debug|x64
		{104998CE-A553-4446-9F51-15A0B6360B5B}.Debug|x64.Build.0 = Debug|x64
		{104998CE-A553-4446-9F51-15A0B6360B5B}.Debug|x86.ActiveCfg = Debug|x86
		{104998CE-A553-4446-9F51-15A0B6360B5B}.Debug|x86.Build.0 = Debug|x86
		{104998CE-A553-4446-9F51-15A0B6360B5B}.Release|Any CPU.ActiveCfg = Release|Any CPU
		{104998CE-A553-4446-9F51-15A0B6360B5B}.Release|Any CPU.Build.0 = Release|Any CPU
		{104998CE-A553-4446-9F51-15A0B6360B5B}.Release|x64.ActiveCfg = Release|x64
		{104998CE-A553-4446-9F51-15A0B6360B5B}.Release|x64.Build.0 = Release|x64
		{104998CE-A553-4446-9F51-15A0B6360B5B}.Release|x86.ActiveCfg = Release|x86
		{104998CE-A553-4446-9F51-15A0B6360B5B}.Release|x86.Build.0 = Release|x86
		{E55AD464-7195-4D3A-91A4-9E8FACA8168E}.Debug|Any CPU.ActiveCfg = Debug|Any CPU
		{E55AD464-7195-4D3A-91A4-9E8FACA8168E}.Debug|Any CPU.Build.0 = Debug|Any CPU
		{E55AD464-7195-4D3A-91A4-9E8FACA8168E}.Debug|x64.ActiveCfg = Debug|x64
		{E55AD464-7195-4D3A-91A4-9E8FACA8168E}.Debug|x64.Build.0 = Debug|x64
		{E55AD464-7195-4D3A-91A4-9E8FACA8168E}.Debug|x86.ActiveCfg = Debug|x86
		{E55AD464-7195-4D3A-91A4-9E8FACA8168E}.Debug|x86.Build.0 = Debug|x86
		{E55AD464-7195-4D3A-91A4-9E8FACA8168E}.Release|Any CPU.ActiveCfg = Release|Any CPU
		{E55AD464-7195-4D3A-91A4-9E8FACA8168E}.Release|Any CPU.Build.0 = Release|Any CPU
		{E55AD464-7195-4D3A-91A4-9E8FACA8168E}.Release|x64.ActiveCfg = Release|x64
		{E55AD464-7195-4D3A-91A4-9E8FACA8168E}.Release|x64.Build.0 = Release|x64
		{E55AD464-7195-4D3A-91A4-9E8FACA8168E}.Release|x86.ActiveCfg = Release|x86
		{E55AD464-7195-4D3A-91A4-9E8FACA8168E}.Release|x86.Build.0 = Release|x86
	EndGlobalSection
	GlobalSection(SolutionProperties) = preSolution
		HideSolutionNode = FALSE
	EndGlobalSection
	GlobalSection(ExtensibilityGlobals) = postSolution
		SolutionGuid = {36A367F3-E122-453A-9AE6-B6912E86F6CB}
	EndGlobalSection
EndGlobal
