Microsoft Visual Studio Solution File, Format Version 12.00
# Visual Studio Version 16
VisualStudioVersion = 16.0.29613.14
MinimumVisualStudioVersion = 15.0.26124.0
Project("{9A19103F-16F7-4668-BE54-9A1E7A4F7556}") = "Teronis.MSBuild.Packaging.GitVersionCache", "GitVersionCache\src\Teronis.MSBuild.Packaging.GitVersionCache.csproj", "{BD5DF800-6221-4E83-BC01-2CDF0EF787DC}"
EndProject
Project("{9A19103F-16F7-4668-BE54-9A1E7A4F7556}") = "Teronis.NetStandard.Core.Localization", "..\..\..\NetStandard\Core\Core.Localization\src\Teronis.NetStandard.Core.Localization.csproj", "{1EADD66E-A813-4F57-A382-9C7C92B4C22E}"
EndProject
Project("{9A19103F-16F7-4668-BE54-9A1E7A4F7556}") = "Teronis.NetStandard.Core", "..\..\..\NetStandard\Core\Core\src\Teronis.NetStandard.Core.csproj", "{B4A21EE8-7AD9-4000-9764-4884CF68EE88}"
EndProject
Project("{9A19103F-16F7-4668-BE54-9A1E7A4F7556}") = "Teronis.GitVersion.CommandLine.Library", "..\..\..\GitVersion\CommandLine\Library\src\Teronis.GitVersion.CommandLine.Library.csproj", "{1D75AF0B-283C-468A-BFCE-81A9B77C118F}"
EndProject
Project("{9A19103F-16F7-4668-BE54-9A1E7A4F7556}") = "Teronis.MSBuild.Packaging.ProjectBuildInPackage.Test", "..\ProjectBuildInPackage\test\Test\Teronis.MSBuild.Packaging.ProjectBuildInPackage.Test.csproj", "{45EC8725-5EED-45ED-BF3A-440DCDCB989B}"
EndProject
Project("{9A19103F-16F7-4668-BE54-9A1E7A4F7556}") = "Teronis.MSBuild.Packaging.ProjectBuildInPackage.Test.Localization", "..\ProjectBuildInPackage\test\Test.Localization\Teronis.MSBuild.Packaging.ProjectBuildInPackage.Test.Localization.csproj", "{B9B2F59D-1EE1-437D-87E6-8961ABEF838C}"
EndProject
Project("{9A19103F-16F7-4668-BE54-9A1E7A4F7556}") = "Teronis.MSBuild.BuildTasks", "..\..\BuildTasks\src\Teronis.MSBuild.BuildTasks.csproj", "{11505814-F44F-4F90-BAB3-7144B3087AF7}"
EndProject
Project("{9A19103F-16F7-4668-BE54-9A1E7A4F7556}") = "Teronis.MSBuild.Packaging.ProjectBuildInPackage", "..\ProjectBuildInPackage\src\Teronis.MSBuild.Packaging.ProjectBuildInPackage.csproj", "{92CF9E3B-E651-44C4-864B-2E0EF376075D}"
EndProject
Project("{9A19103F-16F7-4668-BE54-9A1E7A4F7556}") = "PackagePublish.MSBuild.Core", "..\..\Core\Core\ref\PackagePublish\PackagePublish.MSBuild.Core.csproj", "{45B171A9-EA3E-4E9E-927B-DDC88DBE7230}"
EndProject
Project("{9A19103F-16F7-4668-BE54-9A1E7A4F7556}") = "PackagePublish.MSBuild.Packaging.GitVersionCache", "GitVersionCache\ref\PackagePublish\PackagePublish.MSBuild.Packaging.GitVersionCache.csproj", "{5BF4F544-2DF3-47AD-AA6C-7A0609FABBD3}"
EndProject
Project("{9A19103F-16F7-4668-BE54-9A1E7A4F7556}") = "Teronis.Build", "..\..\..\Build\src\Teronis.Build.csproj", "{375EC8F8-9827-48CA-AE16-DBB308D0457F}"
EndProject
Project("{9A19103F-16F7-4668-BE54-9A1E7A4F7556}") = "GitVersionCache.NetStandard.Core", "..\..\..\NetStandard\Core\Core\ref\GitVersionCache\GitVersionCache.NetStandard.Core.csproj", "{CCA45765-5A3E-4C1F-BD23-B39157469F07}"
EndProject
Project("{9A19103F-16F7-4668-BE54-9A1E7A4F7556}") = "GitVersionCache.NetStandard.Core.Localization", "..\..\..\NetStandard\Core\Core.Localization\ref\GitVersionCache\GitVersionCache.NetStandard.Core.Localization.csproj", "{415986F5-5CE7-472C-A0FB-906BC6D64253}"
EndProject
Project("{9A19103F-16F7-4668-BE54-9A1E7A4F7556}") = "Teronis.NetStandard.Json", "..\..\..\NetStandard\Json\Json\src\Teronis.NetStandard.Json.csproj", "{8604300A-AFAC-4C36-906F-BD825454E535}"
EndProject
Project("{9A19103F-16F7-4668-BE54-9A1E7A4F7556}") = "GitVersionCache.NetStandard.Json", "..\..\..\NetStandard\Json\Json\ref\GitVersionCache\GitVersionCache.NetStandard.Json.csproj", "{5AD3B481-D88F-4F38-9396-6122BC78F8E1}"
EndProject
Project("{9A19103F-16F7-4668-BE54-9A1E7A4F7556}") = "GitVersionCache.GitVersion.CommandLine.Library", "..\..\..\GitVersion\CommandLine\Library\ref\GitVersionCache\GitVersionCache.GitVersion.CommandLine.Library.csproj", "{F7A73C60-0A4C-46EA-A25A-C8B0547D1A82}"
EndProject
Project("{9A19103F-16F7-4668-BE54-9A1E7A4F7556}") = "GitVersionCache.MSBuild.Core", "..\..\Core\Core\ref\GitVersionCache\GitVersionCache.MSBuild.Core.csproj", "{97839861-368F-4B52-B813-94E5F16F395B}"
EndProject
Project("{9A19103F-16F7-4668-BE54-9A1E7A4F7556}") = "GitVersionCache.MSBuild.Packaging.GitVersionCache", "GitVersionCache\ref\GitVersionCache\GitVersionCache.MSBuild.Packaging.GitVersionCache.csproj", "{2DF72953-7B2A-4020-B5A2-A63A4C00E81A}"
EndProject
Global
	GlobalSection(SolutionConfigurationPlatforms) = preSolution
		Debug|Any CPU = Debug|Any CPU
		Debug|x64 = Debug|x64
		Debug|x86 = Debug|x86
		Release|Any CPU = Release|Any CPU
		Release|x64 = Release|x64
		Release|x86 = Release|x86
	EndGlobalSection
	GlobalSection(ProjectConfigurationPlatforms) = postSolution
		{BD5DF800-6221-4E83-BC01-2CDF0EF787DC}.Debug|Any CPU.ActiveCfg = Debug|Any CPU
		{BD5DF800-6221-4E83-BC01-2CDF0EF787DC}.Debug|Any CPU.Build.0 = Debug|Any CPU
		{BD5DF800-6221-4E83-BC01-2CDF0EF787DC}.Debug|x64.ActiveCfg = Debug|x64
		{BD5DF800-6221-4E83-BC01-2CDF0EF787DC}.Debug|x64.Build.0 = Debug|x64
		{BD5DF800-6221-4E83-BC01-2CDF0EF787DC}.Debug|x86.ActiveCfg = Debug|x86
		{BD5DF800-6221-4E83-BC01-2CDF0EF787DC}.Debug|x86.Build.0 = Debug|x86
		{BD5DF800-6221-4E83-BC01-2CDF0EF787DC}.Release|Any CPU.ActiveCfg = Release|Any CPU
		{BD5DF800-6221-4E83-BC01-2CDF0EF787DC}.Release|Any CPU.Build.0 = Release|Any CPU
		{BD5DF800-6221-4E83-BC01-2CDF0EF787DC}.Release|x64.ActiveCfg = Release|x64
		{BD5DF800-6221-4E83-BC01-2CDF0EF787DC}.Release|x64.Build.0 = Release|x64
		{BD5DF800-6221-4E83-BC01-2CDF0EF787DC}.Release|x86.ActiveCfg = Release|x86
		{BD5DF800-6221-4E83-BC01-2CDF0EF787DC}.Release|x86.Build.0 = Release|x86
		{1EADD66E-A813-4F57-A382-9C7C92B4C22E}.Debug|Any CPU.ActiveCfg = Debug|Any CPU
		{1EADD66E-A813-4F57-A382-9C7C92B4C22E}.Debug|Any CPU.Build.0 = Debug|Any CPU
		{1EADD66E-A813-4F57-A382-9C7C92B4C22E}.Debug|x64.ActiveCfg = Debug|x64
		{1EADD66E-A813-4F57-A382-9C7C92B4C22E}.Debug|x64.Build.0 = Debug|x64
		{1EADD66E-A813-4F57-A382-9C7C92B4C22E}.Debug|x86.ActiveCfg = Debug|x86
		{1EADD66E-A813-4F57-A382-9C7C92B4C22E}.Debug|x86.Build.0 = Debug|x86
		{1EADD66E-A813-4F57-A382-9C7C92B4C22E}.Release|Any CPU.ActiveCfg = Release|Any CPU
		{1EADD66E-A813-4F57-A382-9C7C92B4C22E}.Release|Any CPU.Build.0 = Release|Any CPU
		{1EADD66E-A813-4F57-A382-9C7C92B4C22E}.Release|x64.ActiveCfg = Release|x64
		{1EADD66E-A813-4F57-A382-9C7C92B4C22E}.Release|x64.Build.0 = Release|x64
		{1EADD66E-A813-4F57-A382-9C7C92B4C22E}.Release|x86.ActiveCfg = Release|x86
		{1EADD66E-A813-4F57-A382-9C7C92B4C22E}.Release|x86.Build.0 = Release|x86
		{B4A21EE8-7AD9-4000-9764-4884CF68EE88}.Debug|Any CPU.ActiveCfg = Debug|Any CPU
		{B4A21EE8-7AD9-4000-9764-4884CF68EE88}.Debug|Any CPU.Build.0 = Debug|Any CPU
		{B4A21EE8-7AD9-4000-9764-4884CF68EE88}.Debug|x64.ActiveCfg = Debug|x64
		{B4A21EE8-7AD9-4000-9764-4884CF68EE88}.Debug|x64.Build.0 = Debug|x64
		{B4A21EE8-7AD9-4000-9764-4884CF68EE88}.Debug|x86.ActiveCfg = Debug|x86
		{B4A21EE8-7AD9-4000-9764-4884CF68EE88}.Debug|x86.Build.0 = Debug|x86
		{B4A21EE8-7AD9-4000-9764-4884CF68EE88}.Release|Any CPU.ActiveCfg = Release|Any CPU
		{B4A21EE8-7AD9-4000-9764-4884CF68EE88}.Release|Any CPU.Build.0 = Release|Any CPU
		{B4A21EE8-7AD9-4000-9764-4884CF68EE88}.Release|x64.ActiveCfg = Release|x64
		{B4A21EE8-7AD9-4000-9764-4884CF68EE88}.Release|x64.Build.0 = Release|x64
		{B4A21EE8-7AD9-4000-9764-4884CF68EE88}.Release|x86.ActiveCfg = Release|x86
		{B4A21EE8-7AD9-4000-9764-4884CF68EE88}.Release|x86.Build.0 = Release|x86
		{1D75AF0B-283C-468A-BFCE-81A9B77C118F}.Debug|Any CPU.ActiveCfg = Debug|Any CPU
		{1D75AF0B-283C-468A-BFCE-81A9B77C118F}.Debug|Any CPU.Build.0 = Debug|Any CPU
		{1D75AF0B-283C-468A-BFCE-81A9B77C118F}.Debug|x64.ActiveCfg = Debug|x64
		{1D75AF0B-283C-468A-BFCE-81A9B77C118F}.Debug|x64.Build.0 = Debug|x64
		{1D75AF0B-283C-468A-BFCE-81A9B77C118F}.Debug|x86.ActiveCfg = Debug|x86
		{1D75AF0B-283C-468A-BFCE-81A9B77C118F}.Debug|x86.Build.0 = Debug|x86
		{1D75AF0B-283C-468A-BFCE-81A9B77C118F}.Release|Any CPU.ActiveCfg = Release|Any CPU
		{1D75AF0B-283C-468A-BFCE-81A9B77C118F}.Release|Any CPU.Build.0 = Release|Any CPU
		{1D75AF0B-283C-468A-BFCE-81A9B77C118F}.Release|x64.ActiveCfg = Release|x64
		{1D75AF0B-283C-468A-BFCE-81A9B77C118F}.Release|x64.Build.0 = Release|x64
		{1D75AF0B-283C-468A-BFCE-81A9B77C118F}.Release|x86.ActiveCfg = Release|x86
		{1D75AF0B-283C-468A-BFCE-81A9B77C118F}.Release|x86.Build.0 = Release|x86
		{45EC8725-5EED-45ED-BF3A-440DCDCB989B}.Debug|Any CPU.ActiveCfg = Debug|Any CPU
		{45EC8725-5EED-45ED-BF3A-440DCDCB989B}.Debug|Any CPU.Build.0 = Debug|Any CPU
		{45EC8725-5EED-45ED-BF3A-440DCDCB989B}.Debug|x64.ActiveCfg = Debug|Any CPU
		{45EC8725-5EED-45ED-BF3A-440DCDCB989B}.Debug|x64.Build.0 = Debug|Any CPU
		{45EC8725-5EED-45ED-BF3A-440DCDCB989B}.Debug|x86.ActiveCfg = Debug|Any CPU
		{45EC8725-5EED-45ED-BF3A-440DCDCB989B}.Debug|x86.Build.0 = Debug|Any CPU
		{45EC8725-5EED-45ED-BF3A-440DCDCB989B}.Release|Any CPU.ActiveCfg = Release|Any CPU
		{45EC8725-5EED-45ED-BF3A-440DCDCB989B}.Release|Any CPU.Build.0 = Release|Any CPU
		{45EC8725-5EED-45ED-BF3A-440DCDCB989B}.Release|x64.ActiveCfg = Release|Any CPU
		{45EC8725-5EED-45ED-BF3A-440DCDCB989B}.Release|x64.Build.0 = Release|Any CPU
		{45EC8725-5EED-45ED-BF3A-440DCDCB989B}.Release|x86.ActiveCfg = Release|Any CPU
		{45EC8725-5EED-45ED-BF3A-440DCDCB989B}.Release|x86.Build.0 = Release|Any CPU
		{B9B2F59D-1EE1-437D-87E6-8961ABEF838C}.Debug|Any CPU.ActiveCfg = Debug|Any CPU
		{B9B2F59D-1EE1-437D-87E6-8961ABEF838C}.Debug|Any CPU.Build.0 = Debug|Any CPU
		{B9B2F59D-1EE1-437D-87E6-8961ABEF838C}.Debug|x64.ActiveCfg = Debug|Any CPU
		{B9B2F59D-1EE1-437D-87E6-8961ABEF838C}.Debug|x64.Build.0 = Debug|Any CPU
		{B9B2F59D-1EE1-437D-87E6-8961ABEF838C}.Debug|x86.ActiveCfg = Debug|Any CPU
		{B9B2F59D-1EE1-437D-87E6-8961ABEF838C}.Debug|x86.Build.0 = Debug|Any CPU
		{B9B2F59D-1EE1-437D-87E6-8961ABEF838C}.Release|Any CPU.ActiveCfg = Release|Any CPU
		{B9B2F59D-1EE1-437D-87E6-8961ABEF838C}.Release|Any CPU.Build.0 = Release|Any CPU
		{B9B2F59D-1EE1-437D-87E6-8961ABEF838C}.Release|x64.ActiveCfg = Release|Any CPU
		{B9B2F59D-1EE1-437D-87E6-8961ABEF838C}.Release|x64.Build.0 = Release|Any CPU
		{B9B2F59D-1EE1-437D-87E6-8961ABEF838C}.Release|x86.ActiveCfg = Release|Any CPU
		{B9B2F59D-1EE1-437D-87E6-8961ABEF838C}.Release|x86.Build.0 = Release|Any CPU
		{11505814-F44F-4F90-BAB3-7144B3087AF7}.Debug|Any CPU.ActiveCfg = Debug|Any CPU
		{11505814-F44F-4F90-BAB3-7144B3087AF7}.Debug|Any CPU.Build.0 = Debug|Any CPU
		{11505814-F44F-4F90-BAB3-7144B3087AF7}.Debug|x64.ActiveCfg = Debug|x64
		{11505814-F44F-4F90-BAB3-7144B3087AF7}.Debug|x64.Build.0 = Debug|x64
		{11505814-F44F-4F90-BAB3-7144B3087AF7}.Debug|x86.ActiveCfg = Debug|x86
		{11505814-F44F-4F90-BAB3-7144B3087AF7}.Debug|x86.Build.0 = Debug|x86
		{11505814-F44F-4F90-BAB3-7144B3087AF7}.Release|Any CPU.ActiveCfg = Release|Any CPU
		{11505814-F44F-4F90-BAB3-7144B3087AF7}.Release|Any CPU.Build.0 = Release|Any CPU
		{11505814-F44F-4F90-BAB3-7144B3087AF7}.Release|x64.ActiveCfg = Release|x64
		{11505814-F44F-4F90-BAB3-7144B3087AF7}.Release|x64.Build.0 = Release|x64
		{11505814-F44F-4F90-BAB3-7144B3087AF7}.Release|x86.ActiveCfg = Release|x86
		{11505814-F44F-4F90-BAB3-7144B3087AF7}.Release|x86.Build.0 = Release|x86
		{92CF9E3B-E651-44C4-864B-2E0EF376075D}.Debug|Any CPU.ActiveCfg = Debug|Any CPU
		{92CF9E3B-E651-44C4-864B-2E0EF376075D}.Debug|Any CPU.Build.0 = Debug|Any CPU
		{92CF9E3B-E651-44C4-864B-2E0EF376075D}.Debug|x64.ActiveCfg = Debug|x64
		{92CF9E3B-E651-44C4-864B-2E0EF376075D}.Debug|x64.Build.0 = Debug|x64
		{92CF9E3B-E651-44C4-864B-2E0EF376075D}.Debug|x86.ActiveCfg = Debug|x86
		{92CF9E3B-E651-44C4-864B-2E0EF376075D}.Debug|x86.Build.0 = Debug|x86
		{92CF9E3B-E651-44C4-864B-2E0EF376075D}.Release|Any CPU.ActiveCfg = Release|Any CPU
		{92CF9E3B-E651-44C4-864B-2E0EF376075D}.Release|Any CPU.Build.0 = Release|Any CPU
		{92CF9E3B-E651-44C4-864B-2E0EF376075D}.Release|x64.ActiveCfg = Release|x64
		{92CF9E3B-E651-44C4-864B-2E0EF376075D}.Release|x64.Build.0 = Release|x64
		{92CF9E3B-E651-44C4-864B-2E0EF376075D}.Release|x86.ActiveCfg = Release|x86
		{92CF9E3B-E651-44C4-864B-2E0EF376075D}.Release|x86.Build.0 = Release|x86
		{45B171A9-EA3E-4E9E-927B-DDC88DBE7230}.Debug|Any CPU.ActiveCfg = Debug|Any CPU
		{45B171A9-EA3E-4E9E-927B-DDC88DBE7230}.Debug|Any CPU.Build.0 = Debug|Any CPU
		{45B171A9-EA3E-4E9E-927B-DDC88DBE7230}.Debug|x64.ActiveCfg = Debug|x64
		{45B171A9-EA3E-4E9E-927B-DDC88DBE7230}.Debug|x64.Build.0 = Debug|x64
		{45B171A9-EA3E-4E9E-927B-DDC88DBE7230}.Debug|x86.ActiveCfg = Debug|x86
		{45B171A9-EA3E-4E9E-927B-DDC88DBE7230}.Debug|x86.Build.0 = Debug|x86
		{45B171A9-EA3E-4E9E-927B-DDC88DBE7230}.Release|Any CPU.ActiveCfg = Release|Any CPU
		{45B171A9-EA3E-4E9E-927B-DDC88DBE7230}.Release|Any CPU.Build.0 = Release|Any CPU
		{45B171A9-EA3E-4E9E-927B-DDC88DBE7230}.Release|x64.ActiveCfg = Release|x64
		{45B171A9-EA3E-4E9E-927B-DDC88DBE7230}.Release|x64.Build.0 = Release|x64
		{45B171A9-EA3E-4E9E-927B-DDC88DBE7230}.Release|x86.ActiveCfg = Release|x86
		{45B171A9-EA3E-4E9E-927B-DDC88DBE7230}.Release|x86.Build.0 = Release|x86
		{5BF4F544-2DF3-47AD-AA6C-7A0609FABBD3}.Debug|Any CPU.ActiveCfg = Debug|Any CPU
		{5BF4F544-2DF3-47AD-AA6C-7A0609FABBD3}.Debug|Any CPU.Build.0 = Debug|Any CPU
		{5BF4F544-2DF3-47AD-AA6C-7A0609FABBD3}.Debug|x64.ActiveCfg = Debug|x64
		{5BF4F544-2DF3-47AD-AA6C-7A0609FABBD3}.Debug|x64.Build.0 = Debug|x64
		{5BF4F544-2DF3-47AD-AA6C-7A0609FABBD3}.Debug|x86.ActiveCfg = Debug|x86
		{5BF4F544-2DF3-47AD-AA6C-7A0609FABBD3}.Debug|x86.Build.0 = Debug|x86
		{5BF4F544-2DF3-47AD-AA6C-7A0609FABBD3}.Release|Any CPU.ActiveCfg = Release|Any CPU
		{5BF4F544-2DF3-47AD-AA6C-7A0609FABBD3}.Release|Any CPU.Build.0 = Release|Any CPU
		{5BF4F544-2DF3-47AD-AA6C-7A0609FABBD3}.Release|x64.ActiveCfg = Release|x64
		{5BF4F544-2DF3-47AD-AA6C-7A0609FABBD3}.Release|x64.Build.0 = Release|x64
		{5BF4F544-2DF3-47AD-AA6C-7A0609FABBD3}.Release|x86.ActiveCfg = Release|x86
		{5BF4F544-2DF3-47AD-AA6C-7A0609FABBD3}.Release|x86.Build.0 = Release|x86
		{375EC8F8-9827-48CA-AE16-DBB308D0457F}.Debug|Any CPU.ActiveCfg = Debug|Any CPU
		{375EC8F8-9827-48CA-AE16-DBB308D0457F}.Debug|Any CPU.Build.0 = Debug|Any CPU
		{375EC8F8-9827-48CA-AE16-DBB308D0457F}.Debug|x64.ActiveCfg = Debug|x64
		{375EC8F8-9827-48CA-AE16-DBB308D0457F}.Debug|x64.Build.0 = Debug|x64
		{375EC8F8-9827-48CA-AE16-DBB308D0457F}.Debug|x86.ActiveCfg = Debug|x86
		{375EC8F8-9827-48CA-AE16-DBB308D0457F}.Debug|x86.Build.0 = Debug|x86
		{375EC8F8-9827-48CA-AE16-DBB308D0457F}.Release|Any CPU.ActiveCfg = Release|Any CPU
		{375EC8F8-9827-48CA-AE16-DBB308D0457F}.Release|Any CPU.Build.0 = Release|Any CPU
		{375EC8F8-9827-48CA-AE16-DBB308D0457F}.Release|x64.ActiveCfg = Release|x64
		{375EC8F8-9827-48CA-AE16-DBB308D0457F}.Release|x64.Build.0 = Release|x64
		{375EC8F8-9827-48CA-AE16-DBB308D0457F}.Release|x86.ActiveCfg = Release|x86
		{375EC8F8-9827-48CA-AE16-DBB308D0457F}.Release|x86.Build.0 = Release|x86
		{CCA45765-5A3E-4C1F-BD23-B39157469F07}.Debug|Any CPU.ActiveCfg = Debug|Any CPU
		{CCA45765-5A3E-4C1F-BD23-B39157469F07}.Debug|Any CPU.Build.0 = Debug|Any CPU
		{CCA45765-5A3E-4C1F-BD23-B39157469F07}.Debug|x64.ActiveCfg = Debug|x64
		{CCA45765-5A3E-4C1F-BD23-B39157469F07}.Debug|x64.Build.0 = Debug|x64
		{CCA45765-5A3E-4C1F-BD23-B39157469F07}.Debug|x86.ActiveCfg = Debug|x86
		{CCA45765-5A3E-4C1F-BD23-B39157469F07}.Debug|x86.Build.0 = Debug|x86
		{CCA45765-5A3E-4C1F-BD23-B39157469F07}.Release|Any CPU.ActiveCfg = Release|Any CPU
		{CCA45765-5A3E-4C1F-BD23-B39157469F07}.Release|Any CPU.Build.0 = Release|Any CPU
		{CCA45765-5A3E-4C1F-BD23-B39157469F07}.Release|x64.ActiveCfg = Release|x64
		{CCA45765-5A3E-4C1F-BD23-B39157469F07}.Release|x64.Build.0 = Release|x64
		{CCA45765-5A3E-4C1F-BD23-B39157469F07}.Release|x86.ActiveCfg = Release|x86
		{CCA45765-5A3E-4C1F-BD23-B39157469F07}.Release|x86.Build.0 = Release|x86
		{415986F5-5CE7-472C-A0FB-906BC6D64253}.Debug|Any CPU.ActiveCfg = Debug|Any CPU
		{415986F5-5CE7-472C-A0FB-906BC6D64253}.Debug|Any CPU.Build.0 = Debug|Any CPU
		{415986F5-5CE7-472C-A0FB-906BC6D64253}.Debug|x64.ActiveCfg = Debug|x64
		{415986F5-5CE7-472C-A0FB-906BC6D64253}.Debug|x64.Build.0 = Debug|x64
		{415986F5-5CE7-472C-A0FB-906BC6D64253}.Debug|x86.ActiveCfg = Debug|x86
		{415986F5-5CE7-472C-A0FB-906BC6D64253}.Debug|x86.Build.0 = Debug|x86
		{415986F5-5CE7-472C-A0FB-906BC6D64253}.Release|Any CPU.ActiveCfg = Release|Any CPU
		{415986F5-5CE7-472C-A0FB-906BC6D64253}.Release|Any CPU.Build.0 = Release|Any CPU
		{415986F5-5CE7-472C-A0FB-906BC6D64253}.Release|x64.ActiveCfg = Release|x64
		{415986F5-5CE7-472C-A0FB-906BC6D64253}.Release|x64.Build.0 = Release|x64
		{415986F5-5CE7-472C-A0FB-906BC6D64253}.Release|x86.ActiveCfg = Release|x86
		{415986F5-5CE7-472C-A0FB-906BC6D64253}.Release|x86.Build.0 = Release|x86
		{8604300A-AFAC-4C36-906F-BD825454E535}.Debug|Any CPU.ActiveCfg = Debug|Any CPU
		{8604300A-AFAC-4C36-906F-BD825454E535}.Debug|Any CPU.Build.0 = Debug|Any CPU
		{8604300A-AFAC-4C36-906F-BD825454E535}.Debug|x64.ActiveCfg = Debug|x64
		{8604300A-AFAC-4C36-906F-BD825454E535}.Debug|x64.Build.0 = Debug|x64
		{8604300A-AFAC-4C36-906F-BD825454E535}.Debug|x86.ActiveCfg = Debug|x86
		{8604300A-AFAC-4C36-906F-BD825454E535}.Debug|x86.Build.0 = Debug|x86
		{8604300A-AFAC-4C36-906F-BD825454E535}.Release|Any CPU.ActiveCfg = Release|Any CPU
		{8604300A-AFAC-4C36-906F-BD825454E535}.Release|Any CPU.Build.0 = Release|Any CPU
		{8604300A-AFAC-4C36-906F-BD825454E535}.Release|x64.ActiveCfg = Release|x64
		{8604300A-AFAC-4C36-906F-BD825454E535}.Release|x64.Build.0 = Release|x64
		{8604300A-AFAC-4C36-906F-BD825454E535}.Release|x86.ActiveCfg = Release|x86
		{8604300A-AFAC-4C36-906F-BD825454E535}.Release|x86.Build.0 = Release|x86
		{5AD3B481-D88F-4F38-9396-6122BC78F8E1}.Debug|Any CPU.ActiveCfg = Debug|Any CPU
		{5AD3B481-D88F-4F38-9396-6122BC78F8E1}.Debug|Any CPU.Build.0 = Debug|Any CPU
		{5AD3B481-D88F-4F38-9396-6122BC78F8E1}.Debug|x64.ActiveCfg = Debug|x64
		{5AD3B481-D88F-4F38-9396-6122BC78F8E1}.Debug|x64.Build.0 = Debug|x64
		{5AD3B481-D88F-4F38-9396-6122BC78F8E1}.Debug|x86.ActiveCfg = Debug|x86
		{5AD3B481-D88F-4F38-9396-6122BC78F8E1}.Debug|x86.Build.0 = Debug|x86
		{5AD3B481-D88F-4F38-9396-6122BC78F8E1}.Release|Any CPU.ActiveCfg = Release|Any CPU
		{5AD3B481-D88F-4F38-9396-6122BC78F8E1}.Release|Any CPU.Build.0 = Release|Any CPU
		{5AD3B481-D88F-4F38-9396-6122BC78F8E1}.Release|x64.ActiveCfg = Release|x64
		{5AD3B481-D88F-4F38-9396-6122BC78F8E1}.Release|x64.Build.0 = Release|x64
		{5AD3B481-D88F-4F38-9396-6122BC78F8E1}.Release|x86.ActiveCfg = Release|x86
		{5AD3B481-D88F-4F38-9396-6122BC78F8E1}.Release|x86.Build.0 = Release|x86
		{F7A73C60-0A4C-46EA-A25A-C8B0547D1A82}.Debug|Any CPU.ActiveCfg = Debug|Any CPU
		{F7A73C60-0A4C-46EA-A25A-C8B0547D1A82}.Debug|Any CPU.Build.0 = Debug|Any CPU
		{F7A73C60-0A4C-46EA-A25A-C8B0547D1A82}.Debug|x64.ActiveCfg = Debug|x64
		{F7A73C60-0A4C-46EA-A25A-C8B0547D1A82}.Debug|x64.Build.0 = Debug|x64
		{F7A73C60-0A4C-46EA-A25A-C8B0547D1A82}.Debug|x86.ActiveCfg = Debug|x86
		{F7A73C60-0A4C-46EA-A25A-C8B0547D1A82}.Debug|x86.Build.0 = Debug|x86
		{F7A73C60-0A4C-46EA-A25A-C8B0547D1A82}.Release|Any CPU.ActiveCfg = Release|Any CPU
		{F7A73C60-0A4C-46EA-A25A-C8B0547D1A82}.Release|Any CPU.Build.0 = Release|Any CPU
		{F7A73C60-0A4C-46EA-A25A-C8B0547D1A82}.Release|x64.ActiveCfg = Release|x64
		{F7A73C60-0A4C-46EA-A25A-C8B0547D1A82}.Release|x64.Build.0 = Release|x64
		{F7A73C60-0A4C-46EA-A25A-C8B0547D1A82}.Release|x86.ActiveCfg = Release|x86
		{F7A73C60-0A4C-46EA-A25A-C8B0547D1A82}.Release|x86.Build.0 = Release|x86
		{97839861-368F-4B52-B813-94E5F16F395B}.Debug|Any CPU.ActiveCfg = Debug|Any CPU
		{97839861-368F-4B52-B813-94E5F16F395B}.Debug|Any CPU.Build.0 = Debug|Any CPU
		{97839861-368F-4B52-B813-94E5F16F395B}.Debug|x64.ActiveCfg = Debug|x64
		{97839861-368F-4B52-B813-94E5F16F395B}.Debug|x64.Build.0 = Debug|x64
		{97839861-368F-4B52-B813-94E5F16F395B}.Debug|x86.ActiveCfg = Debug|x86
		{97839861-368F-4B52-B813-94E5F16F395B}.Debug|x86.Build.0 = Debug|x86
		{97839861-368F-4B52-B813-94E5F16F395B}.Release|Any CPU.ActiveCfg = Release|Any CPU
		{97839861-368F-4B52-B813-94E5F16F395B}.Release|Any CPU.Build.0 = Release|Any CPU
		{97839861-368F-4B52-B813-94E5F16F395B}.Release|x64.ActiveCfg = Release|x64
		{97839861-368F-4B52-B813-94E5F16F395B}.Release|x64.Build.0 = Release|x64
		{97839861-368F-4B52-B813-94E5F16F395B}.Release|x86.ActiveCfg = Release|x86
		{97839861-368F-4B52-B813-94E5F16F395B}.Release|x86.Build.0 = Release|x86
		{2DF72953-7B2A-4020-B5A2-A63A4C00E81A}.Debug|Any CPU.ActiveCfg = Debug|Any CPU
		{2DF72953-7B2A-4020-B5A2-A63A4C00E81A}.Debug|Any CPU.Build.0 = Debug|Any CPU
		{2DF72953-7B2A-4020-B5A2-A63A4C00E81A}.Debug|x64.ActiveCfg = Debug|x64
		{2DF72953-7B2A-4020-B5A2-A63A4C00E81A}.Debug|x64.Build.0 = Debug|x64
		{2DF72953-7B2A-4020-B5A2-A63A4C00E81A}.Debug|x86.ActiveCfg = Debug|x86
		{2DF72953-7B2A-4020-B5A2-A63A4C00E81A}.Debug|x86.Build.0 = Debug|x86
		{2DF72953-7B2A-4020-B5A2-A63A4C00E81A}.Release|Any CPU.ActiveCfg = Release|Any CPU
		{2DF72953-7B2A-4020-B5A2-A63A4C00E81A}.Release|Any CPU.Build.0 = Release|Any CPU
		{2DF72953-7B2A-4020-B5A2-A63A4C00E81A}.Release|x64.ActiveCfg = Release|x64
		{2DF72953-7B2A-4020-B5A2-A63A4C00E81A}.Release|x64.Build.0 = Release|x64
		{2DF72953-7B2A-4020-B5A2-A63A4C00E81A}.Release|x86.ActiveCfg = Release|x86
		{2DF72953-7B2A-4020-B5A2-A63A4C00E81A}.Release|x86.Build.0 = Release|x86
	EndGlobalSection
	GlobalSection(SolutionProperties) = preSolution
		HideSolutionNode = FALSE
	EndGlobalSection
	GlobalSection(ExtensibilityGlobals) = postSolution
		SolutionGuid = {D89D8305-D14E-41E0-A517-D8BA08FB85CF}
	EndGlobalSection
EndGlobal
