
Microsoft Visual Studio Solution File, Format Version 12.00
# Visual Studio 15
VisualStudioVersion = 15.0.28307.168
MinimumVisualStudioVersion = 10.0.40219.1
Project("{9A19103F-16F7-4668-BE54-9A1E7A4F7556}") = "UriBuilder", "UriBuilder\src\Teronis.NetStandard.Text.UriBuilder.csproj", "{562B15E7-FD80-428D-923D-2F9AB029483C}"
EndProject
Project("{9A19103F-16F7-4668-BE54-9A1E7A4F7556}") = "Teronis.NetStandard", "..\Teronis.NetStandard\Teronis.NetStandard\src\Teronis.NetStandard.csproj", "{0948B529-15EF-4215-93A1-7D4C6984A0DA}"
EndProject
Global
	GlobalSection(SolutionConfigurationPlatforms) = preSolution
		Debug|Any CPU = Debug|Any CPU
		Debug|x64 = Debug|x64
		Debug|x86 = Debug|x86
		Release|Any CPU = Release|Any CPU
		Release|x64 = Release|x64
		Release|x86 = Release|x86
	EndGlobalSection
	GlobalSection(ProjectConfigurationPlatforms) = postSolution
		{562B15E7-FD80-428D-923D-2F9AB029483C}.Debug|Any CPU.ActiveCfg = Debug|Any CPU
		{562B15E7-FD80-428D-923D-2F9AB029483C}.Debug|Any CPU.Build.0 = Debug|Any CPU
		{562B15E7-FD80-428D-923D-2F9AB029483C}.Debug|x64.ActiveCfg = Debug|Any CPU
		{562B15E7-FD80-428D-923D-2F9AB029483C}.Debug|x64.Build.0 = Debug|Any CPU
		{562B15E7-FD80-428D-923D-2F9AB029483C}.Debug|x86.ActiveCfg = Debug|Any CPU
		{562B15E7-FD80-428D-923D-2F9AB029483C}.Debug|x86.Build.0 = Debug|Any CPU
		{562B15E7-FD80-428D-923D-2F9AB029483C}.Release|Any CPU.ActiveCfg = Release|Any CPU
		{562B15E7-FD80-428D-923D-2F9AB029483C}.Release|Any CPU.Build.0 = Release|Any CPU
		{562B15E7-FD80-428D-923D-2F9AB029483C}.Release|x64.ActiveCfg = Release|Any CPU
		{562B15E7-FD80-428D-923D-2F9AB029483C}.Release|x64.Build.0 = Release|Any CPU
		{562B15E7-FD80-428D-923D-2F9AB029483C}.Release|x86.ActiveCfg = Release|Any CPU
		{562B15E7-FD80-428D-923D-2F9AB029483C}.Release|x86.Build.0 = Release|Any CPU
		{0948B529-15EF-4215-93A1-7D4C6984A0DA}.Debug|Any CPU.ActiveCfg = Debug|Any CPU
		{0948B529-15EF-4215-93A1-7D4C6984A0DA}.Debug|Any CPU.Build.0 = Debug|Any CPU
		{0948B529-15EF-4215-93A1-7D4C6984A0DA}.Debug|x64.ActiveCfg = Debug|x64
		{0948B529-15EF-4215-93A1-7D4C6984A0DA}.Debug|x64.Build.0 = Debug|x64
		{0948B529-15EF-4215-93A1-7D4C6984A0DA}.Debug|x86.ActiveCfg = Debug|x86
		{0948B529-15EF-4215-93A1-7D4C6984A0DA}.Debug|x86.Build.0 = Debug|x86
		{0948B529-15EF-4215-93A1-7D4C6984A0DA}.Release|Any CPU.ActiveCfg = Release|Any CPU
		{0948B529-15EF-4215-93A1-7D4C6984A0DA}.Release|Any CPU.Build.0 = Release|Any CPU
		{0948B529-15EF-4215-93A1-7D4C6984A0DA}.Release|x64.ActiveCfg = Release|x64
		{0948B529-15EF-4215-93A1-7D4C6984A0DA}.Release|x64.Build.0 = Release|x64
		{0948B529-15EF-4215-93A1-7D4C6984A0DA}.Release|x86.ActiveCfg = Release|x86
		{0948B529-15EF-4215-93A1-7D4C6984A0DA}.Release|x86.Build.0 = Release|x86
	EndGlobalSection
	GlobalSection(SolutionProperties) = preSolution
		HideSolutionNode = FALSE
	EndGlobalSection
	GlobalSection(ExtensibilityGlobals) = postSolution
		SolutionGuid = {00E9440E-2802-416D-9F01-20CEAEF8820E}
	EndGlobalSection
EndGlobal
