
Microsoft Visual Studio Solution File, Format Version 12.00
# Visual Studio Version 16
VisualStudioVersion = 16.0.29613.14
MinimumVisualStudioVersion = 10.0.40219.1
Project("{9A19103F-16F7-4668-BE54-9A1E7A4F7556}") = "Teronis.AspNetCore.Wpf", "Wpf\src\Teronis.AspNetCore.Wpf.csproj", "{39A765E2-8E67-4E4D-B776-CE86DA328222}"
EndProject
Project("{9A19103F-16F7-4668-BE54-9A1E7A4F7556}") = "Teronis.AspNetCore.Wpf.Localization", "Wpf.Localization\src\Teronis.AspNetCore.Wpf.Localization.csproj", "{4F1366FD-700D-4687-AE9D-ABB65697D03B}"
EndProject
Project("{9A19103F-16F7-4668-BE54-9A1E7A4F7556}") = "Teronis.NetStandard.Core", "..\..\NetStandard\src\Core\Core\src\Teronis.NetStandard.Core.csproj", "{E8A8B518-08FA-4CDF-8B69-77BB20895733}"
EndProject
Project("{9A19103F-16F7-4668-BE54-9A1E7A4F7556}") = "Teronis.NetStandard.Core.Localization", "..\..\NetStandard\src\Core\Core.Localization\src\Teronis.NetStandard.Core.Localization.csproj", "{9DEB41CF-D4CF-421E-AEB1-B75C410AB7C7}"
EndProject
Global
	GlobalSection(SolutionConfigurationPlatforms) = preSolution
		Debug|Any CPU = Debug|Any CPU
		Debug|x64 = Debug|x64
		Debug|x86 = Debug|x86
		Release|Any CPU = Release|Any CPU
		Release|x64 = Release|x64
		Release|x86 = Release|x86
	EndGlobalSection
	GlobalSection(ProjectConfigurationPlatforms) = postSolution
		{39A765E2-8E67-4E4D-B776-CE86DA328222}.Debug|Any CPU.ActiveCfg = Debug|Any CPU
		{39A765E2-8E67-4E4D-B776-CE86DA328222}.Debug|Any CPU.Build.0 = Debug|Any CPU
		{39A765E2-8E67-4E4D-B776-CE86DA328222}.Debug|x64.ActiveCfg = Debug|x64
		{39A765E2-8E67-4E4D-B776-CE86DA328222}.Debug|x64.Build.0 = Debug|x64
		{39A765E2-8E67-4E4D-B776-CE86DA328222}.Debug|x86.ActiveCfg = Debug|x86
		{39A765E2-8E67-4E4D-B776-CE86DA328222}.Debug|x86.Build.0 = Debug|x86
		{39A765E2-8E67-4E4D-B776-CE86DA328222}.Release|Any CPU.ActiveCfg = Release|Any CPU
		{39A765E2-8E67-4E4D-B776-CE86DA328222}.Release|Any CPU.Build.0 = Release|Any CPU
		{39A765E2-8E67-4E4D-B776-CE86DA328222}.Release|x64.ActiveCfg = Release|x64
		{39A765E2-8E67-4E4D-B776-CE86DA328222}.Release|x64.Build.0 = Release|x64
		{39A765E2-8E67-4E4D-B776-CE86DA328222}.Release|x86.ActiveCfg = Release|x86
		{39A765E2-8E67-4E4D-B776-CE86DA328222}.Release|x86.Build.0 = Release|x86
		{4F1366FD-700D-4687-AE9D-ABB65697D03B}.Debug|Any CPU.ActiveCfg = Debug|Any CPU
		{4F1366FD-700D-4687-AE9D-ABB65697D03B}.Debug|Any CPU.Build.0 = Debug|Any CPU
		{4F1366FD-700D-4687-AE9D-ABB65697D03B}.Debug|x64.ActiveCfg = Debug|x64
		{4F1366FD-700D-4687-AE9D-ABB65697D03B}.Debug|x64.Build.0 = Debug|x64
		{4F1366FD-700D-4687-AE9D-ABB65697D03B}.Debug|x86.ActiveCfg = Debug|x86
		{4F1366FD-700D-4687-AE9D-ABB65697D03B}.Debug|x86.Build.0 = Debug|x86
		{4F1366FD-700D-4687-AE9D-ABB65697D03B}.Release|Any CPU.ActiveCfg = Release|Any CPU
		{4F1366FD-700D-4687-AE9D-ABB65697D03B}.Release|Any CPU.Build.0 = Release|Any CPU
		{4F1366FD-700D-4687-AE9D-ABB65697D03B}.Release|x64.ActiveCfg = Release|x64
		{4F1366FD-700D-4687-AE9D-ABB65697D03B}.Release|x64.Build.0 = Release|x64
		{4F1366FD-700D-4687-AE9D-ABB65697D03B}.Release|x86.ActiveCfg = Release|x86
		{4F1366FD-700D-4687-AE9D-ABB65697D03B}.Release|x86.Build.0 = Release|x86
		{E8A8B518-08FA-4CDF-8B69-77BB20895733}.Debug|Any CPU.ActiveCfg = Debug|Any CPU
		{E8A8B518-08FA-4CDF-8B69-77BB20895733}.Debug|Any CPU.Build.0 = Debug|Any CPU
		{E8A8B518-08FA-4CDF-8B69-77BB20895733}.Debug|x64.ActiveCfg = Debug|x64
		{E8A8B518-08FA-4CDF-8B69-77BB20895733}.Debug|x64.Build.0 = Debug|x64
		{E8A8B518-08FA-4CDF-8B69-77BB20895733}.Debug|x86.ActiveCfg = Debug|x86
		{E8A8B518-08FA-4CDF-8B69-77BB20895733}.Debug|x86.Build.0 = Debug|x86
		{E8A8B518-08FA-4CDF-8B69-77BB20895733}.Release|Any CPU.ActiveCfg = Release|Any CPU
		{E8A8B518-08FA-4CDF-8B69-77BB20895733}.Release|Any CPU.Build.0 = Release|Any CPU
		{E8A8B518-08FA-4CDF-8B69-77BB20895733}.Release|x64.ActiveCfg = Release|x64
		{E8A8B518-08FA-4CDF-8B69-77BB20895733}.Release|x64.Build.0 = Release|x64
		{E8A8B518-08FA-4CDF-8B69-77BB20895733}.Release|x86.ActiveCfg = Release|x86
		{E8A8B518-08FA-4CDF-8B69-77BB20895733}.Release|x86.Build.0 = Release|x86
		{9DEB41CF-D4CF-421E-AEB1-B75C410AB7C7}.Debug|Any CPU.ActiveCfg = Debug|Any CPU
		{9DEB41CF-D4CF-421E-AEB1-B75C410AB7C7}.Debug|Any CPU.Build.0 = Debug|Any CPU
		{9DEB41CF-D4CF-421E-AEB1-B75C410AB7C7}.Debug|x64.ActiveCfg = Debug|x64
		{9DEB41CF-D4CF-421E-AEB1-B75C410AB7C7}.Debug|x64.Build.0 = Debug|x64
		{9DEB41CF-D4CF-421E-AEB1-B75C410AB7C7}.Debug|x86.ActiveCfg = Debug|x86
		{9DEB41CF-D4CF-421E-AEB1-B75C410AB7C7}.Debug|x86.Build.0 = Debug|x86
		{9DEB41CF-D4CF-421E-AEB1-B75C410AB7C7}.Release|Any CPU.ActiveCfg = Release|Any CPU
		{9DEB41CF-D4CF-421E-AEB1-B75C410AB7C7}.Release|Any CPU.Build.0 = Release|Any CPU
		{9DEB41CF-D4CF-421E-AEB1-B75C410AB7C7}.Release|x64.ActiveCfg = Release|x64
		{9DEB41CF-D4CF-421E-AEB1-B75C410AB7C7}.Release|x64.Build.0 = Release|x64
		{9DEB41CF-D4CF-421E-AEB1-B75C410AB7C7}.Release|x86.ActiveCfg = Release|x86
		{9DEB41CF-D4CF-421E-AEB1-B75C410AB7C7}.Release|x86.Build.0 = Release|x86
	EndGlobalSection
	GlobalSection(SolutionProperties) = preSolution
		HideSolutionNode = FALSE
	EndGlobalSection
	GlobalSection(ExtensibilityGlobals) = postSolution
		SolutionGuid = {277CE18F-BC85-45F8-B1A4-BA9AD2920744}
	EndGlobalSection
EndGlobal
