
Microsoft Visual Studio Solution File, Format Version 12.00
# Visual Studio Version 16
VisualStudioVersion = 16.0.30225.117
MinimumVisualStudioVersion = 15.0.26124.0
Project("{9A19103F-16F7-4668-BE54-9A1E7A4F7556}") = "Teronis.NetStandard.Data.TreeColumn", "TreeColumn\src\Teronis.NetStandard.DataModeling.TreeColumn.csproj", "{8A9A3AD4-EB53-460E-964B-A68B28456FCB}"
EndProject
Project("{9A19103F-16F7-4668-BE54-9A1E7A4F7556}") = "Teronis.NetStandard.Core", "..\Core\Core\src\Teronis.NetStandard.Core.csproj", "{91B724E8-B928-4297-A42A-2534FC4FBB33}"
EndProject
Project("{9A19103F-16F7-4668-BE54-9A1E7A4F7556}") = "Teronis.NetStandard.Core.Localization", "..\Core\Core.Localization\src\Teronis.NetStandard.Core.Localization.csproj", "{44089C32-5CF7-4350-A424-D82BE24E6C82}"
EndProject
Project("{9A19103F-16F7-4668-BE54-9A1E7A4F7556}") = "Teronis.NetStandard.Collections", "..\Collections\Collections\src\Teronis.NetStandard.Collections.csproj", "{9FFBDD2D-0A66-420E-99C4-049F96D4291D}"
EndProject
Global
	GlobalSection(SolutionConfigurationPlatforms) = preSolution
		Debug|Any CPU = Debug|Any CPU
		Debug|x64 = Debug|x64
		Debug|x86 = Debug|x86
		Release|Any CPU = Release|Any CPU
		Release|x64 = Release|x64
		Release|x86 = Release|x86
	EndGlobalSection
	GlobalSection(ProjectConfigurationPlatforms) = postSolution
		{8A9A3AD4-EB53-460E-964B-A68B28456FCB}.Debug|Any CPU.ActiveCfg = Debug|Any CPU
		{8A9A3AD4-EB53-460E-964B-A68B28456FCB}.Debug|Any CPU.Build.0 = Debug|Any CPU
		{8A9A3AD4-EB53-460E-964B-A68B28456FCB}.Debug|x64.ActiveCfg = Debug|x64
		{8A9A3AD4-EB53-460E-964B-A68B28456FCB}.Debug|x64.Build.0 = Debug|x64
		{8A9A3AD4-EB53-460E-964B-A68B28456FCB}.Debug|x86.ActiveCfg = Debug|x86
		{8A9A3AD4-EB53-460E-964B-A68B28456FCB}.Debug|x86.Build.0 = Debug|x86
		{8A9A3AD4-EB53-460E-964B-A68B28456FCB}.Release|Any CPU.ActiveCfg = Release|Any CPU
		{8A9A3AD4-EB53-460E-964B-A68B28456FCB}.Release|Any CPU.Build.0 = Release|Any CPU
		{8A9A3AD4-EB53-460E-964B-A68B28456FCB}.Release|x64.ActiveCfg = Release|x64
		{8A9A3AD4-EB53-460E-964B-A68B28456FCB}.Release|x64.Build.0 = Release|x64
		{8A9A3AD4-EB53-460E-964B-A68B28456FCB}.Release|x86.ActiveCfg = Release|x86
		{8A9A3AD4-EB53-460E-964B-A68B28456FCB}.Release|x86.Build.0 = Release|x86
		{91B724E8-B928-4297-A42A-2534FC4FBB33}.Debug|Any CPU.ActiveCfg = Debug|Any CPU
		{91B724E8-B928-4297-A42A-2534FC4FBB33}.Debug|Any CPU.Build.0 = Debug|Any CPU
		{91B724E8-B928-4297-A42A-2534FC4FBB33}.Debug|x64.ActiveCfg = Debug|x64
		{91B724E8-B928-4297-A42A-2534FC4FBB33}.Debug|x64.Build.0 = Debug|x64
		{91B724E8-B928-4297-A42A-2534FC4FBB33}.Debug|x86.ActiveCfg = Debug|x86
		{91B724E8-B928-4297-A42A-2534FC4FBB33}.Debug|x86.Build.0 = Debug|x86
		{91B724E8-B928-4297-A42A-2534FC4FBB33}.Release|Any CPU.ActiveCfg = Release|Any CPU
		{91B724E8-B928-4297-A42A-2534FC4FBB33}.Release|Any CPU.Build.0 = Release|Any CPU
		{91B724E8-B928-4297-A42A-2534FC4FBB33}.Release|x64.ActiveCfg = Release|x64
		{91B724E8-B928-4297-A42A-2534FC4FBB33}.Release|x64.Build.0 = Release|x64
		{91B724E8-B928-4297-A42A-2534FC4FBB33}.Release|x86.ActiveCfg = Release|x86
		{91B724E8-B928-4297-A42A-2534FC4FBB33}.Release|x86.Build.0 = Release|x86
		{44089C32-5CF7-4350-A424-D82BE24E6C82}.Debug|Any CPU.ActiveCfg = Debug|Any CPU
		{44089C32-5CF7-4350-A424-D82BE24E6C82}.Debug|Any CPU.Build.0 = Debug|Any CPU
		{44089C32-5CF7-4350-A424-D82BE24E6C82}.Debug|x64.ActiveCfg = Debug|x64
		{44089C32-5CF7-4350-A424-D82BE24E6C82}.Debug|x64.Build.0 = Debug|x64
		{44089C32-5CF7-4350-A424-D82BE24E6C82}.Debug|x86.ActiveCfg = Debug|x86
		{44089C32-5CF7-4350-A424-D82BE24E6C82}.Debug|x86.Build.0 = Debug|x86
		{44089C32-5CF7-4350-A424-D82BE24E6C82}.Release|Any CPU.ActiveCfg = Release|Any CPU
		{44089C32-5CF7-4350-A424-D82BE24E6C82}.Release|Any CPU.Build.0 = Release|Any CPU
		{44089C32-5CF7-4350-A424-D82BE24E6C82}.Release|x64.ActiveCfg = Release|x64
		{44089C32-5CF7-4350-A424-D82BE24E6C82}.Release|x64.Build.0 = Release|x64
		{44089C32-5CF7-4350-A424-D82BE24E6C82}.Release|x86.ActiveCfg = Release|x86
		{44089C32-5CF7-4350-A424-D82BE24E6C82}.Release|x86.Build.0 = Release|x86
		{9FFBDD2D-0A66-420E-99C4-049F96D4291D}.Debug|Any CPU.ActiveCfg = Debug|Any CPU
		{9FFBDD2D-0A66-420E-99C4-049F96D4291D}.Debug|Any CPU.Build.0 = Debug|Any CPU
		{9FFBDD2D-0A66-420E-99C4-049F96D4291D}.Debug|x64.ActiveCfg = Debug|x64
		{9FFBDD2D-0A66-420E-99C4-049F96D4291D}.Debug|x64.Build.0 = Debug|x64
		{9FFBDD2D-0A66-420E-99C4-049F96D4291D}.Debug|x86.ActiveCfg = Debug|x86
		{9FFBDD2D-0A66-420E-99C4-049F96D4291D}.Debug|x86.Build.0 = Debug|x86
		{9FFBDD2D-0A66-420E-99C4-049F96D4291D}.Release|Any CPU.ActiveCfg = Release|Any CPU
		{9FFBDD2D-0A66-420E-99C4-049F96D4291D}.Release|Any CPU.Build.0 = Release|Any CPU
		{9FFBDD2D-0A66-420E-99C4-049F96D4291D}.Release|x64.ActiveCfg = Release|x64
		{9FFBDD2D-0A66-420E-99C4-049F96D4291D}.Release|x64.Build.0 = Release|x64
		{9FFBDD2D-0A66-420E-99C4-049F96D4291D}.Release|x86.ActiveCfg = Release|x86
		{9FFBDD2D-0A66-420E-99C4-049F96D4291D}.Release|x86.Build.0 = Release|x86
	EndGlobalSection
	GlobalSection(SolutionProperties) = preSolution
		HideSolutionNode = FALSE
	EndGlobalSection
	GlobalSection(ExtensibilityGlobals) = postSolution
		SolutionGuid = {F1DE5903-8A32-479A-A4CF-5D4AC3C558B7}
	EndGlobalSection
EndGlobal
