
Microsoft Visual Studio Solution File, Format Version 12.00
# Visual Studio Version 16
VisualStudioVersion = 16.0.29613.14
MinimumVisualStudioVersion = 10.0.40219.1
Project("{FAE04EC0-301F-11D3-BF4B-00C04F79EFBC}") = "Wpf", "src\Wpf\Wpf\src\Teronis.AspNetCore.Wpf.csproj", "{39A765E2-8E67-4E4D-B776-CE86DA328222}"
EndProject
Global
	GlobalSection(SolutionConfigurationPlatforms) = preSolution
		Debug|Any CPU = Debug|Any CPU
		Debug|x64 = Debug|x64
		Debug|x86 = Debug|x86
		Release|Any CPU = Release|Any CPU
		Release|x64 = Release|x64
		Release|x86 = Release|x86
	EndGlobalSection
	GlobalSection(ProjectConfigurationPlatforms) = postSolution
		{39A765E2-8E67-4E4D-B776-CE86DA328222}.Debug|Any CPU.ActiveCfg = Debug|Any CPU
		{39A765E2-8E67-4E4D-B776-CE86DA328222}.Debug|Any CPU.Build.0 = Debug|Any CPU
		{39A765E2-8E67-4E4D-B776-CE86DA328222}.Debug|x64.ActiveCfg = Debug|x64
		{39A765E2-8E67-4E4D-B776-CE86DA328222}.Debug|x64.Build.0 = Debug|x64
		{39A765E2-8E67-4E4D-B776-CE86DA328222}.Debug|x86.ActiveCfg = Debug|x86
		{39A765E2-8E67-4E4D-B776-CE86DA328222}.Debug|x86.Build.0 = Debug|x86
		{39A765E2-8E67-4E4D-B776-CE86DA328222}.Release|Any CPU.ActiveCfg = Release|Any CPU
		{39A765E2-8E67-4E4D-B776-CE86DA328222}.Release|Any CPU.Build.0 = Release|Any CPU
		{39A765E2-8E67-4E4D-B776-CE86DA328222}.Release|x64.ActiveCfg = Release|x64
		{39A765E2-8E67-4E4D-B776-CE86DA328222}.Release|x64.Build.0 = Release|x64
		{39A765E2-8E67-4E4D-B776-CE86DA328222}.Release|x86.ActiveCfg = Release|x86
		{39A765E2-8E67-4E4D-B776-CE86DA328222}.Release|x86.Build.0 = Release|x86
	EndGlobalSection
	GlobalSection(SolutionProperties) = preSolution
		HideSolutionNode = FALSE
	EndGlobalSection
	GlobalSection(ExtensibilityGlobals) = postSolution
		SolutionGuid = {277CE18F-BC85-45F8-B1A4-BA9AD2920744}
	EndGlobalSection
EndGlobal
