
Microsoft Visual Studio Solution File, Format Version 12.00
# Visual Studio Version 16
VisualStudioVersion = 16.0.29411.108
MinimumVisualStudioVersion = 10.0.40219.1
Project("{9A19103F-16F7-4668-BE54-9A1E7A4F7556}") = "EntityFrameworkCore", "EntityFrameworkCore\src\Teronis.NetStandard.EntityFrameworkCore.csproj", "{B41FB2AE-CFC9-4DEB-97B7-B6844F7A7720}"
EndProject
Project("{9A19103F-16F7-4668-BE54-9A1E7A4F7556}") = "Abstractions", "..\Abstractions\Abstractions\src\Teronis.NetStandard.Abstractions.csproj", "{7DC1B5D8-8D92-4EDB-A153-3F1F4B66A03F}"
EndProject
Global
	GlobalSection(SolutionConfigurationPlatforms) = preSolution
		Debug|Any CPU = Debug|Any CPU
		Release|Any CPU = Release|Any CPU
	EndGlobalSection
	GlobalSection(ProjectConfigurationPlatforms) = postSolution
		{B41FB2AE-CFC9-4DEB-97B7-B6844F7A7720}.Debug|Any CPU.ActiveCfg = Debug|Any CPU
		{B41FB2AE-CFC9-4DEB-97B7-B6844F7A7720}.Debug|Any CPU.Build.0 = Debug|Any CPU
		{B41FB2AE-CFC9-4DEB-97B7-B6844F7A7720}.Release|Any CPU.ActiveCfg = Release|Any CPU
		{B41FB2AE-CFC9-4DEB-97B7-B6844F7A7720}.Release|Any CPU.Build.0 = Release|Any CPU
		{7DC1B5D8-8D92-4EDB-A153-3F1F4B66A03F}.Debug|Any CPU.ActiveCfg = Debug|Any CPU
		{7DC1B5D8-8D92-4EDB-A153-3F1F4B66A03F}.Debug|Any CPU.Build.0 = Debug|Any CPU
		{7DC1B5D8-8D92-4EDB-A153-3F1F4B66A03F}.Release|Any CPU.ActiveCfg = Release|Any CPU
		{7DC1B5D8-8D92-4EDB-A153-3F1F4B66A03F}.Release|Any CPU.Build.0 = Release|Any CPU
	EndGlobalSection
	GlobalSection(SolutionProperties) = preSolution
		HideSolutionNode = FALSE
	EndGlobalSection
	GlobalSection(ExtensibilityGlobals) = postSolution
		SolutionGuid = {F3212DBB-3FA9-4186-A499-CD361EC059A8}
	EndGlobalSection
EndGlobal
