
Microsoft Visual Studio Solution File, Format Version 12.00
# Visual Studio Version 16
VisualStudioVersion = 16.0.29411.108
MinimumVisualStudioVersion = 10.0.40219.1
Project("{FAE04EC0-301F-11D3-BF4B-00C04F79EFBC}") = "Abstractions", "Abstractions\src\Teronis.NetStandard.Abstractions.csproj", "{2FF48AE9-8F5F-4AB0-9CAC-283D8C9EAA30}"
EndProject
Global
	GlobalSection(SolutionConfigurationPlatforms) = preSolution
		Debug|Any CPU = Debug|Any CPU
		Release|Any CPU = Release|Any CPU
	EndGlobalSection
	GlobalSection(ProjectConfigurationPlatforms) = postSolution
		{2FF48AE9-8F5F-4AB0-9CAC-283D8C9EAA30}.Debug|Any CPU.ActiveCfg = Debug|Any CPU
		{2FF48AE9-8F5F-4AB0-9CAC-283D8C9EAA30}.Debug|Any CPU.Build.0 = Debug|Any CPU
		{2FF48AE9-8F5F-4AB0-9CAC-283D8C9EAA30}.Release|Any CPU.ActiveCfg = Release|Any CPU
		{2FF48AE9-8F5F-4AB0-9CAC-283D8C9EAA30}.Release|Any CPU.Build.0 = Release|Any CPU
	EndGlobalSection
	GlobalSection(SolutionProperties) = preSolution
		HideSolutionNode = FALSE
	EndGlobalSection
	GlobalSection(ExtensibilityGlobals) = postSolution
		SolutionGuid = {0EDD367A-1B70-4DF5-9127-DF2C381075EC}
	EndGlobalSection
EndGlobal
